# THIS IS AN AUTOGENERATED FILE. DO NOT EDIT THIS FILE DIRECTLY.
# yarn lockfile v1


"@aws-crypto/crc32@3.0.0":
  version "3.0.0"
  resolved "https://registry.yarnpkg.com/@aws-crypto/crc32/-/crc32-3.0.0.tgz#07300eca214409c33e3ff769cd5697b57fdd38fa"
  integrity sha512-IzSgsrxUcsrejQbPVilIKy16kAT52EwB6zSaI+M3xxIhKh5+aldEyvI+z6erM7TCLB2BJsFrtHjp6/4/sr+3dA==
  dependencies:
    "@aws-crypto/util" "^3.0.0"
    "@aws-sdk/types" "^3.222.0"
    tslib "^1.11.1"

"@aws-crypto/ie11-detection@^3.0.0":
  version "3.0.0"
  resolved "https://registry.yarnpkg.com/@aws-crypto/ie11-detection/-/ie11-detection-3.0.0.tgz#640ae66b4ec3395cee6a8e94ebcd9f80c24cd688"
  integrity sha512-341lBBkiY1DfDNKai/wXM3aujNBkXR7tq1URPQDL9wi3AUbI80NR74uF1TXHMm7po1AcnFk8iu2S2IeU/+/A+Q==
  dependencies:
    tslib "^1.11.1"

"@aws-crypto/sha256-browser@3.0.0":
  version "3.0.0"
  resolved "https://registry.yarnpkg.com/@aws-crypto/sha256-browser/-/sha256-browser-3.0.0.tgz#05f160138ab893f1c6ba5be57cfd108f05827766"
  integrity sha512-8VLmW2B+gjFbU5uMeqtQM6Nj0/F1bro80xQXCW6CQBWgosFWXTx77aeOF5CAIAmbOK64SdMBJdNr6J41yP5mvQ==
  dependencies:
    "@aws-crypto/ie11-detection" "^3.0.0"
    "@aws-crypto/sha256-js" "^3.0.0"
    "@aws-crypto/supports-web-crypto" "^3.0.0"
    "@aws-crypto/util" "^3.0.0"
    "@aws-sdk/types" "^3.222.0"
    "@aws-sdk/util-locate-window" "^3.0.0"
    "@aws-sdk/util-utf8-browser" "^3.0.0"
    tslib "^1.11.1"

"@aws-crypto/sha256-js@3.0.0", "@aws-crypto/sha256-js@^3.0.0":
  version "3.0.0"
  resolved "https://registry.yarnpkg.com/@aws-crypto/sha256-js/-/sha256-js-3.0.0.tgz#f06b84d550d25521e60d2a0e2a90139341e007c2"
  integrity sha512-PnNN7os0+yd1XvXAy23CFOmTbMaDxgxXtTKHybrJ39Y8kGzBATgBFibWJKH6BhytLI/Zyszs87xCOBNyBig6vQ==
  dependencies:
    "@aws-crypto/util" "^3.0.0"
    "@aws-sdk/types" "^3.222.0"
    tslib "^1.11.1"

"@aws-crypto/supports-web-crypto@^3.0.0":
  version "3.0.0"
  resolved "https://registry.yarnpkg.com/@aws-crypto/supports-web-crypto/-/supports-web-crypto-3.0.0.tgz#5d1bf825afa8072af2717c3e455f35cda0103ec2"
  integrity sha512-06hBdMwUAb2WFTuGG73LSC0wfPu93xWwo5vL2et9eymgmu3Id5vFAHBbajVWiGhPO37qcsdCap/FqXvJGJWPIg==
  dependencies:
    tslib "^1.11.1"

"@aws-crypto/util@^3.0.0":
  version "3.0.0"
  resolved "https://registry.yarnpkg.com/@aws-crypto/util/-/util-3.0.0.tgz#1c7ca90c29293f0883468ad48117937f0fe5bfb0"
  integrity sha512-2OJlpeJpCR48CC8r+uKVChzs9Iungj9wkZrl8Z041DWEWvyIHILYKCPNzJghKsivj+S3mLo6BVc7mBNzdxA46w==
  dependencies:
    "@aws-sdk/types" "^3.222.0"
    "@aws-sdk/util-utf8-browser" "^3.0.0"
    tslib "^1.11.1"

"@aws-sdk/client-lambda@^3.429.0":
  version "3.429.0"
  resolved "https://registry.yarnpkg.com/@aws-sdk/client-lambda/-/client-lambda-3.429.0.tgz#05ffd2321c0bb4d3d709d455ace9f5ed3eee3d28"
  integrity sha512-rnAwtmafoutNtuPvYzzWD69sYIgdELyYbh9fFzBV4WhmdXdicWXRdF8AXR70f4ZhGZ7S3S4XQy76ZL6+bgoKqw==
  dependencies:
    "@aws-crypto/sha256-browser" "3.0.0"
    "@aws-crypto/sha256-js" "3.0.0"
    "@aws-sdk/client-sts" "3.429.0"
    "@aws-sdk/credential-provider-node" "3.429.0"
    "@aws-sdk/middleware-host-header" "3.429.0"
    "@aws-sdk/middleware-logger" "3.428.0"
    "@aws-sdk/middleware-recursion-detection" "3.428.0"
    "@aws-sdk/middleware-signing" "3.428.0"
    "@aws-sdk/middleware-user-agent" "3.428.0"
    "@aws-sdk/region-config-resolver" "3.428.0"
    "@aws-sdk/types" "3.428.0"
    "@aws-sdk/util-endpoints" "3.428.0"
    "@aws-sdk/util-user-agent-browser" "3.428.0"
    "@aws-sdk/util-user-agent-node" "3.428.0"
    "@smithy/config-resolver" "^2.0.14"
    "@smithy/eventstream-serde-browser" "^2.0.11"
    "@smithy/eventstream-serde-config-resolver" "^2.0.11"
    "@smithy/eventstream-serde-node" "^2.0.11"
    "@smithy/fetch-http-handler" "^2.2.3"
    "@smithy/hash-node" "^2.0.11"
    "@smithy/invalid-dependency" "^2.0.11"
    "@smithy/middleware-content-length" "^2.0.13"
    "@smithy/middleware-endpoint" "^2.1.1"
    "@smithy/middleware-retry" "^2.0.16"
    "@smithy/middleware-serde" "^2.0.11"
    "@smithy/middleware-stack" "^2.0.5"
    "@smithy/node-config-provider" "^2.1.1"
    "@smithy/node-http-handler" "^2.1.7"
    "@smithy/protocol-http" "^3.0.7"
    "@smithy/smithy-client" "^2.1.11"
    "@smithy/types" "^2.3.5"
    "@smithy/url-parser" "^2.0.11"
    "@smithy/util-base64" "^2.0.0"
    "@smithy/util-body-length-browser" "^2.0.0"
    "@smithy/util-body-length-node" "^2.1.0"
    "@smithy/util-defaults-mode-browser" "^2.0.15"
    "@smithy/util-defaults-mode-node" "^2.0.19"
    "@smithy/util-retry" "^2.0.4"
    "@smithy/util-stream" "^2.0.16"
    "@smithy/util-utf8" "^2.0.0"
    "@smithy/util-waiter" "^2.0.11"
    tslib "^2.5.0"

"@aws-sdk/client-sqs@^3.429.0":
  version "3.429.0"
  resolved "https://registry.yarnpkg.com/@aws-sdk/client-sqs/-/client-sqs-3.429.0.tgz#8e091aec36f56e3f9e42c53210865e8a416241bb"
  integrity sha512-73VwXZRRAoVz2lGwF8VlKmYQLgS5V2+miqMsupjl8/kelVmTmesADluzaFiZ1ILVBN6evjAqwwiMFaeLdIIFuw==
  dependencies:
    "@aws-crypto/sha256-browser" "3.0.0"
    "@aws-crypto/sha256-js" "3.0.0"
    "@aws-sdk/client-sts" "3.429.0"
    "@aws-sdk/credential-provider-node" "3.429.0"
    "@aws-sdk/middleware-host-header" "3.429.0"
    "@aws-sdk/middleware-logger" "3.428.0"
    "@aws-sdk/middleware-recursion-detection" "3.428.0"
    "@aws-sdk/middleware-sdk-sqs" "3.428.0"
    "@aws-sdk/middleware-signing" "3.428.0"
    "@aws-sdk/middleware-user-agent" "3.428.0"
    "@aws-sdk/region-config-resolver" "3.428.0"
    "@aws-sdk/types" "3.428.0"
    "@aws-sdk/util-endpoints" "3.428.0"
    "@aws-sdk/util-user-agent-browser" "3.428.0"
    "@aws-sdk/util-user-agent-node" "3.428.0"
    "@smithy/config-resolver" "^2.0.14"
    "@smithy/fetch-http-handler" "^2.2.3"
    "@smithy/hash-node" "^2.0.11"
    "@smithy/invalid-dependency" "^2.0.11"
    "@smithy/md5-js" "^2.0.11"
    "@smithy/middleware-content-length" "^2.0.13"
    "@smithy/middleware-endpoint" "^2.1.1"
    "@smithy/middleware-retry" "^2.0.16"
    "@smithy/middleware-serde" "^2.0.11"
    "@smithy/middleware-stack" "^2.0.5"
    "@smithy/node-config-provider" "^2.1.1"
    "@smithy/node-http-handler" "^2.1.7"
    "@smithy/protocol-http" "^3.0.7"
    "@smithy/smithy-client" "^2.1.11"
    "@smithy/types" "^2.3.5"
    "@smithy/url-parser" "^2.0.11"
    "@smithy/util-base64" "^2.0.0"
    "@smithy/util-body-length-browser" "^2.0.0"
    "@smithy/util-body-length-node" "^2.1.0"
    "@smithy/util-defaults-mode-browser" "^2.0.15"
    "@smithy/util-defaults-mode-node" "^2.0.19"
    "@smithy/util-retry" "^2.0.4"
    "@smithy/util-utf8" "^2.0.0"
    fast-xml-parser "4.2.5"
    tslib "^2.5.0"

"@aws-sdk/client-sso@3.429.0":
  version "3.429.0"
  resolved "https://registry.yarnpkg.com/@aws-sdk/client-sso/-/client-sso-3.429.0.tgz#756e47451621476a01b7b0a860a0479fb242c2b8"
  integrity sha512-Bz802NpXUrFI1KB9uu1GwCbmi0xpw+GY6+TIyaGTXbGQjg4fYOJQLUtMxmb1c1/qUTZX/x5qetF3QBwgpBbLug==
  dependencies:
    "@aws-crypto/sha256-browser" "3.0.0"
    "@aws-crypto/sha256-js" "3.0.0"
    "@aws-sdk/middleware-host-header" "3.429.0"
    "@aws-sdk/middleware-logger" "3.428.0"
    "@aws-sdk/middleware-recursion-detection" "3.428.0"
    "@aws-sdk/middleware-user-agent" "3.428.0"
    "@aws-sdk/region-config-resolver" "3.428.0"
    "@aws-sdk/types" "3.428.0"
    "@aws-sdk/util-endpoints" "3.428.0"
    "@aws-sdk/util-user-agent-browser" "3.428.0"
    "@aws-sdk/util-user-agent-node" "3.428.0"
    "@smithy/config-resolver" "^2.0.14"
    "@smithy/fetch-http-handler" "^2.2.3"
    "@smithy/hash-node" "^2.0.11"
    "@smithy/invalid-dependency" "^2.0.11"
    "@smithy/middleware-content-length" "^2.0.13"
    "@smithy/middleware-endpoint" "^2.1.1"
    "@smithy/middleware-retry" "^2.0.16"
    "@smithy/middleware-serde" "^2.0.11"
    "@smithy/middleware-stack" "^2.0.5"
    "@smithy/node-config-provider" "^2.1.1"
    "@smithy/node-http-handler" "^2.1.7"
    "@smithy/protocol-http" "^3.0.7"
    "@smithy/smithy-client" "^2.1.11"
    "@smithy/types" "^2.3.5"
    "@smithy/url-parser" "^2.0.11"
    "@smithy/util-base64" "^2.0.0"
    "@smithy/util-body-length-browser" "^2.0.0"
    "@smithy/util-body-length-node" "^2.1.0"
    "@smithy/util-defaults-mode-browser" "^2.0.15"
    "@smithy/util-defaults-mode-node" "^2.0.19"
    "@smithy/util-retry" "^2.0.4"
    "@smithy/util-utf8" "^2.0.0"
    tslib "^2.5.0"

"@aws-sdk/client-sts@3.429.0":
  version "3.429.0"
  resolved "https://registry.yarnpkg.com/@aws-sdk/client-sts/-/client-sts-3.429.0.tgz#fa248b2ade0cd4354540b30a381643ca502318fc"
  integrity sha512-yNRYHXqGIYjEGlpaIll9zJDsVOQWjwbvR2zfTpUwEtN4I17k/psjLAsznfTbq/4tEftkpAJ2pNsVrkHUOmCewA==
  dependencies:
    "@aws-crypto/sha256-browser" "3.0.0"
    "@aws-crypto/sha256-js" "3.0.0"
    "@aws-sdk/credential-provider-node" "3.429.0"
    "@aws-sdk/middleware-host-header" "3.429.0"
    "@aws-sdk/middleware-logger" "3.428.0"
    "@aws-sdk/middleware-recursion-detection" "3.428.0"
    "@aws-sdk/middleware-sdk-sts" "3.428.0"
    "@aws-sdk/middleware-signing" "3.428.0"
    "@aws-sdk/middleware-user-agent" "3.428.0"
    "@aws-sdk/region-config-resolver" "3.428.0"
    "@aws-sdk/types" "3.428.0"
    "@aws-sdk/util-endpoints" "3.428.0"
    "@aws-sdk/util-user-agent-browser" "3.428.0"
    "@aws-sdk/util-user-agent-node" "3.428.0"
    "@smithy/config-resolver" "^2.0.14"
    "@smithy/fetch-http-handler" "^2.2.3"
    "@smithy/hash-node" "^2.0.11"
    "@smithy/invalid-dependency" "^2.0.11"
    "@smithy/middleware-content-length" "^2.0.13"
    "@smithy/middleware-endpoint" "^2.1.1"
    "@smithy/middleware-retry" "^2.0.16"
    "@smithy/middleware-serde" "^2.0.11"
    "@smithy/middleware-stack" "^2.0.5"
    "@smithy/node-config-provider" "^2.1.1"
    "@smithy/node-http-handler" "^2.1.7"
    "@smithy/protocol-http" "^3.0.7"
    "@smithy/smithy-client" "^2.1.11"
    "@smithy/types" "^2.3.5"
    "@smithy/url-parser" "^2.0.11"
    "@smithy/util-base64" "^2.0.0"
    "@smithy/util-body-length-browser" "^2.0.0"
    "@smithy/util-body-length-node" "^2.1.0"
    "@smithy/util-defaults-mode-browser" "^2.0.15"
    "@smithy/util-defaults-mode-node" "^2.0.19"
    "@smithy/util-retry" "^2.0.4"
    "@smithy/util-utf8" "^2.0.0"
    fast-xml-parser "4.2.5"
    tslib "^2.5.0"

"@aws-sdk/credential-provider-env@3.428.0":
  version "3.428.0"
  resolved "https://registry.yarnpkg.com/@aws-sdk/credential-provider-env/-/credential-provider-env-3.428.0.tgz#b977084e86491a6600d3831c8a70cc29472475dc"
  integrity sha512-e6fbY174Idzw0r5ZMT1qkDh+dpOp1DX3ickhr7J6ipo3cUGLI45Y5lnR9nYXWfB5o/wiNv4zXgN+Y3ORJJHzyA==
  dependencies:
    "@aws-sdk/types" "3.428.0"
    "@smithy/property-provider" "^2.0.0"
    "@smithy/types" "^2.3.5"
    tslib "^2.5.0"

"@aws-sdk/credential-provider-ini@3.429.0":
  version "3.429.0"
  resolved "https://registry.yarnpkg.com/@aws-sdk/credential-provider-ini/-/credential-provider-ini-3.429.0.tgz#436887f1fee1a3dc4ab35924a07cbf020f74f3bd"
  integrity sha512-rG1ecwU/8KojyXsx80tK/b+DDGqSbReakOm/db5fx2RzVnkAGdH9fvPNrhjjHZ1wGbPrUtXGmHGXP3eqnylazg==
  dependencies:
    "@aws-sdk/credential-provider-env" "3.428.0"
    "@aws-sdk/credential-provider-process" "3.428.0"
    "@aws-sdk/credential-provider-sso" "3.429.0"
    "@aws-sdk/credential-provider-web-identity" "3.428.0"
    "@aws-sdk/types" "3.428.0"
    "@smithy/credential-provider-imds" "^2.0.0"
    "@smithy/property-provider" "^2.0.0"
    "@smithy/shared-ini-file-loader" "^2.0.6"
    "@smithy/types" "^2.3.5"
    tslib "^2.5.0"

"@aws-sdk/credential-provider-node@3.429.0":
  version "3.429.0"
  resolved "https://registry.yarnpkg.com/@aws-sdk/credential-provider-node/-/credential-provider-node-3.429.0.tgz#801bfa9367470f551c1a4aa9d2686acafd8b54c6"
  integrity sha512-XaXCIeF8UWAvqzXX/UaBQhICjyIjRksjuP0xMW+A23Nu4yPjYufuHL9AR4i6MVYEKP3inXHGAS7N0t35A8acOw==
  dependencies:
    "@aws-sdk/credential-provider-env" "3.428.0"
    "@aws-sdk/credential-provider-ini" "3.429.0"
    "@aws-sdk/credential-provider-process" "3.428.0"
    "@aws-sdk/credential-provider-sso" "3.429.0"
    "@aws-sdk/credential-provider-web-identity" "3.428.0"
    "@aws-sdk/types" "3.428.0"
    "@smithy/credential-provider-imds" "^2.0.0"
    "@smithy/property-provider" "^2.0.0"
    "@smithy/shared-ini-file-loader" "^2.0.6"
    "@smithy/types" "^2.3.5"
    tslib "^2.5.0"

"@aws-sdk/credential-provider-process@3.428.0":
  version "3.428.0"
  resolved "https://registry.yarnpkg.com/@aws-sdk/credential-provider-process/-/credential-provider-process-3.428.0.tgz#2b8242b3ff0e78d5e58259d1f305d81700c7e101"
  integrity sha512-UG2S2/4Wrskbkbgt9fBlnzwQ2hfTXvLJwUgGOluSOf6+mGCcoDku4zzc9EQdk1MwN5Us+ziyMrIMNY5sbdLg6g==
  dependencies:
    "@aws-sdk/types" "3.428.0"
    "@smithy/property-provider" "^2.0.0"
    "@smithy/shared-ini-file-loader" "^2.0.6"
    "@smithy/types" "^2.3.5"
    tslib "^2.5.0"

"@aws-sdk/credential-provider-sso@3.429.0":
  version "3.429.0"
  resolved "https://registry.yarnpkg.com/@aws-sdk/credential-provider-sso/-/credential-provider-sso-3.429.0.tgz#4251950cdddb30722e7222c2ad09646608ec6bea"
  integrity sha512-Nx3/18ZxV/trGz3HAQD6eGxO5Goqx3U5YR+CJsWPBh+4Jwkoo+HC5cyxq6cJIcZ5n75Wc4kPt7Im4ffVjTaJIg==
  dependencies:
    "@aws-sdk/client-sso" "3.429.0"
    "@aws-sdk/token-providers" "3.429.0"
    "@aws-sdk/types" "3.428.0"
    "@smithy/property-provider" "^2.0.0"
    "@smithy/shared-ini-file-loader" "^2.0.6"
    "@smithy/types" "^2.3.5"
    tslib "^2.5.0"

"@aws-sdk/credential-provider-web-identity@3.428.0":
  version "3.428.0"
  resolved "https://registry.yarnpkg.com/@aws-sdk/credential-provider-web-identity/-/credential-provider-web-identity-3.428.0.tgz#d9d60d4ab919c973a3c3465c39cf950550dccb27"
  integrity sha512-ueuUPPlrJFvtDUVTGnClUGt1wxCbEiKArknah/w9cfcc/c1HtFd/M7x/z2Sm0gSItR45sVcK54qjzmhm29DMzg==
  dependencies:
    "@aws-sdk/types" "3.428.0"
    "@smithy/property-provider" "^2.0.0"
    "@smithy/types" "^2.3.5"
    tslib "^2.5.0"

"@aws-sdk/middleware-host-header@3.429.0":
  version "3.429.0"
  resolved "https://registry.yarnpkg.com/@aws-sdk/middleware-host-header/-/middleware-host-header-3.429.0.tgz#1d0f0ef70f0f2d1eba4c7866b020df01872f7e74"
  integrity sha512-3v9WoDCmbfH28znQ43cQLvLlm8fhJFIDJLW19moFI8QbXMv85yojGEphBMlT2XZUw79+tyh7GWLFaNugYZ1o9A==
  dependencies:
    "@aws-sdk/types" "3.428.0"
    "@smithy/protocol-http" "^3.0.7"
    "@smithy/types" "^2.3.5"
    tslib "^2.5.0"

"@aws-sdk/middleware-logger@3.428.0":
  version "3.428.0"
  resolved "https://registry.yarnpkg.com/@aws-sdk/middleware-logger/-/middleware-logger-3.428.0.tgz#215009964e8997bee9e6a38461e5d6247d4265d0"
  integrity sha512-1P0V0quL9u2amdNOn6yYT7/ToQUmkLJqCKHPxsRyDB829vBThWndvvH5MkoItj/VgE1zWqMtrzN3xtzD7zx6Qg==
  dependencies:
    "@aws-sdk/types" "3.428.0"
    "@smithy/types" "^2.3.5"
    tslib "^2.5.0"

"@aws-sdk/middleware-recursion-detection@3.428.0":
  version "3.428.0"
  resolved "https://registry.yarnpkg.com/@aws-sdk/middleware-recursion-detection/-/middleware-recursion-detection-3.428.0.tgz#f9491306d0613459cc4fcd7b6d381329a6235148"
  integrity sha512-xC0OMduCByyRdiQz324RXy4kunnCG4LUJCfvdoegM33Elp9ex0D3fcfO1mUgV8qiLwSennIsSRVXHuhNxE2HZA==
  dependencies:
    "@aws-sdk/types" "3.428.0"
    "@smithy/protocol-http" "^3.0.7"
    "@smithy/types" "^2.3.5"
    tslib "^2.5.0"

"@aws-sdk/middleware-sdk-sqs@3.428.0":
  version "3.428.0"
  resolved "https://registry.yarnpkg.com/@aws-sdk/middleware-sdk-sqs/-/middleware-sdk-sqs-3.428.0.tgz#313f52b152e89f19dc5c9d897f0a70f2b9914c58"
  integrity sha512-pYaBV9H4NGbVB5cqVOc7GoBpo/4BpTwMDpNzWWThENFzlxndzMLHLmQlSfPQoRRUIbLL39L3YeqfrSFwwzVspQ==
  dependencies:
    "@aws-sdk/types" "3.428.0"
    "@smithy/types" "^2.3.5"
    "@smithy/util-hex-encoding" "^2.0.0"
    "@smithy/util-utf8" "^2.0.0"
    tslib "^2.5.0"

"@aws-sdk/middleware-sdk-sts@3.428.0":
  version "3.428.0"
  resolved "https://registry.yarnpkg.com/@aws-sdk/middleware-sdk-sts/-/middleware-sdk-sts-3.428.0.tgz#c4f5e6496d2fe47908de5f5549c67042398516f7"
  integrity sha512-Uutl2niYXTnNP8v84v6umWDHD5no7d5/OqkZE1DsmeKR/dje90J5unJWf7MOsqvYm0JGDEWF4lk9xGVyqsw+Aw==
  dependencies:
    "@aws-sdk/middleware-signing" "3.428.0"
    "@aws-sdk/types" "3.428.0"
    "@smithy/types" "^2.3.5"
    tslib "^2.5.0"

"@aws-sdk/middleware-signing@3.428.0":
  version "3.428.0"
  resolved "https://registry.yarnpkg.com/@aws-sdk/middleware-signing/-/middleware-signing-3.428.0.tgz#ce9f21963bac8c8bb42d84dd2901628aa661b844"
  integrity sha512-oMSerTPwtsQAR7fIU/G0b0BA30wF+MC4gZSrJjbypF8MK8nPC2yMfKLR8+QavGOGEW7rUMQ0uklThMTTwQEXNQ==
  dependencies:
    "@aws-sdk/types" "3.428.0"
    "@smithy/property-provider" "^2.0.0"
    "@smithy/protocol-http" "^3.0.7"
    "@smithy/signature-v4" "^2.0.0"
    "@smithy/types" "^2.3.5"
    "@smithy/util-middleware" "^2.0.4"
    tslib "^2.5.0"

"@aws-sdk/middleware-user-agent@3.428.0":
  version "3.428.0"
  resolved "https://registry.yarnpkg.com/@aws-sdk/middleware-user-agent/-/middleware-user-agent-3.428.0.tgz#85ac71da101a10adcb1ee0ecc4c5a25a080d2e5c"
  integrity sha512-+GAhObeHRick2D5jr3YkPckjcggt5v6uUVtEUQW2AdD65cE5PjIvmksv6FuM/mME/9nNA+wufQnHbLI8teLeaw==
  dependencies:
    "@aws-sdk/types" "3.428.0"
    "@aws-sdk/util-endpoints" "3.428.0"
    "@smithy/protocol-http" "^3.0.7"
    "@smithy/types" "^2.3.5"
    tslib "^2.5.0"

"@aws-sdk/region-config-resolver@3.428.0":
  version "3.428.0"
  resolved "https://registry.yarnpkg.com/@aws-sdk/region-config-resolver/-/region-config-resolver-3.428.0.tgz#c275998078cbd784febd212e987e546905efafc7"
  integrity sha512-VqyHZ/Hoz3WrXXMx8cAhFBl8IpjodbRsTjBI117QPq1YRCegxNdGvqmGZnJj8N2Ef9MP1iU30ZWQB+sviDcogA==
  dependencies:
    "@smithy/node-config-provider" "^2.1.1"
    "@smithy/types" "^2.3.5"
    "@smithy/util-config-provider" "^2.0.0"
    "@smithy/util-middleware" "^2.0.4"
    tslib "^2.5.0"

"@aws-sdk/token-providers@3.429.0":
  version "3.429.0"
  resolved "https://registry.yarnpkg.com/@aws-sdk/token-providers/-/token-providers-3.429.0.tgz#e952cfe55276ed75aa41f378a66341a2cfecb65e"
  integrity sha512-1Lp5XW/aSHekMURfcoxhWR2ig0UlesD0wC1kcdrkhZGCPtvCE0VzMqgTmYkwtPKOWfRQf0qfu468ohBHBmzHdA==
  dependencies:
    "@aws-crypto/sha256-browser" "3.0.0"
    "@aws-crypto/sha256-js" "3.0.0"
    "@aws-sdk/middleware-host-header" "3.429.0"
    "@aws-sdk/middleware-logger" "3.428.0"
    "@aws-sdk/middleware-recursion-detection" "3.428.0"
    "@aws-sdk/middleware-user-agent" "3.428.0"
    "@aws-sdk/types" "3.428.0"
    "@aws-sdk/util-endpoints" "3.428.0"
    "@aws-sdk/util-user-agent-browser" "3.428.0"
    "@aws-sdk/util-user-agent-node" "3.428.0"
    "@smithy/config-resolver" "^2.0.14"
    "@smithy/fetch-http-handler" "^2.2.3"
    "@smithy/hash-node" "^2.0.11"
    "@smithy/invalid-dependency" "^2.0.11"
    "@smithy/middleware-content-length" "^2.0.13"
    "@smithy/middleware-endpoint" "^2.1.1"
    "@smithy/middleware-retry" "^2.0.16"
    "@smithy/middleware-serde" "^2.0.11"
    "@smithy/middleware-stack" "^2.0.5"
    "@smithy/node-config-provider" "^2.1.1"
    "@smithy/node-http-handler" "^2.1.7"
    "@smithy/property-provider" "^2.0.0"
    "@smithy/protocol-http" "^3.0.7"
    "@smithy/shared-ini-file-loader" "^2.0.6"
    "@smithy/smithy-client" "^2.1.11"
    "@smithy/types" "^2.3.5"
    "@smithy/url-parser" "^2.0.11"
    "@smithy/util-base64" "^2.0.0"
    "@smithy/util-body-length-browser" "^2.0.0"
    "@smithy/util-body-length-node" "^2.1.0"
    "@smithy/util-defaults-mode-browser" "^2.0.15"
    "@smithy/util-defaults-mode-node" "^2.0.19"
    "@smithy/util-retry" "^2.0.4"
    "@smithy/util-utf8" "^2.0.0"
    tslib "^2.5.0"

"@aws-sdk/types@3.428.0", "@aws-sdk/types@^3.222.0", "@aws-sdk/types@^3.428.0":
  version "3.428.0"
  resolved "https://registry.yarnpkg.com/@aws-sdk/types/-/types-3.428.0.tgz#fcb62a5fc38c4e579dc2b251194483aaad393df0"
  integrity sha512-4T0Ps2spjg3qbWE6ZK13Vd3FnzpfliaiotqjxUK5YhjDrKXeT36HJp46JhDupElQuHtTkpdiJOSYk2lvY2H4IA==
  dependencies:
    "@smithy/types" "^2.3.5"
    tslib "^2.5.0"

"@aws-sdk/util-endpoints@3.428.0":
  version "3.428.0"
  resolved "https://registry.yarnpkg.com/@aws-sdk/util-endpoints/-/util-endpoints-3.428.0.tgz#99e6b9ad4147a862fcabcdccf8cbab6b4cf815ac"
  integrity sha512-ToKMhYlUWJ0YrbggpJLZeyZZNDXtQ4NITxqo/oeGltTT9KG4o/LqVY59EveV0f8P32ObDyj9Vh1mnjxeo3DxGw==
  dependencies:
    "@aws-sdk/types" "3.428.0"
    tslib "^2.5.0"

"@aws-sdk/util-locate-window@^3.0.0":
  version "3.310.0"
  resolved "https://registry.yarnpkg.com/@aws-sdk/util-locate-window/-/util-locate-window-3.310.0.tgz#b071baf050301adee89051032bd4139bba32cc40"
  integrity sha512-qo2t/vBTnoXpjKxlsC2e1gBrRm80M3bId27r0BRB2VniSSe7bL1mmzM+/HFtujm0iAxtPM+aLEflLJlJeDPg0w==
  dependencies:
    tslib "^2.5.0"

"@aws-sdk/util-user-agent-browser@3.428.0":
  version "3.428.0"
  resolved "https://registry.yarnpkg.com/@aws-sdk/util-user-agent-browser/-/util-user-agent-browser-3.428.0.tgz#3dacafe5088e55d3bc70371886030712eeb6a0fa"
  integrity sha512-qlc2UoGsmCpuh1ErY3VayZuAGl74TWWcLmhhQMkeByFSb6KooBlwOmDpDzJRtgwJoe0KXnyHBO6lzl9iczcozg==
  dependencies:
    "@aws-sdk/types" "3.428.0"
    "@smithy/types" "^2.3.5"
    bowser "^2.11.0"
    tslib "^2.5.0"

"@aws-sdk/util-user-agent-node@3.428.0":
  version "3.428.0"
  resolved "https://registry.yarnpkg.com/@aws-sdk/util-user-agent-node/-/util-user-agent-node-3.428.0.tgz#3966016d3592f0ccff4b0123c3b223e1e231279a"
  integrity sha512-s721C3H8TkNd0usWLPEAy7yW2lEglR8QAYojdQGzE0e0wymc671nZAFePSZFRtmqZiFOSfk0R602L5fDbP3a8Q==
  dependencies:
    "@aws-sdk/types" "3.428.0"
    "@smithy/node-config-provider" "^2.1.1"
    "@smithy/types" "^2.3.5"
    tslib "^2.5.0"

"@aws-sdk/util-utf8-browser@^3.0.0":
  version "3.259.0"
  resolved "https://registry.yarnpkg.com/@aws-sdk/util-utf8-browser/-/util-utf8-browser-3.259.0.tgz#3275a6f5eb334f96ca76635b961d3c50259fd9ff"
  integrity sha512-UvFa/vR+e19XookZF8RzFZBrw2EUkQWxiBW0yYQAhvk3C+QVGl0H3ouca8LDBlBfQKXwmW3huo/59H8rwb1wJw==
  dependencies:
    tslib "^2.3.1"

"@cspotcode/source-map-support@^0.8.0":
  version "0.8.1"
  resolved "https://registry.yarnpkg.com/@cspotcode/source-map-support/-/source-map-support-0.8.1.tgz#00629c35a688e05a88b1cda684fb9d5e73f000a1"
  integrity sha512-IchNf6dN4tHoMFIn/7OE8LWZ19Y6q/67Bmf6vnGREv8RSbBVb9LPJxEcnwrcwX6ixSvaiGoomAUvu4YSxXrVgw==
  dependencies:
    "@jridgewell/trace-mapping" "0.3.9"

"@jridgewell/resolve-uri@^3.0.3":
  version "3.1.1"
  resolved "https://registry.yarnpkg.com/@jridgewell/resolve-uri/-/resolve-uri-3.1.1.tgz#c08679063f279615a3326583ba3a90d1d82cc721"
  integrity sha512-dSYZh7HhCDtCKm4QakX0xFpsRDqjjtZf/kjI/v3T3Nwt5r8/qz/M19F9ySyOqU94SXBmeG9ttTul+YnR4LOxFA==

"@jridgewell/sourcemap-codec@^1.4.10":
  version "1.4.15"
  resolved "https://registry.yarnpkg.com/@jridgewell/sourcemap-codec/-/sourcemap-codec-1.4.15.tgz#d7c6e6755c78567a951e04ab52ef0fd26de59f32"
  integrity sha512-eF2rxCRulEKXHTRiDrDy6erMYWqNw4LPdQ8UQA4huuxaQsVeRPFl2oM8oDGxMFhJUWZf9McpLtJasDDZb/Bpeg==

"@jridgewell/trace-mapping@0.3.9":
  version "0.3.9"
  resolved "https://registry.yarnpkg.com/@jridgewell/trace-mapping/-/trace-mapping-0.3.9.tgz#6534fd5933a53ba7cbf3a17615e273a0d1273ff9"
  integrity sha512-3Belt6tdc8bPgAtbcmdtNJlirVoTmEb5e2gC94PnkwEW9jI6CAHUeoG85tjWP5WquqfavoMtMwiG4P926ZKKuQ==
  dependencies:
    "@jridgewell/resolve-uri" "^3.0.3"
    "@jridgewell/sourcemap-codec" "^1.4.10"

"@smithy/abort-controller@^2.0.11":
  version "2.0.11"
  resolved "https://registry.yarnpkg.com/@smithy/abort-controller/-/abort-controller-2.0.11.tgz#e1d96a2ecbf103d0b075a7456ce3afeeb9f76a87"
  integrity sha512-MSzE1qR2JNyb7ot3blIOT3O3H0Jn06iNDEgHRaqZUwBgx5EG+VIx24Y21tlKofzYryIOcWpIohLrIIyocD6LMA==
  dependencies:
    "@smithy/types" "^2.3.5"
    tslib "^2.5.0"

"@smithy/config-resolver@^2.0.14", "@smithy/config-resolver@^2.0.15":
  version "2.0.15"
  resolved "https://registry.yarnpkg.com/@smithy/config-resolver/-/config-resolver-2.0.15.tgz#dff48ef54e989df4eeb90001a2fef9ae3c5bb884"
  integrity sha512-a2Pfocla5nSrG2RyB8i20jcWgMyR71TUeFKm8pmrnZotr/X22tlg4y/EhSvBK2oTE8MKHlKh4YdpDO2AryJbGQ==
  dependencies:
    "@smithy/node-config-provider" "^2.1.2"
    "@smithy/types" "^2.3.5"
    "@smithy/util-config-provider" "^2.0.0"
    "@smithy/util-middleware" "^2.0.4"
    tslib "^2.5.0"

"@smithy/credential-provider-imds@^2.0.0", "@smithy/credential-provider-imds@^2.0.17":
  version "2.0.17"
  resolved "https://registry.yarnpkg.com/@smithy/credential-provider-imds/-/credential-provider-imds-2.0.17.tgz#004463c314b9c3df4883fe643f0b3855f1f64d40"
  integrity sha512-2XcD414yrwbxxuYueTo7tzLC2/w3jj9FZqfenpv3MQkocdOEmuOVS0v9WHsY/nW6V+2EcR340rj/z5HnvsHncQ==
  dependencies:
    "@smithy/node-config-provider" "^2.1.2"
    "@smithy/property-provider" "^2.0.12"
    "@smithy/types" "^2.3.5"
    "@smithy/url-parser" "^2.0.11"
    tslib "^2.5.0"

"@smithy/eventstream-codec@^2.0.11":
  version "2.0.11"
  resolved "https://registry.yarnpkg.com/@smithy/eventstream-codec/-/eventstream-codec-2.0.11.tgz#1ba090ea5dbf956e32d3d0d0986ffb0d0af8c57d"
  integrity sha512-BQCTjxhCYRZIfXapa2LmZSaH8QUBGwMZw7XRN83hrdixbLjIcj+o549zjkedFS07Ve2TlvWUI6BTzP+nv7snBA==
  dependencies:
    "@aws-crypto/crc32" "3.0.0"
    "@smithy/types" "^2.3.5"
    "@smithy/util-hex-encoding" "^2.0.0"
    tslib "^2.5.0"

"@smithy/eventstream-serde-browser@^2.0.11":
  version "2.0.11"
  resolved "https://registry.yarnpkg.com/@smithy/eventstream-serde-browser/-/eventstream-serde-browser-2.0.11.tgz#eb9e9105d04c5dd0c96d5544857fe4e4d9d113a8"
  integrity sha512-p9IK4uvwT6B3pT1VGlODvcVBfPVikjBFHAcKpvvNF+7lAEI+YiC6d0SROPkpjnvCgVBYyGXa3ciqrWnFze6mwQ==
  dependencies:
    "@smithy/eventstream-serde-universal" "^2.0.11"
    "@smithy/types" "^2.3.5"
    tslib "^2.5.0"

"@smithy/eventstream-serde-config-resolver@^2.0.11":
  version "2.0.11"
  resolved "https://registry.yarnpkg.com/@smithy/eventstream-serde-config-resolver/-/eventstream-serde-config-resolver-2.0.11.tgz#f5fda274bc823a5d84a1ab1634ea7f9f4e82d9cb"
  integrity sha512-vN32E8yExo0Z8L7kXhlU9KRURrhqOpPdLxQMp3MwfMThrjiqbr1Sk5srUXc1ed2Ygl/l0TEN9vwNG0bQHg6AjQ==
  dependencies:
    "@smithy/types" "^2.3.5"
    tslib "^2.5.0"

"@smithy/eventstream-serde-node@^2.0.11":
  version "2.0.11"
  resolved "https://registry.yarnpkg.com/@smithy/eventstream-serde-node/-/eventstream-serde-node-2.0.11.tgz#920e1b6ba6a216a58f519865b8585df61b675f87"
  integrity sha512-Gjqbpg7UmD+YzkpgNShNcDNZcUpBWIkvX2XCGptz5PoxJU/UQbuF9eSc93ZlIb7j4aGjtFfqk23HUMW8Hopg2Q==
  dependencies:
    "@smithy/eventstream-serde-universal" "^2.0.11"
    "@smithy/types" "^2.3.5"
    tslib "^2.5.0"

"@smithy/eventstream-serde-universal@^2.0.11":
  version "2.0.11"
  resolved "https://registry.yarnpkg.com/@smithy/eventstream-serde-universal/-/eventstream-serde-universal-2.0.11.tgz#c86c0d29eae479590826ad61cb28301ec1105ebe"
  integrity sha512-F8FsxLTbFN4+Esgpo+nNKcEajrgRZJ+pG9c8+MhLM4Odp5ejLHw2GMCXd81cGsgmfcbnzdDEXazPPVzOwj89MQ==
  dependencies:
    "@smithy/eventstream-codec" "^2.0.11"
    "@smithy/types" "^2.3.5"
    tslib "^2.5.0"

"@smithy/fetch-http-handler@^2.2.3":
  version "2.2.3"
  resolved "https://registry.yarnpkg.com/@smithy/fetch-http-handler/-/fetch-http-handler-2.2.3.tgz#86445f63dbf09ec331b6199fc2f0f44fec1b1417"
  integrity sha512-0G9sePU+0R+8d7cie+OXzNbbkjnD4RfBlVCs46ZEuQAMcxK8OniemYXSSkOc80CCk8Il4DnlYZcUSvsIs2OB2w==
  dependencies:
    "@smithy/protocol-http" "^3.0.7"
    "@smithy/querystring-builder" "^2.0.11"
    "@smithy/types" "^2.3.5"
    "@smithy/util-base64" "^2.0.0"
    tslib "^2.5.0"

"@smithy/hash-node@^2.0.11":
  version "2.0.11"
  resolved "https://registry.yarnpkg.com/@smithy/hash-node/-/hash-node-2.0.11.tgz#07d73eefa9ab28e4f03461c6ec0532b85792329d"
  integrity sha512-PbleVugN2tbhl1ZoNWVrZ1oTFFas/Hq+s6zGO8B9bv4w/StTriTKA9W+xZJACOj9X7zwfoTLbscM+avCB1KqOQ==
  dependencies:
    "@smithy/types" "^2.3.5"
    "@smithy/util-buffer-from" "^2.0.0"
    "@smithy/util-utf8" "^2.0.0"
    tslib "^2.5.0"

"@smithy/invalid-dependency@^2.0.11":
  version "2.0.11"
  resolved "https://registry.yarnpkg.com/@smithy/invalid-dependency/-/invalid-dependency-2.0.11.tgz#41811da5da9950f52a0491ea532add2b1895349b"
  integrity sha512-zazq99ujxYv/NOf9zh7xXbNgzoVLsqE0wle8P/1zU/XdhPi/0zohTPKWUzIxjGdqb5hkkwfBkNkl5H+LE0mvgw==
  dependencies:
    "@smithy/types" "^2.3.5"
    tslib "^2.5.0"

"@smithy/is-array-buffer@^2.0.0":
  version "2.0.0"
  resolved "https://registry.yarnpkg.com/@smithy/is-array-buffer/-/is-array-buffer-2.0.0.tgz#8fa9b8040651e7ba0b2f6106e636a91354ff7d34"
  integrity sha512-z3PjFjMyZNI98JFRJi/U0nGoLWMSJlDjAW4QUX2WNZLas5C0CmVV6LJ01JI0k90l7FvpmixjWxPFmENSClQ7ug==
  dependencies:
    tslib "^2.5.0"

"@smithy/md5-js@^2.0.11":
  version "2.0.11"
  resolved "https://registry.yarnpkg.com/@smithy/md5-js/-/md5-js-2.0.11.tgz#0235c22eca4b5af72728f20348af5280bef2f275"
  integrity sha512-YBIv+e95qeGvQA05ucwstmTeQ/bUzWgU+nO2Ffmif5awu6IzSR0Jfk3XLYh4mdy7f8DCgsn8qA63u7N9Lu0+5A==
  dependencies:
    "@smithy/types" "^2.3.5"
    "@smithy/util-utf8" "^2.0.0"
    tslib "^2.5.0"

"@smithy/middleware-content-length@^2.0.13":
  version "2.0.13"
  resolved "https://registry.yarnpkg.com/@smithy/middleware-content-length/-/middleware-content-length-2.0.13.tgz#eb8195510fac8e2d925e43f270f347d8e2ce038b"
  integrity sha512-Md2kxWpaec3bXp1oERFPQPBhOXCkGSAF7uc1E+4rkwjgw3/tqAXRtbjbggu67HJdwaif76As8AV6XxbD1HzqTQ==
  dependencies:
    "@smithy/protocol-http" "^3.0.7"
    "@smithy/types" "^2.3.5"
    tslib "^2.5.0"

"@smithy/middleware-endpoint@^2.1.1":
  version "2.1.2"
  resolved "https://registry.yarnpkg.com/@smithy/middleware-endpoint/-/middleware-endpoint-2.1.2.tgz#c6610f17b3c5773e4f272eb4de5c18a878607fe0"
  integrity sha512-dua4r2EbSTRzNefz72snz+KDuXN73RCe1K+rGeemzUyYemxuh1jujFbLQbTU6DVlTgHkhtrbH0+kdOFY/SV4Qg==
  dependencies:
    "@smithy/middleware-serde" "^2.0.11"
    "@smithy/node-config-provider" "^2.1.2"
    "@smithy/shared-ini-file-loader" "^2.2.1"
    "@smithy/types" "^2.3.5"
    "@smithy/url-parser" "^2.0.11"
    "@smithy/util-middleware" "^2.0.4"
    tslib "^2.5.0"

"@smithy/middleware-retry@^2.0.16":
  version "2.0.17"
  resolved "https://registry.yarnpkg.com/@smithy/middleware-retry/-/middleware-retry-2.0.17.tgz#bf154e441accef071e9f3455bc673c8e7cae14e6"
  integrity sha512-ZYVU1MmshCTbEKTNc5h7/Pps1vhH5C7hRclQWnAbVYKkIT+PEGu9dSVqprzEo/nlMA8Zv4Dj5Y+fv3pRnUwElw==
  dependencies:
    "@smithy/node-config-provider" "^2.1.2"
    "@smithy/protocol-http" "^3.0.7"
    "@smithy/service-error-classification" "^2.0.4"
    "@smithy/types" "^2.3.5"
    "@smithy/util-middleware" "^2.0.4"
    "@smithy/util-retry" "^2.0.4"
    tslib "^2.5.0"
    uuid "^8.3.2"

"@smithy/middleware-serde@^2.0.11":
  version "2.0.11"
  resolved "https://registry.yarnpkg.com/@smithy/middleware-serde/-/middleware-serde-2.0.11.tgz#89c4433b9b4077e2f71f436cd4f97d613e2cf3bd"
  integrity sha512-NuxnjMyf4zQqhwwdh0OTj5RqpnuT6HcH5Xg5GrPijPcKzc2REXVEVK4Yyk8ckj8ez1XSj/bCmJ+oNjmqB02GWA==
  dependencies:
    "@smithy/types" "^2.3.5"
    tslib "^2.5.0"

"@smithy/middleware-stack@^2.0.5":
  version "2.0.5"
  resolved "https://registry.yarnpkg.com/@smithy/middleware-stack/-/middleware-stack-2.0.5.tgz#43cd8aa7141b23dfbb64dff9ead8a3983d3acc5c"
  integrity sha512-bVQU/rZzBY7CbSxIrDTGZYnBWKtIw+PL/cRc9B7etZk1IKSOe0NvKMJyWllfhfhrTeMF6eleCzOihIQympAvPw==
  dependencies:
    "@smithy/types" "^2.3.5"
    tslib "^2.5.0"

"@smithy/node-config-provider@^2.1.1", "@smithy/node-config-provider@^2.1.2":
  version "2.1.2"
  resolved "https://registry.yarnpkg.com/@smithy/node-config-provider/-/node-config-provider-2.1.2.tgz#fc016d065dd1153a162c83f175b6050c850491dd"
  integrity sha512-tbYh/JK/ddxKWYTtjLgap0juyivJ0wCvywMqINb54zyOVHoKYM6iYl7DosQA0owFaNp6GAx1lXFjqGz7L2fAqA==
  dependencies:
    "@smithy/property-provider" "^2.0.12"
    "@smithy/shared-ini-file-loader" "^2.2.1"
    "@smithy/types" "^2.3.5"
    tslib "^2.5.0"

"@smithy/node-http-handler@^2.1.7":
  version "2.1.7"
  resolved "https://registry.yarnpkg.com/@smithy/node-http-handler/-/node-http-handler-2.1.7.tgz#a920e0e40fd04e2ea399cb4f06092fea0a1b66da"
  integrity sha512-PQIKZXlp3awCDn/xNlCSTFE7aYG/5Tx33M05NfQmWYeB5yV1GZZOSz4dXpwiNJYTXb9jPqjl+ueXXkwtEluFFA==
  dependencies:
    "@smithy/abort-controller" "^2.0.11"
    "@smithy/protocol-http" "^3.0.7"
    "@smithy/querystring-builder" "^2.0.11"
    "@smithy/types" "^2.3.5"
    tslib "^2.5.0"

"@smithy/property-provider@^2.0.0", "@smithy/property-provider@^2.0.12":
  version "2.0.12"
  resolved "https://registry.yarnpkg.com/@smithy/property-provider/-/property-provider-2.0.12.tgz#09391cae6f336300e88128717ee5fb7cff76c5b4"
  integrity sha512-Un/OvvuQ1Kg8WYtoMCicfsFFuHb/TKL3pCA6ZIo/WvNTJTR94RtoRnL7mY4XkkUAoFMyf6KjcQJ76y1FX7S5rw==
  dependencies:
    "@smithy/types" "^2.3.5"
    tslib "^2.5.0"

"@smithy/protocol-http@^3.0.7":
  version "3.0.7"
  resolved "https://registry.yarnpkg.com/@smithy/protocol-http/-/protocol-http-3.0.7.tgz#4deec17a27f7cc5d2bea962fcb0cdfbfd311b05c"
  integrity sha512-HnZW8y+r66ntYueCDbLqKwWcMNWW8o3eVpSrHNluwtBJ/EUWfQHRKSiu6vZZtc6PGfPQWgVfucoCE/C3QufMAA==
  dependencies:
    "@smithy/types" "^2.3.5"
    tslib "^2.5.0"

"@smithy/querystring-builder@^2.0.11":
  version "2.0.11"
  resolved "https://registry.yarnpkg.com/@smithy/querystring-builder/-/querystring-builder-2.0.11.tgz#7a56bed12474ad46059116d87eb7b81cdba9d7f6"
  integrity sha512-b4kEbVMxpmfv2VWUITn2otckTi7GlMteZQxi+jlwedoATOGEyrCJPfRcYQJjbCi3fZ2QTfh3PcORvB27+j38Yg==
  dependencies:
    "@smithy/types" "^2.3.5"
    "@smithy/util-uri-escape" "^2.0.0"
    tslib "^2.5.0"

"@smithy/querystring-parser@^2.0.11":
  version "2.0.11"
  resolved "https://registry.yarnpkg.com/@smithy/querystring-parser/-/querystring-parser-2.0.11.tgz#63b7fde68714974c220e386002100ad9b70d91a3"
  integrity sha512-YXe7jhi7s3dQ0Fu9dLoY/gLu6NCyy8tBWJL/v2c9i7/RLpHgKT+uT96/OqZkHizCJ4kr0ZD46tzMjql/o60KLg==
  dependencies:
    "@smithy/types" "^2.3.5"
    tslib "^2.5.0"

"@smithy/service-error-classification@^2.0.4":
  version "2.0.4"
  resolved "https://registry.yarnpkg.com/@smithy/service-error-classification/-/service-error-classification-2.0.4.tgz#05c0a30eddbf63fb5f27704757da388aec5d66c2"
  integrity sha512-77506l12I5gxTZqBkx3Wb0RqMG81bMYLaVQ+EqIWFwQDJRs5UFeXogKxSKojCmz1wLUziHZQXm03MBzPQiumQw==
  dependencies:
    "@smithy/types" "^2.3.5"

"@smithy/shared-ini-file-loader@^2.0.6", "@smithy/shared-ini-file-loader@^2.2.1":
  version "2.2.1"
  resolved "https://registry.yarnpkg.com/@smithy/shared-ini-file-loader/-/shared-ini-file-loader-2.2.1.tgz#447c8510fee6857268c28180853ccc91d12963fc"
  integrity sha512-eAYajwo2eTTVU5KPX90+V6ccfrWphrzcUwOt7n9pLOMBO0fOKlRVshbvCBqfRCxEn7OYDGH6TsL3yrx+hAjddA==
  dependencies:
    "@smithy/types" "^2.3.5"
    tslib "^2.5.0"

"@smithy/signature-v4@^2.0.0":
  version "2.0.11"
  resolved "https://registry.yarnpkg.com/@smithy/signature-v4/-/signature-v4-2.0.11.tgz#e6d9065c7a73fc6f518f0cbc94039aed49307a1c"
  integrity sha512-EFVU1dT+2s8xi227l1A9O27edT/GNKvyAK6lZnIZ0zhIHq/jSLznvkk15aonGAM1kmhmZBVGpI7Tt0odueZK9A==
  dependencies:
    "@smithy/eventstream-codec" "^2.0.11"
    "@smithy/is-array-buffer" "^2.0.0"
    "@smithy/types" "^2.3.5"
    "@smithy/util-hex-encoding" "^2.0.0"
    "@smithy/util-middleware" "^2.0.4"
    "@smithy/util-uri-escape" "^2.0.0"
    "@smithy/util-utf8" "^2.0.0"
    tslib "^2.5.0"

"@smithy/smithy-client@^2.1.11":
  version "2.1.11"
  resolved "https://registry.yarnpkg.com/@smithy/smithy-client/-/smithy-client-2.1.11.tgz#7e27c9969048952703ae493311245d1af62c73b8"
  integrity sha512-okjMbuBBCTiieK665OFN/ap6u9+Z9z55PMphS5FYCsS6Zfp137Q3qlnt0OgBAnUVnH/mNGyoJV0LBX9gkTWptg==
  dependencies:
    "@smithy/middleware-stack" "^2.0.5"
    "@smithy/types" "^2.3.5"
    "@smithy/util-stream" "^2.0.16"
    tslib "^2.5.0"

"@smithy/types@^2.3.5":
  version "2.3.5"
  resolved "https://registry.yarnpkg.com/@smithy/types/-/types-2.3.5.tgz#7684a74d4368f323b478bd9e99e7dc3a6156b5e5"
  integrity sha512-ehyDt8M9hehyxrLQGoA1BGPou8Js1Ocoh5M0ngDhJMqbFmNK5N6Xhr9/ZExWkyIW8XcGkiMPq3ZUEE0ScrhbuQ==
  dependencies:
    tslib "^2.5.0"

"@smithy/url-parser@^2.0.11":
  version "2.0.11"
  resolved "https://registry.yarnpkg.com/@smithy/url-parser/-/url-parser-2.0.11.tgz#19c157f9d47217259e587847101ef6bd83091a5e"
  integrity sha512-h89yXMCCF+S5k9XIoKltMIWTYj+FcEkU/IIFZ6RtE222fskOTL4Iak6ZRG+ehSvZDt8yKEcxqheTDq7JvvtK3g==
  dependencies:
    "@smithy/querystring-parser" "^2.0.11"
    "@smithy/types" "^2.3.5"
    tslib "^2.5.0"

"@smithy/util-base64@^2.0.0":
  version "2.0.0"
  resolved "https://registry.yarnpkg.com/@smithy/util-base64/-/util-base64-2.0.0.tgz#1beeabfb155471d1d41c8d0603be1351f883c444"
  integrity sha512-Zb1E4xx+m5Lud8bbeYi5FkcMJMnn+1WUnJF3qD7rAdXpaL7UjkFQLdmW5fHadoKbdHpwH9vSR8EyTJFHJs++tA==
  dependencies:
    "@smithy/util-buffer-from" "^2.0.0"
    tslib "^2.5.0"

"@smithy/util-body-length-browser@^2.0.0":
  version "2.0.0"
  resolved "https://registry.yarnpkg.com/@smithy/util-body-length-browser/-/util-body-length-browser-2.0.0.tgz#5447853003b4c73da3bc5f3c5e82c21d592d1650"
  integrity sha512-JdDuS4ircJt+FDnaQj88TzZY3+njZ6O+D3uakS32f2VNnDo3vyEuNdBOh/oFd8Df1zSZOuH1HEChk2AOYDezZg==
  dependencies:
    tslib "^2.5.0"

"@smithy/util-body-length-node@^2.1.0":
  version "2.1.0"
  resolved "https://registry.yarnpkg.com/@smithy/util-body-length-node/-/util-body-length-node-2.1.0.tgz#313a5f7c5017947baf5fa018bfc22628904bbcfa"
  integrity sha512-/li0/kj/y3fQ3vyzn36NTLGmUwAICb7Jbe/CsWCktW363gh1MOcpEcSO3mJ344Gv2dqz8YJCLQpb6hju/0qOWw==
  dependencies:
    tslib "^2.5.0"

"@smithy/util-buffer-from@^2.0.0":
  version "2.0.0"
  resolved "https://registry.yarnpkg.com/@smithy/util-buffer-from/-/util-buffer-from-2.0.0.tgz#7eb75d72288b6b3001bc5f75b48b711513091deb"
  integrity sha512-/YNnLoHsR+4W4Vf2wL5lGv0ksg8Bmk3GEGxn2vEQt52AQaPSCuaO5PM5VM7lP1K9qHRKHwrPGktqVoAHKWHxzw==
  dependencies:
    "@smithy/is-array-buffer" "^2.0.0"
    tslib "^2.5.0"

"@smithy/util-config-provider@^2.0.0":
  version "2.0.0"
  resolved "https://registry.yarnpkg.com/@smithy/util-config-provider/-/util-config-provider-2.0.0.tgz#4dd6a793605559d94267312fd06d0f58784b4c38"
  integrity sha512-xCQ6UapcIWKxXHEU4Mcs2s7LcFQRiU3XEluM2WcCjjBtQkUN71Tb+ydGmJFPxMUrW/GWMgQEEGipLym4XG0jZg==
  dependencies:
    tslib "^2.5.0"

"@smithy/util-defaults-mode-browser@^2.0.15":
  version "2.0.15"
  resolved "https://registry.yarnpkg.com/@smithy/util-defaults-mode-browser/-/util-defaults-mode-browser-2.0.15.tgz#0ab82d6e88dbebcca5e570678790a0160bd2619c"
  integrity sha512-2raMZOYKSuke7QlDg/HDcxQdrp0zteJ8z+S0B9Rn23J55ZFNK1+IjG4HkN6vo/0u3Xy/JOdJ93ibiBSB8F7kOw==
  dependencies:
    "@smithy/property-provider" "^2.0.12"
    "@smithy/smithy-client" "^2.1.11"
    "@smithy/types" "^2.3.5"
    bowser "^2.11.0"
    tslib "^2.5.0"

"@smithy/util-defaults-mode-node@^2.0.19":
  version "2.0.20"
  resolved "https://registry.yarnpkg.com/@smithy/util-defaults-mode-node/-/util-defaults-mode-node-2.0.20.tgz#4381d74cb6c7cbca3a2609dc81a7437973d7cdd2"
  integrity sha512-kJjcZ/Lzvs3sPDKBwlhZsFFcgPNIpB3CMb6/saCakawRzo0E+JkyS3ZZRjVR3ce29yHtwoP/0YLKC1PeH0Dffg==
  dependencies:
    "@smithy/config-resolver" "^2.0.15"
    "@smithy/credential-provider-imds" "^2.0.17"
    "@smithy/node-config-provider" "^2.1.2"
    "@smithy/property-provider" "^2.0.12"
    "@smithy/smithy-client" "^2.1.11"
    "@smithy/types" "^2.3.5"
    tslib "^2.5.0"

"@smithy/util-hex-encoding@^2.0.0":
  version "2.0.0"
  resolved "https://registry.yarnpkg.com/@smithy/util-hex-encoding/-/util-hex-encoding-2.0.0.tgz#0aa3515acd2b005c6d55675e377080a7c513b59e"
  integrity sha512-c5xY+NUnFqG6d7HFh1IFfrm3mGl29lC+vF+geHv4ToiuJCBmIfzx6IeHLg+OgRdPFKDXIw6pvi+p3CsscaMcMA==
  dependencies:
    tslib "^2.5.0"

"@smithy/util-middleware@^2.0.4":
  version "2.0.4"
  resolved "https://registry.yarnpkg.com/@smithy/util-middleware/-/util-middleware-2.0.4.tgz#2c406efac04e341c3df6435d71fd9c73e03feb46"
  integrity sha512-Pbu6P4MBwRcjrLgdTR1O4Y3c0sTZn2JdOiJNcgL7EcIStcQodj+6ZTXtbyU/WTEU3MV2NMA10LxFc3AWHZ3+4A==
  dependencies:
    "@smithy/types" "^2.3.5"
    tslib "^2.5.0"

"@smithy/util-retry@^2.0.4":
  version "2.0.4"
  resolved "https://registry.yarnpkg.com/@smithy/util-retry/-/util-retry-2.0.4.tgz#b3ae28e73b4bdec21480005e76f9eeb9d7279e89"
  integrity sha512-b+n1jBBKc77C1E/zfBe1Zo7S9OXGBiGn55N0apfhZHxPUP/fMH5AhFUUcWaJh7NAnah284M5lGkBKuhnr3yK5w==
  dependencies:
    "@smithy/service-error-classification" "^2.0.4"
    "@smithy/types" "^2.3.5"
    tslib "^2.5.0"

"@smithy/util-stream@^2.0.16":
  version "2.0.16"
  resolved "https://registry.yarnpkg.com/@smithy/util-stream/-/util-stream-2.0.16.tgz#8501e14cfcac70913d2c4c01a8cfbf7fc73bc041"
  integrity sha512-b5ZSRh1KzUzC7LoJcpfk7+iXGoRr3WylEfmPd4FnBLm90OwxSB9VgK1fDZwicfYxSEvWHdYXgvvjPtenEYBBhw==
  dependencies:
    "@smithy/fetch-http-handler" "^2.2.3"
    "@smithy/node-http-handler" "^2.1.7"
    "@smithy/types" "^2.3.5"
    "@smithy/util-base64" "^2.0.0"
    "@smithy/util-buffer-from" "^2.0.0"
    "@smithy/util-hex-encoding" "^2.0.0"
    "@smithy/util-utf8" "^2.0.0"
    tslib "^2.5.0"

"@smithy/util-uri-escape@^2.0.0":
  version "2.0.0"
  resolved "https://registry.yarnpkg.com/@smithy/util-uri-escape/-/util-uri-escape-2.0.0.tgz#19955b1a0f517a87ae77ac729e0e411963dfda95"
  integrity sha512-ebkxsqinSdEooQduuk9CbKcI+wheijxEb3utGXkCoYQkJnwTnLbH1JXGimJtUkQwNQbsbuYwG2+aFVyZf5TLaw==
  dependencies:
    tslib "^2.5.0"

"@smithy/util-utf8@^2.0.0":
  version "2.0.0"
  resolved "https://registry.yarnpkg.com/@smithy/util-utf8/-/util-utf8-2.0.0.tgz#b4da87566ea7757435e153799df9da717262ad42"
  integrity sha512-rctU1VkziY84n5OXe3bPNpKR001ZCME2JCaBBFgtiM2hfKbHFudc/BkMuPab8hRbLd0j3vbnBTTZ1igBf0wgiQ==
  dependencies:
    "@smithy/util-buffer-from" "^2.0.0"
    tslib "^2.5.0"

"@smithy/util-waiter@^2.0.11":
  version "2.0.11"
  resolved "https://registry.yarnpkg.com/@smithy/util-waiter/-/util-waiter-2.0.11.tgz#1cef055d557675bb187221b510cd666643dc207a"
  integrity sha512-8SJWUl9O1YhjC77EccgltI3q4XZQp3vp9DGEW6o0OdkUcwqm/H4qOLnMkA2n+NDojuM5Iia2jWoCdbluIiG7TA==
  dependencies:
    "@smithy/abort-controller" "^2.0.11"
    "@smithy/types" "^2.3.5"
    tslib "^2.5.0"

"@tsconfig/node10@^1.0.7":
  version "1.0.9"
  resolved "https://registry.yarnpkg.com/@tsconfig/node10/-/node10-1.0.9.tgz#df4907fc07a886922637b15e02d4cebc4c0021b2"
  integrity sha512-jNsYVVxU8v5g43Erja32laIDHXeoNvFEpX33OK4d6hljo3jDhCBDhx5dhCCTMWUojscpAagGiRkBKxpdl9fxqA==

"@tsconfig/node12@^1.0.7":
  version "1.0.11"
  resolved "https://registry.yarnpkg.com/@tsconfig/node12/-/node12-1.0.11.tgz#ee3def1f27d9ed66dac6e46a295cffb0152e058d"
  integrity sha512-cqefuRsh12pWyGsIoBKJA9luFu3mRxCA+ORZvA4ktLSzIuCUtWVxGIuXigEwO5/ywWFMZ2QEGKWvkZG1zDMTag==

"@tsconfig/node14@^1.0.0":
  version "1.0.3"
  resolved "https://registry.yarnpkg.com/@tsconfig/node14/-/node14-1.0.3.tgz#e4386316284f00b98435bf40f72f75a09dabf6c1"
  integrity sha512-ysT8mhdixWK6Hw3i1V2AeRqZ5WfXg1G43mqoYlM2nc6388Fq5jcXyr5mRsqViLx/GJYdoL0bfXD8nmF+Zn/Iow==

"@tsconfig/node16@^1.0.2":
  version "1.0.4"
  resolved "https://registry.yarnpkg.com/@tsconfig/node16/-/node16-1.0.4.tgz#0b92dcc0cc1c81f6f306a381f28e31b1a56536e9"
  integrity sha512-vxhUy4J8lyeyinH7Azl1pdd43GJhZH/tP2weN8TntQblOY+A0XbT8DJk1/oCPuOOyg/Ja757rG0CgHcWC8OfMA==

"@types/node@^20.8.6":
  version "20.8.6"
  resolved "https://registry.yarnpkg.com/@types/node/-/node-20.8.6.tgz#0dbd4ebcc82ad0128df05d0e6f57e05359ee47fa"
  integrity sha512-eWO4K2Ji70QzKUqRy6oyJWUeB7+g2cRagT3T/nxYibYcT4y2BDL8lqolRXjTHmkZCdJfIPaY73KbJAZmcryxTQ==
  dependencies:
    undici-types "~5.25.1"

acorn-walk@^8.1.1:
  version "8.2.0"
  resolved "https://registry.yarnpkg.com/acorn-walk/-/acorn-walk-8.2.0.tgz#741210f2e2426454508853a2f44d0ab83b7f69c1"
  integrity sha512-k+iyHEuPgSw6SbuDpGQM+06HQUa04DZ3o+F6CSzXMvvI5KMvnaEqXe+YVe555R9nn6GPt404fos4wcgpw12SDA==

acorn@^8.4.1:
  version "8.10.0"
  resolved "https://registry.yarnpkg.com/acorn/-/acorn-8.10.0.tgz#8be5b3907a67221a81ab23c7889c4c5526b62ec5"
  integrity sha512-F0SAmZ8iUtS//m8DmCTA0jlh6TDKkHQyK6xc6V4KDTyZKA9dnvX9/3sRTVQrWm79glUAZbnmmNcdYwUIHWVybw==

arg@^4.1.0:
  version "4.1.3"
  resolved "https://registry.yarnpkg.com/arg/-/arg-4.1.3.tgz#269fc7ad5b8e42cb63c896d5666017261c144089"
  integrity sha512-58S9QDqG0Xx27YwPSt9fJxivjYl432YCwfDMfZ+71RAqUrZef7LrKQZ3LHLOwCS4FLNBplP533Zx895SeOCHvA==

bowser@^2.11.0:
  version "2.11.0"
  resolved "https://registry.yarnpkg.com/bowser/-/bowser-2.11.0.tgz#5ca3c35757a7aa5771500c70a73a9f91ef420a8f"
  integrity sha512-AlcaJBi/pqqJBIQ8U9Mcpc9i8Aqxn88Skv5d+xBX006BY5u8N3mGLHa5Lgppa7L/HfwgwLgZ6NYs+Ag6uUmJRA==

create-require@^1.1.0:
  version "1.1.1"
  resolved "https://registry.yarnpkg.com/create-require/-/create-require-1.1.1.tgz#c1d7e8f1e5f6cfc9ff65f9cd352d37348756c333"
  integrity sha512-dcKFX3jn0MpIaXjisoRvexIJVEKzaq7z2rZKxf+MSr9TkdmHmsU4m2lcLojrj/FHl8mk5VxMmYA+ftRkP/3oKQ==

diff@^4.0.1:
  version "4.0.2"
  resolved "https://registry.yarnpkg.com/diff/-/diff-4.0.2.tgz#60f3aecb89d5fae520c11aa19efc2bb982aade7d"
  integrity sha512-58lmxKSA4BNyLz+HHMUzlOEpg09FV+ev6ZMe3vJihgdxzgcwZ8VoEEPmALCZG9LmqfVoNMMKpttIYTVG6uDY7A==

dotenv@^16.3.1:
  version "16.3.1"
  resolved "https://registry.yarnpkg.com/dotenv/-/dotenv-16.3.1.tgz#369034de7d7e5b120972693352a3bf112172cc3e"
  integrity sha512-IPzF4w4/Rd94bA9imS68tZBaYyBWSCE47V1RGuMrB94iyTOIEwRmVL2x/4An+6mETpLrKJ5hQkB8W4kFAadeIQ==

fast-xml-parser@4.2.5:
  version "4.2.5"
  resolved "https://registry.yarnpkg.com/fast-xml-parser/-/fast-xml-parser-4.2.5.tgz#a6747a09296a6cb34f2ae634019bf1738f3b421f"
  integrity sha512-B9/wizE4WngqQftFPmdaMYlXoJlJOYxGQOanC77fq9k8+Z0v5dDSVh+3glErdIROP//s/jgb7ZuxKfB8nVyo0g==
  dependencies:
    strnum "^1.0.5"

make-error@^1.1.1:
  version "1.3.6"
  resolved "https://registry.yarnpkg.com/make-error/-/make-error-1.3.6.tgz#2eb2e37ea9b67c4891f684a1394799af484cf7a2"
  integrity sha512-s8UhlNe7vPKomQhC1qFelMokr/Sc3AgNbso3n74mVPA5LTZwkB9NlXf4XPamLxJE8h0gh73rM94xvwRT2CVInw==

strnum@^1.0.5:
  version "1.0.5"
  resolved "https://registry.yarnpkg.com/strnum/-/strnum-1.0.5.tgz#5c4e829fe15ad4ff0d20c3db5ac97b73c9b072db"
  integrity sha512-J8bbNyKKXl5qYcR36TIO8W3mVGVHrmmxsd5PAItGkmyzwJvybiw2IVq5nqd0i4LSNSkB/sx9VHllbfFdr9k1JA==

ts-node@^10.9.1:
  version "10.9.1"
  resolved "https://registry.yarnpkg.com/ts-node/-/ts-node-10.9.1.tgz#e73de9102958af9e1f0b168a6ff320e25adcff4b"
  integrity sha512-NtVysVPkxxrwFGUUxGYhfux8k78pQB3JqYBXlLRZgdGUqTO5wU/UyHop5p70iEbGhB7q5KmiZiU0Y3KlJrScEw==
  dependencies:
    "@cspotcode/source-map-support" "^0.8.0"
    "@tsconfig/node10" "^1.0.7"
    "@tsconfig/node12" "^1.0.7"
    "@tsconfig/node14" "^1.0.0"
    "@tsconfig/node16" "^1.0.2"
    acorn "^8.4.1"
    acorn-walk "^8.1.1"
    arg "^4.1.0"
    create-require "^1.1.0"
    diff "^4.0.1"
    make-error "^1.1.1"
    v8-compile-cache-lib "^3.0.1"
    yn "3.1.1"

tslib@^1.11.1:
  version "1.14.1"
  resolved "https://registry.yarnpkg.com/tslib/-/tslib-1.14.1.tgz#cf2d38bdc34a134bcaf1091c41f6619e2f672d00"
  integrity sha512-Xni35NKzjgMrwevysHTCArtLDpPvye8zV/0E4EyYn43P7/7qvQwPh9BGkHewbMulVntbigmcT7rdX3BNo9wRJg==

tslib@^2.3.1, tslib@^2.5.0:
  version "2.6.2"
  resolved "https://registry.yarnpkg.com/tslib/-/tslib-2.6.2.tgz#703ac29425e7b37cd6fd456e92404d46d1f3e4ae"
  integrity sha512-AEYxH93jGFPn/a2iVAwW87VuUIkR1FVUKB77NwMF7nBTDkDrrT/Hpt/IrCJ0QXhW27jTBDcf5ZY7w6RiqTMw2Q==

typescript@^5.2.2:
  version "5.2.2"
  resolved "https://registry.yarnpkg.com/typescript/-/typescript-5.2.2.tgz#5ebb5e5a5b75f085f22bc3f8460fba308310fa78"
  integrity sha512-mI4WrpHsbCIcwT9cF4FZvr80QUeKvsUsUvKDoR+X/7XHQH98xYD8YHZg7ANtz2GtZt/CBq2QJ0thkGJMHfqc1w==

undici-types@~5.25.1:
  version "5.25.3"
  resolved "https://registry.yarnpkg.com/undici-types/-/undici-types-5.25.3.tgz#e044115914c85f0bcbb229f346ab739f064998c3"
  integrity sha512-Ga1jfYwRn7+cP9v8auvEXN1rX3sWqlayd4HP7OKk4mZWylEmu3KzXDUGrQUN6Ol7qo1gPvB2e5gX6udnyEPgdA==

uuid@^8.3.2:
  version "8.3.2"
  resolved "https://registry.yarnpkg.com/uuid/-/uuid-8.3.2.tgz#80d5b5ced271bb9af6c445f21a1a04c606cefbe2"
  integrity sha512-+NYs2QeMWy+GWFOEm9xnn6HCDp0l7QBD7ml8zLUmJ+93Q5NF0NocErnwkTkXVFNiX3/fpC6afS8Dhb/gz7R7eg==

v8-compile-cache-lib@^3.0.1:
  version "3.0.1"
  resolved "https://registry.yarnpkg.com/v8-compile-cache-lib/-/v8-compile-cache-lib-3.0.1.tgz#6336e8d71965cb3d35a1bbb7868445a7c05264bf"
  integrity sha512-wa7YjyUGfNZngI/vtK0UHAN+lgDCxBPCylVXGp0zu59Fz5aiGtNXaq3DhIov063MorB+VfufLh3JlF2KdTK3xg==

yn@3.1.1:
  version "3.1.1"
  resolved "https://registry.yarnpkg.com/yn/-/yn-3.1.1.tgz#1e87401a09d767c1d5eab26a6e4c185182d2eb50"
  integrity sha512-Ux4ygGWsu2c7isFWe8Yu1YluJmqVhxqK2cLXNQA5AcC3QfbGNpM7fu0Y8b/z16pXLnFxZYvWhd3fhBY9DLmC6Q==
