# This file is generated by running "yarn install" inside your project.
# Manual changes might be lost - proceed with caution!

__metadata:
  version: 9
  cacheKey: 10c0

"@aws-crypto/crc32@npm:5.2.0":
  version: 5.2.0
  resolution: "@aws-crypto/crc32@npm:5.2.0"
  dependencies:
    "@aws-crypto/util": "npm:^5.2.0"
    "@aws-sdk/types": "npm:^3.222.0"
    tslib: "npm:^2.6.2"
  checksum: 10c0/eab9581d3363af5ea498ae0e72de792f54d8890360e14a9d8261b7b5c55ebe080279fb2556e07994d785341cdaa99ab0b1ccf137832b53b5904cd6928f2b094b
  languageName: node
  linkType: hard

"@aws-crypto/sha256-browser@npm:5.2.0":
  version: 5.2.0
  resolution: "@aws-crypto/sha256-browser@npm:5.2.0"
  dependencies:
    "@aws-crypto/sha256-js": "npm:^5.2.0"
    "@aws-crypto/supports-web-crypto": "npm:^5.2.0"
    "@aws-crypto/util": "npm:^5.2.0"
    "@aws-sdk/types": "npm:^3.222.0"
    "@aws-sdk/util-locate-window": "npm:^3.0.0"
    "@smithy/util-utf8": "npm:^2.0.0"
    tslib: "npm:^2.6.2"
  checksum: 10c0/05f6d256794df800fe9aef5f52f2ac7415f7f3117d461f85a6aecaa4e29e91527b6fd503681a17136fa89e9dd3d916e9c7e4cfb5eba222875cb6c077bdc1d00d
  languageName: node
  linkType: hard

"@aws-crypto/sha256-js@npm:5.2.0, @aws-crypto/sha256-js@npm:^5.2.0":
  version: 5.2.0
  resolution: "@aws-crypto/sha256-js@npm:5.2.0"
  dependencies:
    "@aws-crypto/util": "npm:^5.2.0"
    "@aws-sdk/types": "npm:^3.222.0"
    tslib: "npm:^2.6.2"
  checksum: 10c0/6c48701f8336341bb104dfde3d0050c89c288051f6b5e9bdfeb8091cf3ffc86efcd5c9e6ff2a4a134406b019c07aca9db608128f8d9267c952578a3108db9fd1
  languageName: node
  linkType: hard

"@aws-crypto/supports-web-crypto@npm:^5.2.0":
  version: 5.2.0
  resolution: "@aws-crypto/supports-web-crypto@npm:5.2.0"
  dependencies:
    tslib: "npm:^2.6.2"
  checksum: 10c0/4d2118e29d68ca3f5947f1e37ce1fbb3239a0c569cc938cdc8ab8390d595609b5caf51a07c9e0535105b17bf5c52ea256fed705a07e9681118120ab64ee73af2
  languageName: node
  linkType: hard

"@aws-crypto/util@npm:^5.2.0":
  version: 5.2.0
  resolution: "@aws-crypto/util@npm:5.2.0"
  dependencies:
    "@aws-sdk/types": "npm:^3.222.0"
    "@smithy/util-utf8": "npm:^2.0.0"
    tslib: "npm:^2.6.2"
  checksum: 10c0/0362d4c197b1fd64b423966945130207d1fe23e1bb2878a18e361f7743c8d339dad3f8729895a29aa34fff6a86c65f281cf5167c4bf253f21627ae80b6dd2951
  languageName: node
  linkType: hard

"@aws-sdk/client-dynamodb@npm:^3.873.0":
  version: 3.1071.0
  resolution: "@aws-sdk/client-dynamodb@npm:3.1071.0"
  dependencies:
    "@aws-crypto/sha256-browser": "npm:5.2.0"
    "@aws-crypto/sha256-js": "npm:5.2.0"
    "@aws-sdk/core": "npm:^3.974.22"
    "@aws-sdk/credential-provider-node": "npm:^3.972.57"
    "@aws-sdk/dynamodb-codec": "npm:^3.973.22"
    "@aws-sdk/middleware-endpoint-discovery": "npm:^3.972.19"
    "@aws-sdk/types": "npm:^3.973.13"
    "@smithy/core": "npm:^3.24.6"
    "@smithy/fetch-http-handler": "npm:^5.4.6"
    "@smithy/node-http-handler": "npm:^4.7.6"
    "@smithy/types": "npm:^4.14.3"
    tslib: "npm:^2.6.2"
  checksum: 10c0/1e174c4d7218a052e4ffa5eab3227e3aca6b72ea3e80bf8ed1085fa7f70ea3cc6f954945f33dff8ba9d88c3efc6d3bf61f376d48f1562a6b7b81d2cb366bdbca
  languageName: node
  linkType: hard

"@aws-sdk/client-rds-data@npm:^3.901.0":
  version: 3.1071.0
  resolution: "@aws-sdk/client-rds-data@npm:3.1071.0"
  dependencies:
    "@aws-crypto/sha256-browser": "npm:5.2.0"
    "@aws-crypto/sha256-js": "npm:5.2.0"
    "@aws-sdk/core": "npm:^3.974.22"
    "@aws-sdk/credential-provider-node": "npm:^3.972.57"
    "@aws-sdk/types": "npm:^3.973.13"
    "@smithy/core": "npm:^3.24.6"
    "@smithy/fetch-http-handler": "npm:^5.4.6"
    "@smithy/node-http-handler": "npm:^4.7.6"
    "@smithy/types": "npm:^4.14.3"
    tslib: "npm:^2.6.2"
  checksum: 10c0/375627ee54eddae987765c319aa6f8bff3bb022fd9835111e25ac57c2014abd6a98a93c0f39bbf232190521b8f28d05ab26d19792364c7c5b0f6e72a2d4f6a0f
  languageName: node
  linkType: hard

"@aws-sdk/core@npm:^3.974.22":
  version: 3.974.22
  resolution: "@aws-sdk/core@npm:3.974.22"
  dependencies:
    "@aws-sdk/types": "npm:^3.973.13"
    "@aws-sdk/xml-builder": "npm:^3.972.30"
    "@aws/lambda-invoke-store": "npm:^0.2.2"
    "@smithy/core": "npm:^3.24.6"
    "@smithy/signature-v4": "npm:^5.4.6"
    "@smithy/types": "npm:^4.14.3"
    bowser: "npm:^2.11.0"
    tslib: "npm:^2.6.2"
  checksum: 10c0/41b8ed542431f94f0c31e6c84a97cd9fa7bc2c3179112802491decbfabb3dfe8ea764f1a4ae1f552436e00d72908fe739d94b94c1b7c74cf8c68f82ba225f869
  languageName: node
  linkType: hard

"@aws-sdk/credential-provider-env@npm:^3.972.48":
  version: 3.972.48
  resolution: "@aws-sdk/credential-provider-env@npm:3.972.48"
  dependencies:
    "@aws-sdk/core": "npm:^3.974.22"
    "@aws-sdk/types": "npm:^3.973.13"
    "@smithy/core": "npm:^3.24.6"
    "@smithy/types": "npm:^4.14.3"
    tslib: "npm:^2.6.2"
  checksum: 10c0/b41c54b16ef0cbc9588ae8c15ce9490702d8cf644c71ba8350c0fcfcbd534e5c5fe40cafdc58009887e8234153d0c07ebf1fd14d30d7703f96519ff961e02550
  languageName: node
  linkType: hard

"@aws-sdk/credential-provider-http@npm:^3.972.50":
  version: 3.972.50
  resolution: "@aws-sdk/credential-provider-http@npm:3.972.50"
  dependencies:
    "@aws-sdk/core": "npm:^3.974.22"
    "@aws-sdk/types": "npm:^3.973.13"
    "@smithy/core": "npm:^3.24.6"
    "@smithy/fetch-http-handler": "npm:^5.4.6"
    "@smithy/node-http-handler": "npm:^4.7.6"
    "@smithy/types": "npm:^4.14.3"
    tslib: "npm:^2.6.2"
  checksum: 10c0/15a6f8dbb5bbe3254a51078bc8ce255d7cae904194d3b16f4e3d04cbcccade8180a5d5871b1ac7e884b217606b7c3344a2af2986c2d1d666b43637f3115fa7e1
  languageName: node
  linkType: hard

"@aws-sdk/credential-provider-ini@npm:^3.972.55":
  version: 3.972.55
  resolution: "@aws-sdk/credential-provider-ini@npm:3.972.55"
  dependencies:
    "@aws-sdk/core": "npm:^3.974.22"
    "@aws-sdk/credential-provider-env": "npm:^3.972.48"
    "@aws-sdk/credential-provider-http": "npm:^3.972.50"
    "@aws-sdk/credential-provider-login": "npm:^3.972.54"
    "@aws-sdk/credential-provider-process": "npm:^3.972.48"
    "@aws-sdk/credential-provider-sso": "npm:^3.972.54"
    "@aws-sdk/credential-provider-web-identity": "npm:^3.972.54"
    "@aws-sdk/nested-clients": "npm:^3.997.22"
    "@aws-sdk/types": "npm:^3.973.13"
    "@smithy/core": "npm:^3.24.6"
    "@smithy/credential-provider-imds": "npm:^4.3.7"
    "@smithy/types": "npm:^4.14.3"
    tslib: "npm:^2.6.2"
  checksum: 10c0/52222854d21e343c3cf3a96c409dfabe7657a4804cf95b85bd160c340c4c6683d0c1c94f8de93e18e86b7c56a7c16222e4c0570804c178050f4e1dae8e9e06f1
  languageName: node
  linkType: hard

"@aws-sdk/credential-provider-login@npm:^3.972.54":
  version: 3.972.54
  resolution: "@aws-sdk/credential-provider-login@npm:3.972.54"
  dependencies:
    "@aws-sdk/core": "npm:^3.974.22"
    "@aws-sdk/nested-clients": "npm:^3.997.22"
    "@aws-sdk/types": "npm:^3.973.13"
    "@smithy/core": "npm:^3.24.6"
    "@smithy/types": "npm:^4.14.3"
    tslib: "npm:^2.6.2"
  checksum: 10c0/57d00349373205e1401542a4cd6127a69fb0cdb432e1eca37e86c1110949718f2cc2392282808277dfb9b3273b7412da90ecd7093fd4b1aee8fdc05f5213fefb
  languageName: node
  linkType: hard

"@aws-sdk/credential-provider-node@npm:^3.972.57":
  version: 3.972.57
  resolution: "@aws-sdk/credential-provider-node@npm:3.972.57"
  dependencies:
    "@aws-sdk/credential-provider-env": "npm:^3.972.48"
    "@aws-sdk/credential-provider-http": "npm:^3.972.50"
    "@aws-sdk/credential-provider-ini": "npm:^3.972.55"
    "@aws-sdk/credential-provider-process": "npm:^3.972.48"
    "@aws-sdk/credential-provider-sso": "npm:^3.972.54"
    "@aws-sdk/credential-provider-web-identity": "npm:^3.972.54"
    "@aws-sdk/types": "npm:^3.973.13"
    "@smithy/core": "npm:^3.24.6"
    "@smithy/credential-provider-imds": "npm:^4.3.7"
    "@smithy/types": "npm:^4.14.3"
    tslib: "npm:^2.6.2"
  checksum: 10c0/d5ff7463ae53b9f8ebf791818c20a030d947c8d532b2b87c5ef66828a4b99469264a8a23c2bd1771ad825681b4f12ef730dee3342d60187ce9245b74fff03b4c
  languageName: node
  linkType: hard

"@aws-sdk/credential-provider-process@npm:^3.972.48":
  version: 3.972.48
  resolution: "@aws-sdk/credential-provider-process@npm:3.972.48"
  dependencies:
    "@aws-sdk/core": "npm:^3.974.22"
    "@aws-sdk/types": "npm:^3.973.13"
    "@smithy/core": "npm:^3.24.6"
    "@smithy/types": "npm:^4.14.3"
    tslib: "npm:^2.6.2"
  checksum: 10c0/b90a8df93dfb38c61d44213e43f36eeee61a697d3651cb985e35faf3d87f7a8831ef51c1c865503d92213af247aa9e360eef21bf677f90fce52e4b53ffbb5e06
  languageName: node
  linkType: hard

"@aws-sdk/credential-provider-sso@npm:^3.972.54":
  version: 3.972.54
  resolution: "@aws-sdk/credential-provider-sso@npm:3.972.54"
  dependencies:
    "@aws-sdk/core": "npm:^3.974.22"
    "@aws-sdk/nested-clients": "npm:^3.997.22"
    "@aws-sdk/token-providers": "npm:3.1071.0"
    "@aws-sdk/types": "npm:^3.973.13"
    "@smithy/core": "npm:^3.24.6"
    "@smithy/types": "npm:^4.14.3"
    tslib: "npm:^2.6.2"
  checksum: 10c0/9a5e611efa37080ab5ac026eca696d6805f001d145aeb3f21c02d54a68ba5bb0aceee011fceee30958263c938a7186dcf02337e3b809a2d68199e19a12facfdc
  languageName: node
  linkType: hard

"@aws-sdk/credential-provider-web-identity@npm:^3.972.54":
  version: 3.972.54
  resolution: "@aws-sdk/credential-provider-web-identity@npm:3.972.54"
  dependencies:
    "@aws-sdk/core": "npm:^3.974.22"
    "@aws-sdk/nested-clients": "npm:^3.997.22"
    "@aws-sdk/types": "npm:^3.973.13"
    "@smithy/core": "npm:^3.24.6"
    "@smithy/types": "npm:^4.14.3"
    tslib: "npm:^2.6.2"
  checksum: 10c0/b8c6a23e876389b6b70c0152a28a94ad300c31090a7eea80a93f18ed3fc0faf1034afb9e370d165dda7b542e30e0dd97bf70e2484768ca5ff0af1b019f2c86c8
  languageName: node
  linkType: hard

"@aws-sdk/dynamodb-codec@npm:^3.973.22":
  version: 3.973.22
  resolution: "@aws-sdk/dynamodb-codec@npm:3.973.22"
  dependencies:
    "@aws-sdk/core": "npm:^3.974.22"
    "@smithy/core": "npm:^3.24.6"
    "@smithy/types": "npm:^4.14.3"
    tslib: "npm:^2.6.2"
  checksum: 10c0/fcca3c6ead3a1c6ccb57c8a93043bc57215eb27c954e36ed804fb33f0a1174847b0c1ddc29f8d68d92574499ee37e28f02b99f58e3fd76af4f3303a482eda7b6
  languageName: node
  linkType: hard

"@aws-sdk/endpoint-cache@npm:^3.972.8":
  version: 3.972.8
  resolution: "@aws-sdk/endpoint-cache@npm:3.972.8"
  dependencies:
    mnemonist: "npm:0.38.3"
    tslib: "npm:^2.6.2"
  checksum: 10c0/c8ea64ca773b3792a33d32432460741217ba1fa6442f921c99574e03b90c8034a1fd1c0f8485356445a67ec0ad5c9a145cc024faefe0f163c1f28357ebd4e297
  languageName: node
  linkType: hard

"@aws-sdk/lib-dynamodb@npm:^3.873.0":
  version: 3.1071.0
  resolution: "@aws-sdk/lib-dynamodb@npm:3.1071.0"
  dependencies:
    "@aws-sdk/core": "npm:^3.974.22"
    "@aws-sdk/util-dynamodb": "npm:^3.996.5"
    "@smithy/core": "npm:^3.24.6"
    "@smithy/types": "npm:^4.14.3"
    tslib: "npm:^2.6.2"
  peerDependencies:
    "@aws-sdk/client-dynamodb": ^3.1071.0
  checksum: 10c0/dcb6703d70092ac074da52c73367b7f556c127418e9ea65271dfb0468cad7883dd3200300d6c666ccc8588513eeea2b4d56f58dc3321b0edab9c771d031de07b
  languageName: node
  linkType: hard

"@aws-sdk/middleware-endpoint-discovery@npm:^3.972.19":
  version: 3.972.19
  resolution: "@aws-sdk/middleware-endpoint-discovery@npm:3.972.19"
  dependencies:
    "@aws-sdk/endpoint-cache": "npm:^3.972.8"
    "@aws-sdk/types": "npm:^3.973.13"
    "@smithy/core": "npm:^3.24.6"
    "@smithy/types": "npm:^4.14.3"
    tslib: "npm:^2.6.2"
  checksum: 10c0/a4f5fcac1acfd61e52dc856e4b169f127202a7e4a8c29b24653832ab6d90f6bf39d73ffd412db8cb04081da32dca54f8fcb358f9999a278761dede67e753b9bf
  languageName: node
  linkType: hard

"@aws-sdk/nested-clients@npm:^3.997.22":
  version: 3.997.22
  resolution: "@aws-sdk/nested-clients@npm:3.997.22"
  dependencies:
    "@aws-crypto/sha256-browser": "npm:5.2.0"
    "@aws-crypto/sha256-js": "npm:5.2.0"
    "@aws-sdk/core": "npm:^3.974.22"
    "@aws-sdk/signature-v4-multi-region": "npm:^3.996.35"
    "@aws-sdk/types": "npm:^3.973.13"
    "@smithy/core": "npm:^3.24.6"
    "@smithy/fetch-http-handler": "npm:^5.4.6"
    "@smithy/node-http-handler": "npm:^4.7.6"
    "@smithy/types": "npm:^4.14.3"
    tslib: "npm:^2.6.2"
  checksum: 10c0/3000092b3c01f7cfb893b28eb303e979a2c6a0424cd13c21c796abd42627127559335f2cee5c8ff9d6bd913056e9ff9e6b9496a91e53c4ccbe68ee8461fe4a1f
  languageName: node
  linkType: hard

"@aws-sdk/signature-v4-multi-region@npm:^3.996.35":
  version: 3.996.35
  resolution: "@aws-sdk/signature-v4-multi-region@npm:3.996.35"
  dependencies:
    "@aws-sdk/types": "npm:^3.973.13"
    "@smithy/signature-v4": "npm:^5.4.6"
    "@smithy/types": "npm:^4.14.3"
    tslib: "npm:^2.6.2"
  checksum: 10c0/786cd70470dc4e8a6e5e186e0c16ab9d8d52eddd54af0f650c813fc237c6b3b6474dc353ae62a3ccddde5e6976f7e0ac003776ef8fdc8b3ce92feef32a84323d
  languageName: node
  linkType: hard

"@aws-sdk/token-providers@npm:3.1071.0":
  version: 3.1071.0
  resolution: "@aws-sdk/token-providers@npm:3.1071.0"
  dependencies:
    "@aws-sdk/core": "npm:^3.974.22"
    "@aws-sdk/nested-clients": "npm:^3.997.22"
    "@aws-sdk/types": "npm:^3.973.13"
    "@smithy/core": "npm:^3.24.6"
    "@smithy/types": "npm:^4.14.3"
    tslib: "npm:^2.6.2"
  checksum: 10c0/8496390c764977046ea307522bdf1973e41794cec09a03f75034b5da25170075b90df8826603bef19f3f382ab7be0329523efb9f9d61ed80ca4349715d54593a
  languageName: node
  linkType: hard

"@aws-sdk/types@npm:^3.222.0, @aws-sdk/types@npm:^3.973.13":
  version: 3.973.13
  resolution: "@aws-sdk/types@npm:3.973.13"
  dependencies:
    "@smithy/types": "npm:^4.14.3"
    tslib: "npm:^2.6.2"
  checksum: 10c0/46593a2165d45d7a619f366b1cc91551c9f2f33b75f109a5b6c4753a15daf2ea98182bf95477f89a601171e1903ae801396435f2f89f01d48901a9eec7265a9f
  languageName: node
  linkType: hard

"@aws-sdk/util-dynamodb@npm:^3.996.5":
  version: 3.996.5
  resolution: "@aws-sdk/util-dynamodb@npm:3.996.5"
  dependencies:
    tslib: "npm:^2.6.2"
  peerDependencies:
    "@aws-sdk/client-dynamodb": ^3.1069.0
  checksum: 10c0/1c656ed4b52874d887ab97c55d0f42c35b144ddc79a9f4fe76cac4835ece4214fdd02ce2621450aa3f5c046d5dd9b89f759fff76b372c69baba06183ba8ba7da
  languageName: node
  linkType: hard

"@aws-sdk/util-locate-window@npm:^3.0.0":
  version: 3.965.8
  resolution: "@aws-sdk/util-locate-window@npm:3.965.8"
  dependencies:
    tslib: "npm:^2.6.2"
  checksum: 10c0/fc3fd154cf560d815a4e9a58aadd1aed860a9dd8cc82ce9824faf9255c688626339077940d35ae91798b753dd7ad4e735c08d4f015b573e681130712a8b52865
  languageName: node
  linkType: hard

"@aws-sdk/xml-builder@npm:^3.972.30":
  version: 3.972.30
  resolution: "@aws-sdk/xml-builder@npm:3.972.30"
  dependencies:
    "@smithy/types": "npm:^4.14.3"
    fast-xml-parser: "npm:5.7.3"
    tslib: "npm:^2.6.2"
  checksum: 10c0/c0f772c0a41a1fc5beb0f0754194c1760c618f7052f7a5ea110ca38c161b9e4b87fc46f75c36023a8b90f5ae95005a077273525fe78908f5469057cb8c3a2ec2
  languageName: node
  linkType: hard

"@aws/lambda-invoke-store@npm:^0.2.2":
  version: 0.2.4
  resolution: "@aws/lambda-invoke-store@npm:0.2.4"
  checksum: 10c0/29d874d7c1a2d971e0c02980594204f89cda718f215f2fc52b6c56eacbdad1fa5f6ce1b358e5811f5cd35d04c76299a67a8aff95318446af2bdfb4910f213e13
  languageName: node
  linkType: hard

"@esbuild/aix-ppc64@npm:0.28.1":
  version: 0.28.1
  resolution: "@esbuild/aix-ppc64@npm:0.28.1"
  conditions: os=aix & cpu=ppc64
  languageName: node
  linkType: hard

"@esbuild/android-arm64@npm:0.28.1":
  version: 0.28.1
  resolution: "@esbuild/android-arm64@npm:0.28.1"
  conditions: os=android & cpu=arm64
  languageName: node
  linkType: hard

"@esbuild/android-arm@npm:0.28.1":
  version: 0.28.1
  resolution: "@esbuild/android-arm@npm:0.28.1"
  conditions: os=android & cpu=arm
  languageName: node
  linkType: hard

"@esbuild/android-x64@npm:0.28.1":
  version: 0.28.1
  resolution: "@esbuild/android-x64@npm:0.28.1"
  conditions: os=android & cpu=x64
  languageName: node
  linkType: hard

"@esbuild/darwin-arm64@npm:0.28.1":
  version: 0.28.1
  resolution: "@esbuild/darwin-arm64@npm:0.28.1"
  conditions: os=darwin & cpu=arm64
  languageName: node
  linkType: hard

"@esbuild/darwin-x64@npm:0.28.1":
  version: 0.28.1
  resolution: "@esbuild/darwin-x64@npm:0.28.1"
  conditions: os=darwin & cpu=x64
  languageName: node
  linkType: hard

"@esbuild/freebsd-arm64@npm:0.28.1":
  version: 0.28.1
  resolution: "@esbuild/freebsd-arm64@npm:0.28.1"
  conditions: os=freebsd & cpu=arm64
  languageName: node
  linkType: hard

"@esbuild/freebsd-x64@npm:0.28.1":
  version: 0.28.1
  resolution: "@esbuild/freebsd-x64@npm:0.28.1"
  conditions: os=freebsd & cpu=x64
  languageName: node
  linkType: hard

"@esbuild/linux-arm64@npm:0.28.1":
  version: 0.28.1
  resolution: "@esbuild/linux-arm64@npm:0.28.1"
  conditions: os=linux & cpu=arm64
  languageName: node
  linkType: hard

"@esbuild/linux-arm@npm:0.28.1":
  version: 0.28.1
  resolution: "@esbuild/linux-arm@npm:0.28.1"
  conditions: os=linux & cpu=arm
  languageName: node
  linkType: hard

"@esbuild/linux-ia32@npm:0.28.1":
  version: 0.28.1
  resolution: "@esbuild/linux-ia32@npm:0.28.1"
  conditions: os=linux & cpu=ia32
  languageName: node
  linkType: hard

"@esbuild/linux-loong64@npm:0.28.1":
  version: 0.28.1
  resolution: "@esbuild/linux-loong64@npm:0.28.1"
  conditions: os=linux & cpu=loong64
  languageName: node
  linkType: hard

"@esbuild/linux-mips64el@npm:0.28.1":
  version: 0.28.1
  resolution: "@esbuild/linux-mips64el@npm:0.28.1"
  conditions: os=linux & cpu=mips64el
  languageName: node
  linkType: hard

"@esbuild/linux-ppc64@npm:0.28.1":
  version: 0.28.1
  resolution: "@esbuild/linux-ppc64@npm:0.28.1"
  conditions: os=linux & cpu=ppc64
  languageName: node
  linkType: hard

"@esbuild/linux-riscv64@npm:0.28.1":
  version: 0.28.1
  resolution: "@esbuild/linux-riscv64@npm:0.28.1"
  conditions: os=linux & cpu=riscv64
  languageName: node
  linkType: hard

"@esbuild/linux-s390x@npm:0.28.1":
  version: 0.28.1
  resolution: "@esbuild/linux-s390x@npm:0.28.1"
  conditions: os=linux & cpu=s390x
  languageName: node
  linkType: hard

"@esbuild/linux-x64@npm:0.28.1":
  version: 0.28.1
  resolution: "@esbuild/linux-x64@npm:0.28.1"
  conditions: os=linux & cpu=x64
  languageName: node
  linkType: hard

"@esbuild/netbsd-arm64@npm:0.28.1":
  version: 0.28.1
  resolution: "@esbuild/netbsd-arm64@npm:0.28.1"
  conditions: os=netbsd & cpu=arm64
  languageName: node
  linkType: hard

"@esbuild/netbsd-x64@npm:0.28.1":
  version: 0.28.1
  resolution: "@esbuild/netbsd-x64@npm:0.28.1"
  conditions: os=netbsd & cpu=x64
  languageName: node
  linkType: hard

"@esbuild/openbsd-arm64@npm:0.28.1":
  version: 0.28.1
  resolution: "@esbuild/openbsd-arm64@npm:0.28.1"
  conditions: os=openbsd & cpu=arm64
  languageName: node
  linkType: hard

"@esbuild/openbsd-x64@npm:0.28.1":
  version: 0.28.1
  resolution: "@esbuild/openbsd-x64@npm:0.28.1"
  conditions: os=openbsd & cpu=x64
  languageName: node
  linkType: hard

"@esbuild/openharmony-arm64@npm:0.28.1":
  version: 0.28.1
  resolution: "@esbuild/openharmony-arm64@npm:0.28.1"
  conditions: os=openharmony & cpu=arm64
  languageName: node
  linkType: hard

"@esbuild/sunos-x64@npm:0.28.1":
  version: 0.28.1
  resolution: "@esbuild/sunos-x64@npm:0.28.1"
  conditions: os=sunos & cpu=x64
  languageName: node
  linkType: hard

"@esbuild/win32-arm64@npm:0.28.1":
  version: 0.28.1
  resolution: "@esbuild/win32-arm64@npm:0.28.1"
  conditions: os=win32 & cpu=arm64
  languageName: node
  linkType: hard

"@esbuild/win32-ia32@npm:0.28.1":
  version: 0.28.1
  resolution: "@esbuild/win32-ia32@npm:0.28.1"
  conditions: os=win32 & cpu=ia32
  languageName: node
  linkType: hard

"@esbuild/win32-x64@npm:0.28.1":
  version: 0.28.1
  resolution: "@esbuild/win32-x64@npm:0.28.1"
  conditions: os=win32 & cpu=x64
  languageName: node
  linkType: hard

"@fast-csv/format@npm:^5.0.7":
  version: 5.0.7
  resolution: "@fast-csv/format@npm:5.0.7"
  dependencies:
    lodash.escaperegexp: "npm:^4.1.2"
  checksum: 10c0/0553cbdac921ce2c33438e301582777314c0fc0044276ef436cb497cd8e9067928799e5dbe6b730e5f71fc076a2ead66479cf69388d3ebef9780b6c19343d448
  languageName: node
  linkType: hard

"@isaacs/fs-minipass@npm:^4.0.0":
  version: 4.0.1
  resolution: "@isaacs/fs-minipass@npm:4.0.1"
  dependencies:
    minipass: "npm:^7.0.4"
  checksum: 10c0/c25b6dc1598790d5b55c0947a9b7d111cfa92594db5296c3b907e2f533c033666f692a3939eadac17b1c7c40d362d0b0635dc874cbfe3e70db7c2b07cc97a5d2
  languageName: node
  linkType: hard

"@nodable/entities@npm:^2.1.0":
  version: 2.2.0
  resolution: "@nodable/entities@npm:2.2.0"
  checksum: 10c0/a5ace5b2f747ae5b851f68a1731526c3e10feacde80469415d15a0df0e960251b515e3cd4ea080a3534e0610ac74b0d3252f607ef2f536bcc97e22d324231578
  languageName: node
  linkType: hard

"@smithy/core@npm:^3.24.6, @smithy/core@npm:^3.25.1":
  version: 3.25.1
  resolution: "@smithy/core@npm:3.25.1"
  dependencies:
    "@aws-crypto/crc32": "npm:5.2.0"
    "@smithy/types": "npm:^4.15.0"
    tslib: "npm:^2.6.2"
  checksum: 10c0/56dad79b35242e0bb1acc7541034ee1debb80974768a7d9567f3bc6bd66de9910a7a375a8769a256c58deafae2970af6649f899738f931919a01e436c64071b3
  languageName: node
  linkType: hard

"@smithy/credential-provider-imds@npm:^4.3.7":
  version: 4.4.1
  resolution: "@smithy/credential-provider-imds@npm:4.4.1"
  dependencies:
    "@smithy/core": "npm:^3.25.1"
    "@smithy/types": "npm:^4.15.0"
    tslib: "npm:^2.6.2"
  checksum: 10c0/a235ad7730188c958f5ebc5c467859a314a31924f5a7d027bf2357fa7991360acd41798b3f2f678e73ee376202aca1b87187e4345fc7d0fac417789388164dd4
  languageName: node
  linkType: hard

"@smithy/fetch-http-handler@npm:^5.4.6":
  version: 5.5.1
  resolution: "@smithy/fetch-http-handler@npm:5.5.1"
  dependencies:
    "@smithy/core": "npm:^3.25.1"
    "@smithy/types": "npm:^4.15.0"
    tslib: "npm:^2.6.2"
  checksum: 10c0/db9980e5693538fd9e4dbc2b928a68b40069083c2ae1ba380a9edc60d3130452a062d8be7fd0cfbbab475c573a9671b60feb7a6c90e61282bf45dab3dc2264d0
  languageName: node
  linkType: hard

"@smithy/is-array-buffer@npm:^2.2.0":
  version: 2.2.0
  resolution: "@smithy/is-array-buffer@npm:2.2.0"
  dependencies:
    tslib: "npm:^2.6.2"
  checksum: 10c0/2f2523cd8cc4538131e408eb31664983fecb0c8724956788b015aaf3ab85a0c976b50f4f09b176f1ed7bbe79f3edf80743be7a80a11f22cd9ce1285d77161aaf
  languageName: node
  linkType: hard

"@smithy/node-http-handler@npm:^4.7.6":
  version: 4.8.1
  resolution: "@smithy/node-http-handler@npm:4.8.1"
  dependencies:
    "@smithy/core": "npm:^3.25.1"
    "@smithy/types": "npm:^4.15.0"
    tslib: "npm:^2.6.2"
  checksum: 10c0/4b63e1f38f77e2f4cce20b248fe9a08ff8ca31f2a5b40eaa4c931565008cb0efe68b9e6e1c07c71cdd7e494d2e76823532bba16f04982f876232768d7bcd4708
  languageName: node
  linkType: hard

"@smithy/signature-v4@npm:^5.4.6":
  version: 5.5.1
  resolution: "@smithy/signature-v4@npm:5.5.1"
  dependencies:
    "@smithy/core": "npm:^3.25.1"
    "@smithy/types": "npm:^4.15.0"
    tslib: "npm:^2.6.2"
  checksum: 10c0/0f0f5bc233b3bc4cd0b64d295e74d1d1047ebc38d2759e56ca6a591a3207de93d198a311b245278765428960b0b466c2d5b67247fa5c500c58de874734ed8d7a
  languageName: node
  linkType: hard

"@smithy/types@npm:^4.14.3, @smithy/types@npm:^4.15.0":
  version: 4.15.0
  resolution: "@smithy/types@npm:4.15.0"
  dependencies:
    tslib: "npm:^2.6.2"
  checksum: 10c0/18b7f64544c7450dbc5602817d6f1a6bc337fcb19bc56d6df977bfcf7a25e233640df1f7f1791cc50a291dfedf30b99f5942ea517e0611b37f4c4a79327637cf
  languageName: node
  linkType: hard

"@smithy/util-buffer-from@npm:^2.2.0":
  version: 2.2.0
  resolution: "@smithy/util-buffer-from@npm:2.2.0"
  dependencies:
    "@smithy/is-array-buffer": "npm:^2.2.0"
    tslib: "npm:^2.6.2"
  checksum: 10c0/223d6a508b52ff236eea01cddc062b7652d859dd01d457a4e50365af3de1e24a05f756e19433f6ccf1538544076b4215469e21a4ea83dc1d58d829725b0dbc5a
  languageName: node
  linkType: hard

"@smithy/util-utf8@npm:^2.0.0":
  version: 2.3.0
  resolution: "@smithy/util-utf8@npm:2.3.0"
  dependencies:
    "@smithy/util-buffer-from": "npm:^2.2.0"
    tslib: "npm:^2.6.2"
  checksum: 10c0/e18840c58cc507ca57fdd624302aefd13337ee982754c9aa688463ffcae598c08461e8620e9852a424d662ffa948fc64919e852508028d09e89ced459bd506ab
  languageName: node
  linkType: hard

"abbrev@npm:^5.0.0":
  version: 5.0.0
  resolution: "abbrev@npm:5.0.0"
  checksum: 10c0/8e88f5c798ea4562d28c5a3e9ad69e3879890bc5d695d8f2dffb8609be4c890aacc8f80ef4553fdd2c6a62d70c2ce8bc57b38074e383beb7487bdafa9ed42ea5
  languageName: node
  linkType: hard

"anynum@npm:^1.0.1":
  version: 1.0.1
  resolution: "anynum@npm:1.0.1"
  checksum: 10c0/cfda92c9215722fc4b15faa33d0eb3d5dfd28fba6cb67c1f50d214feaa7ba6497814a3e110777853585de6d91c8c962a1ae425b637d3598d9f9d8f6f6802e5bb
  languageName: node
  linkType: hard

"bowser@npm:^2.11.0":
  version: 2.14.1
  resolution: "bowser@npm:2.14.1"
  checksum: 10c0/bb69b55ba7f0456e3dc07d0cfd9467f985581f640ba8fd426b08754a6737ee0d6cf3b50607941e5255f04c83075b952ece0599f978dd4d20f1e95461104c5ffd
  languageName: node
  linkType: hard

"chownr@npm:^3.0.0":
  version: 3.0.0
  resolution: "chownr@npm:3.0.0"
  checksum: 10c0/43925b87700f7e3893296c8e9c56cc58f926411cce3a6e5898136daaf08f08b9a8eb76d37d3267e707d0dcc17aed2e2ebdf5848c0c3ce95cf910a919935c1b10
  languageName: node
  linkType: hard

"dotenv@npm:^16.4.5":
  version: 16.6.1
  resolution: "dotenv@npm:16.6.1"
  checksum: 10c0/15ce56608326ea0d1d9414a5c8ee6dcf0fffc79d2c16422b4ac2268e7e2d76ff5a572d37ffe747c377de12005f14b3cc22361e79fc7f1061cce81f77d2c973dc
  languageName: node
  linkType: hard

"env-paths@npm:^2.2.0":
  version: 2.2.1
  resolution: "env-paths@npm:2.2.1"
  checksum: 10c0/285325677bf00e30845e330eec32894f5105529db97496ee3f598478e50f008c5352a41a30e5e72ec9de8a542b5a570b85699cd63bd2bc646dbcb9f311d83bc4
  languageName: node
  linkType: hard

"esbuild@npm:~0.28.0":
  version: 0.28.1
  resolution: "esbuild@npm:0.28.1"
  dependencies:
    "@esbuild/aix-ppc64": "npm:0.28.1"
    "@esbuild/android-arm": "npm:0.28.1"
    "@esbuild/android-arm64": "npm:0.28.1"
    "@esbuild/android-x64": "npm:0.28.1"
    "@esbuild/darwin-arm64": "npm:0.28.1"
    "@esbuild/darwin-x64": "npm:0.28.1"
    "@esbuild/freebsd-arm64": "npm:0.28.1"
    "@esbuild/freebsd-x64": "npm:0.28.1"
    "@esbuild/linux-arm": "npm:0.28.1"
    "@esbuild/linux-arm64": "npm:0.28.1"
    "@esbuild/linux-ia32": "npm:0.28.1"
    "@esbuild/linux-loong64": "npm:0.28.1"
    "@esbuild/linux-mips64el": "npm:0.28.1"
    "@esbuild/linux-ppc64": "npm:0.28.1"
    "@esbuild/linux-riscv64": "npm:0.28.1"
    "@esbuild/linux-s390x": "npm:0.28.1"
    "@esbuild/linux-x64": "npm:0.28.1"
    "@esbuild/netbsd-arm64": "npm:0.28.1"
    "@esbuild/netbsd-x64": "npm:0.28.1"
    "@esbuild/openbsd-arm64": "npm:0.28.1"
    "@esbuild/openbsd-x64": "npm:0.28.1"
    "@esbuild/openharmony-arm64": "npm:0.28.1"
    "@esbuild/sunos-x64": "npm:0.28.1"
    "@esbuild/win32-arm64": "npm:0.28.1"
    "@esbuild/win32-ia32": "npm:0.28.1"
    "@esbuild/win32-x64": "npm:0.28.1"
  dependenciesMeta:
    "@esbuild/aix-ppc64":
      optional: true
    "@esbuild/android-arm":
      optional: true
    "@esbuild/android-arm64":
      optional: true
    "@esbuild/android-x64":
      optional: true
    "@esbuild/darwin-arm64":
      optional: true
    "@esbuild/darwin-x64":
      optional: true
    "@esbuild/freebsd-arm64":
      optional: true
    "@esbuild/freebsd-x64":
      optional: true
    "@esbuild/linux-arm":
      optional: true
    "@esbuild/linux-arm64":
      optional: true
    "@esbuild/linux-ia32":
      optional: true
    "@esbuild/linux-loong64":
      optional: true
    "@esbuild/linux-mips64el":
      optional: true
    "@esbuild/linux-ppc64":
      optional: true
    "@esbuild/linux-riscv64":
      optional: true
    "@esbuild/linux-s390x":
      optional: true
    "@esbuild/linux-x64":
      optional: true
    "@esbuild/netbsd-arm64":
      optional: true
    "@esbuild/netbsd-x64":
      optional: true
    "@esbuild/openbsd-arm64":
      optional: true
    "@esbuild/openbsd-x64":
      optional: true
    "@esbuild/openharmony-arm64":
      optional: true
    "@esbuild/sunos-x64":
      optional: true
    "@esbuild/win32-arm64":
      optional: true
    "@esbuild/win32-ia32":
      optional: true
    "@esbuild/win32-x64":
      optional: true
  bin:
    esbuild: bin/esbuild
  checksum: 10c0/29cd456a79ce35ac2c7e05fe871330416b2c395c045d849653f843e51378d6e0d6e774d6dcd01b35f4e83238a29bf8decd04fcd34b3780c589a250b21e5f92bb
  languageName: node
  linkType: hard

"exponential-backoff@npm:^3.1.1":
  version: 3.1.3
  resolution: "exponential-backoff@npm:3.1.3"
  checksum: 10c0/77e3ae682b7b1f4972f563c6dbcd2b0d54ac679e62d5d32f3e5085feba20483cf28bd505543f520e287a56d4d55a28d7874299941faf637e779a1aa5994d1267
  languageName: node
  linkType: hard

"fast-xml-builder@npm:^1.1.7":
  version: 1.2.0
  resolution: "fast-xml-builder@npm:1.2.0"
  dependencies:
    path-expression-matcher: "npm:^1.5.0"
    xml-naming: "npm:^0.1.0"
  checksum: 10c0/84bb105cd04e91d6dcb746c4dbaeb12903b510e7ab9a06ffde55b5a582e005559a87d84467f18a655c6c4baf098f696fd74cee3cbe1aea9d01385907768ba32d
  languageName: node
  linkType: hard

"fast-xml-parser@npm:5.7.3":
  version: 5.7.3
  resolution: "fast-xml-parser@npm:5.7.3"
  dependencies:
    "@nodable/entities": "npm:^2.1.0"
    fast-xml-builder: "npm:^1.1.7"
    path-expression-matcher: "npm:^1.5.0"
    strnum: "npm:^2.2.3"
  bin:
    fxparser: src/cli/cli.js
  checksum: 10c0/eeb802855e852ce16121396297f04131c6dbc74f863be94f19e26e386656bdb31677af469ddc6627983a48b99d8842888460ac5413063cb648fde547bb579978
  languageName: node
  linkType: hard

"fdir@npm:^6.5.0":
  version: 6.5.0
  resolution: "fdir@npm:6.5.0"
  peerDependencies:
    picomatch: ^3 || ^4
  peerDependenciesMeta:
    picomatch:
      optional: true
  checksum: 10c0/e345083c4306b3aed6cb8ec551e26c36bab5c511e99ea4576a16750ddc8d3240e63826cc624f5ae17ad4dc82e68a253213b60d556c11bfad064b7607847ed07f
  languageName: node
  linkType: hard

"fsevents@npm:~2.3.3":
  version: 2.3.3
  resolution: "fsevents@npm:2.3.3"
  dependencies:
    node-gyp: "npm:latest"
  checksum: 10c0/a1f0c44595123ed717febbc478aa952e47adfc28e2092be66b8ab1635147254ca6cfe1df792a8997f22716d4cbafc73309899ff7bfac2ac3ad8cf2e4ecc3ec60
  conditions: os=darwin
  languageName: node
  linkType: hard

"fsevents@patch:fsevents@npm%3A~2.3.3#optional!builtin<compat/fsevents>":
  version: 2.3.3
  resolution: "fsevents@patch:fsevents@npm%3A2.3.3#optional!builtin<compat/fsevents>::version=2.3.3&hash=df0bf1"
  dependencies:
    node-gyp: "npm:latest"
  conditions: os=darwin
  languageName: node
  linkType: hard

"graceful-fs@npm:^4.2.6":
  version: 4.2.11
  resolution: "graceful-fs@npm:4.2.11"
  checksum: 10c0/386d011a553e02bc594ac2ca0bd6d9e4c22d7fa8cfbfc448a6d148c59ea881b092db9dbe3547ae4b88e55f1b01f7c4a2ecc53b310c042793e63aa44cf6c257f2
  languageName: node
  linkType: hard

"isexe@npm:^4.0.0":
  version: 4.0.0
  resolution: "isexe@npm:4.0.0"
  checksum: 10c0/5884815115bceac452877659a9c7726382531592f43dc29e5d48b7c4100661aed54018cb90bd36cb2eaeba521092570769167acbb95c18d39afdccbcca06c5ce
  languageName: node
  linkType: hard

"lodash.escaperegexp@npm:^4.1.2":
  version: 4.1.2
  resolution: "lodash.escaperegexp@npm:4.1.2"
  checksum: 10c0/484ad4067fa9119bb0f7c19a36ab143d0173a081314993fe977bd00cf2a3c6a487ce417a10f6bac598d968364f992153315f0dbe25c9e38e3eb7581dd333e087
  languageName: node
  linkType: hard

"minipass@npm:^7.0.4, minipass@npm:^7.1.2":
  version: 7.1.3
  resolution: "minipass@npm:7.1.3"
  checksum: 10c0/539da88daca16533211ea5a9ee98dc62ff5742f531f54640dd34429e621955e91cc280a91a776026264b7f9f6735947629f920944e9c1558369e8bf22eb33fbb
  languageName: node
  linkType: hard

"minizlib@npm:^3.1.0":
  version: 3.1.0
  resolution: "minizlib@npm:3.1.0"
  dependencies:
    minipass: "npm:^7.1.2"
  checksum: 10c0/5aad75ab0090b8266069c9aabe582c021ae53eb33c6c691054a13a45db3b4f91a7fb1bd79151e6b4e9e9a86727b522527c0a06ec7d45206b745d54cd3097bcec
  languageName: node
  linkType: hard

"mnemonist@npm:0.38.3":
  version: 0.38.3
  resolution: "mnemonist@npm:0.38.3"
  dependencies:
    obliterator: "npm:^1.6.1"
  checksum: 10c0/064aa1ee1a89fce2754423b3617c598fd65bc34311eb3c01dc063976f6b819b073bd23532415cf8c92240157b4c8fbb7ec5d79d717f2bd4fcd95d8131cb23acb
  languageName: node
  linkType: hard

"node-gyp@npm:latest":
  version: 13.0.0
  resolution: "node-gyp@npm:13.0.0"
  dependencies:
    env-paths: "npm:^2.2.0"
    exponential-backoff: "npm:^3.1.1"
    graceful-fs: "npm:^4.2.6"
    nopt: "npm:^10.0.0"
    proc-log: "npm:^7.0.0"
    semver: "npm:^7.3.5"
    tar: "npm:^7.5.4"
    tinyglobby: "npm:^0.2.12"
    undici: "npm:^6.25.0"
    which: "npm:^7.0.0"
  bin:
    node-gyp: bin/node-gyp.js
  checksum: 10c0/e7525c427db2d16aa368b8947187de83083d2a8dda23e3e096a71c22ae637ac5bb8ed7cf6c871f1b9118cd2729dbfee4ff3a4245e2b79226900227b15831b492
  languageName: node
  linkType: hard

"nopt@npm:^10.0.0":
  version: 10.0.1
  resolution: "nopt@npm:10.0.1"
  dependencies:
    abbrev: "npm:^5.0.0"
  bin:
    nopt: bin/nopt.js
  checksum: 10c0/980d89257f9587f3e1f77877ddbf905d6aa3b738ec33e49a4fa1a059a0dd82eb28063982b150654a7ae9de386f2ead60e56172db7d37cf56de545f7392a2a26a
  languageName: node
  linkType: hard

"obliterator@npm:^1.6.1":
  version: 1.6.1
  resolution: "obliterator@npm:1.6.1"
  checksum: 10c0/5fad57319aae0ef6e34efa640541d41c2dd9790a7ab808f17dcb66c83a81333963fc2dfcfa6e1b62158e5cef6291cdcf15c503ad6c3de54b2227dd4c3d7e1b55
  languageName: node
  linkType: hard

"path-expression-matcher@npm:^1.5.0":
  version: 1.5.0
  resolution: "path-expression-matcher@npm:1.5.0"
  checksum: 10c0/646cb5bc66cd7d809a52288336f3ac1e6223f156fd8e912936e490e590f7f93e8056d4fd25fcbcc7da61bb698fa520112cb050372a3f65e7b79bd4afa0f77610
  languageName: node
  linkType: hard

"picomatch@npm:^4.0.4":
  version: 4.0.4
  resolution: "picomatch@npm:4.0.4"
  checksum: 10c0/e2c6023372cc7b5764719a5ffb9da0f8e781212fa7ca4bd0562db929df8e117460f00dff3cb7509dacfc06b86de924b247f504d0ce1806a37fac4633081466b0
  languageName: node
  linkType: hard

"proc-log@npm:^7.0.0":
  version: 7.0.0
  resolution: "proc-log@npm:7.0.0"
  checksum: 10c0/b89c2d862604f35fec795477b0c7e376feab3ba0d4f4d291c4e959567442697cf451ac557d0623c1cc38af45a78128b983410f397a10c5d3a67f76c33de4754b
  languageName: node
  linkType: hard

"semver@npm:^7.3.5":
  version: 7.8.4
  resolution: "semver@npm:7.8.4"
  bin:
    semver: bin/semver.js
  checksum: 10c0/81b7c296fd7927b80f67fa516b75fa1017caac8167795320de28e76ccbc6f7f01763c30ecd10d6a0d8fd089708ab0548a5aebb94b0870e99c2a2b4600a46389b
  languageName: node
  linkType: hard

"status_created_at_vault_name_items_migration@workspace:.":
  version: 0.0.0-use.local
  resolution: "status_created_at_vault_name_items_migration@workspace:."
  dependencies:
    "@aws-sdk/client-dynamodb": "npm:^3.873.0"
    "@aws-sdk/client-rds-data": "npm:^3.901.0"
    "@aws-sdk/lib-dynamodb": "npm:^3.873.0"
    "@fast-csv/format": "npm:^5.0.7"
    dotenv: "npm:^16.4.5"
    tsx: "npm:^4.19.2"
  languageName: unknown
  linkType: soft

"strnum@npm:^2.2.3":
  version: 2.4.1
  resolution: "strnum@npm:2.4.1"
  dependencies:
    anynum: "npm:^1.0.1"
  checksum: 10c0/0d6a42bf8a1ad74b0a6c048ecf3bea50757383bcf304877ebe6e62acca5574bc088ce71bfb4de4b89b2ab44c618834c76be5894da04b67c673ff6677788b2638
  languageName: node
  linkType: hard

"tar@npm:^7.5.4":
  version: 7.5.16
  resolution: "tar@npm:7.5.16"
  dependencies:
    "@isaacs/fs-minipass": "npm:^4.0.0"
    chownr: "npm:^3.0.0"
    minipass: "npm:^7.1.2"
    minizlib: "npm:^3.1.0"
    yallist: "npm:^5.0.0"
  checksum: 10c0/4f37f3c4bd2ca2755fd736a5df1d573c1a868ec1b1e893346aeafa95ac510f9e2fd1469420bd866cc7904799e5bd4ac62b5d4f03fe27747d6e1e373b44505c5c
  languageName: node
  linkType: hard

"tinyglobby@npm:^0.2.12":
  version: 0.2.17
  resolution: "tinyglobby@npm:0.2.17"
  dependencies:
    fdir: "npm:^6.5.0"
    picomatch: "npm:^4.0.4"
  checksum: 10c0/7f7bb0f197c88bc4b20c231e0deca4240ca3bf313a88f5a7fee93a872b84966a4d50220947c0455ad07a60b3b360961c5b7fd979222aeb716a9f99b412002e4c
  languageName: node
  linkType: hard

"tslib@npm:^2.6.2":
  version: 2.8.1
  resolution: "tslib@npm:2.8.1"
  checksum: 10c0/9c4759110a19c53f992d9aae23aac5ced636e99887b51b9e61def52611732872ff7668757d4e4c61f19691e36f4da981cd9485e869b4a7408d689f6bf1f14e62
  languageName: node
  linkType: hard

"tsx@npm:^4.19.2":
  version: 4.22.4
  resolution: "tsx@npm:4.22.4"
  dependencies:
    esbuild: "npm:~0.28.0"
    fsevents: "npm:~2.3.3"
  dependenciesMeta:
    fsevents:
      optional: true
  bin:
    tsx: dist/cli.mjs
  checksum: 10c0/3df31eb4929ff501b40b122163705b201ea57a492581e14312ae95d21eb015b33ded46a3fd564f9c89a0e8083186987fc4f10dd38182c4ad6241605974f6c927
  languageName: node
  linkType: hard

"undici@npm:^6.25.0":
  version: 6.27.0
  resolution: "undici@npm:6.27.0"
  checksum: 10c0/f88c3dae3957dbf9d93cb481440aced317bd3c4941b5914fea5efba516d51138988cdb5c76006f0bb1337e41d56c3443351055d492e73af2428521c37ba2a76f
  languageName: node
  linkType: hard

"which@npm:^7.0.0":
  version: 7.0.0
  resolution: "which@npm:7.0.0"
  dependencies:
    isexe: "npm:^4.0.0"
  bin:
    node-which: bin/which.js
  checksum: 10c0/ca0b54f198f78bbc4b7c02e34bda8d335cb352e0adb4cbca1c37b1a957af3a879a82c4c27ca6525bc942f548d8b64f816ef6528360af9f3de55ffb9b979b620d
  languageName: node
  linkType: hard

"xml-naming@npm:^0.1.0":
  version: 0.1.0
  resolution: "xml-naming@npm:0.1.0"
  checksum: 10c0/8c7614865361bcb7e53e3e091dac21c567e2b92d447919b2f072775aa9dcfc94a5255bd52fbaa0fd53c93513e53a23a6a835218ad2af512451dbc678392f85fe
  languageName: node
  linkType: hard

"yallist@npm:^5.0.0":
  version: 5.0.0
  resolution: "yallist@npm:5.0.0"
  checksum: 10c0/a499c81ce6d4a1d260d4ea0f6d49ab4da09681e32c3f0472dee16667ed69d01dae63a3b81745a24bd78476ec4fcf856114cb4896ace738e01da34b2c42235416
  languageName: node
  linkType: hard
