# THIS IS AN AUTOGENERATED FILE. DO NOT EDIT THIS FILE DIRECTLY.
# yarn lockfile v1


"@aws-crypto/crc32@3.0.0":
  version "3.0.0"
  resolved "https://registry.yarnpkg.com/@aws-crypto/crc32/-/crc32-3.0.0.tgz#07300eca214409c33e3ff769cd5697b57fdd38fa"
  integrity sha512-IzSgsrxUcsrejQbPVilIKy16kAT52EwB6zSaI+M3xxIhKh5+aldEyvI+z6erM7TCLB2BJsFrtHjp6/4/sr+3dA==
  dependencies:
    "@aws-crypto/util" "^3.0.0"
    "@aws-sdk/types" "^3.222.0"
    tslib "^1.11.1"

"@aws-crypto/ie11-detection@^3.0.0":
  version "3.0.0"
  resolved "https://registry.yarnpkg.com/@aws-crypto/ie11-detection/-/ie11-detection-3.0.0.tgz#640ae66b4ec3395cee6a8e94ebcd9f80c24cd688"
  integrity sha512-341lBBkiY1DfDNKai/wXM3aujNBkXR7tq1URPQDL9wi3AUbI80NR74uF1TXHMm7po1AcnFk8iu2S2IeU/+/A+Q==
  dependencies:
    tslib "^1.11.1"

"@aws-crypto/sha256-browser@3.0.0":
  version "3.0.0"
  resolved "https://registry.yarnpkg.com/@aws-crypto/sha256-browser/-/sha256-browser-3.0.0.tgz#05f160138ab893f1c6ba5be57cfd108f05827766"
  integrity sha512-8VLmW2B+gjFbU5uMeqtQM6Nj0/F1bro80xQXCW6CQBWgosFWXTx77aeOF5CAIAmbOK64SdMBJdNr6J41yP5mvQ==
  dependencies:
    "@aws-crypto/ie11-detection" "^3.0.0"
    "@aws-crypto/sha256-js" "^3.0.0"
    "@aws-crypto/supports-web-crypto" "^3.0.0"
    "@aws-crypto/util" "^3.0.0"
    "@aws-sdk/types" "^3.222.0"
    "@aws-sdk/util-locate-window" "^3.0.0"
    "@aws-sdk/util-utf8-browser" "^3.0.0"
    tslib "^1.11.1"

"@aws-crypto/sha256-js@3.0.0", "@aws-crypto/sha256-js@^3.0.0":
  version "3.0.0"
  resolved "https://registry.yarnpkg.com/@aws-crypto/sha256-js/-/sha256-js-3.0.0.tgz#f06b84d550d25521e60d2a0e2a90139341e007c2"
  integrity sha512-PnNN7os0+yd1XvXAy23CFOmTbMaDxgxXtTKHybrJ39Y8kGzBATgBFibWJKH6BhytLI/Zyszs87xCOBNyBig6vQ==
  dependencies:
    "@aws-crypto/util" "^3.0.0"
    "@aws-sdk/types" "^3.222.0"
    tslib "^1.11.1"

"@aws-crypto/supports-web-crypto@^3.0.0":
  version "3.0.0"
  resolved "https://registry.yarnpkg.com/@aws-crypto/supports-web-crypto/-/supports-web-crypto-3.0.0.tgz#5d1bf825afa8072af2717c3e455f35cda0103ec2"
  integrity sha512-06hBdMwUAb2WFTuGG73LSC0wfPu93xWwo5vL2et9eymgmu3Id5vFAHBbajVWiGhPO37qcsdCap/FqXvJGJWPIg==
  dependencies:
    tslib "^1.11.1"

"@aws-crypto/util@^3.0.0":
  version "3.0.0"
  resolved "https://registry.yarnpkg.com/@aws-crypto/util/-/util-3.0.0.tgz#1c7ca90c29293f0883468ad48117937f0fe5bfb0"
  integrity sha512-2OJlpeJpCR48CC8r+uKVChzs9Iungj9wkZrl8Z041DWEWvyIHILYKCPNzJghKsivj+S3mLo6BVc7mBNzdxA46w==
  dependencies:
    "@aws-sdk/types" "^3.222.0"
    "@aws-sdk/util-utf8-browser" "^3.0.0"
    tslib "^1.11.1"

"@aws-sdk/abort-controller@3.347.0":
  version "3.347.0"
  resolved "https://registry.yarnpkg.com/@aws-sdk/abort-controller/-/abort-controller-3.347.0.tgz#8f1dc9f7e2030b3eabe2f05722d3d99e783e295f"
  integrity sha512-P/2qE6ntYEmYG4Ez535nJWZbXqgbkJx8CMz7ChEuEg3Gp3dvVYEKg+iEUEvlqQ2U5dWP5J3ehw5po9t86IsVPQ==
  dependencies:
    "@aws-sdk/types" "3.347.0"
    tslib "^2.5.0"

"@aws-sdk/client-cognito-identity-provider@^3.234.0":
  version "3.354.0"
  resolved "https://registry.yarnpkg.com/@aws-sdk/client-cognito-identity-provider/-/client-cognito-identity-provider-3.354.0.tgz#10bda0e1884c703dd940cafa5c451ded45a407bd"
  integrity sha512-ASus5cWx7sLvu+82w66zIpGYLH3nj32SyU0hXoKrAm1bPmIn1PJBaF20nLEuLgX80S+cJDs5bha1XOglvioSFg==
  dependencies:
    "@aws-crypto/sha256-browser" "3.0.0"
    "@aws-crypto/sha256-js" "3.0.0"
    "@aws-sdk/client-sts" "3.354.0"
    "@aws-sdk/config-resolver" "3.354.0"
    "@aws-sdk/credential-provider-node" "3.354.0"
    "@aws-sdk/fetch-http-handler" "3.353.0"
    "@aws-sdk/hash-node" "3.347.0"
    "@aws-sdk/invalid-dependency" "3.347.0"
    "@aws-sdk/middleware-content-length" "3.347.0"
    "@aws-sdk/middleware-endpoint" "3.347.0"
    "@aws-sdk/middleware-host-header" "3.347.0"
    "@aws-sdk/middleware-logger" "3.347.0"
    "@aws-sdk/middleware-recursion-detection" "3.347.0"
    "@aws-sdk/middleware-retry" "3.354.0"
    "@aws-sdk/middleware-serde" "3.347.0"
    "@aws-sdk/middleware-signing" "3.354.0"
    "@aws-sdk/middleware-stack" "3.347.0"
    "@aws-sdk/middleware-user-agent" "3.352.0"
    "@aws-sdk/node-config-provider" "3.354.0"
    "@aws-sdk/node-http-handler" "3.350.0"
    "@aws-sdk/smithy-client" "3.347.0"
    "@aws-sdk/types" "3.347.0"
    "@aws-sdk/url-parser" "3.347.0"
    "@aws-sdk/util-base64" "3.310.0"
    "@aws-sdk/util-body-length-browser" "3.310.0"
    "@aws-sdk/util-body-length-node" "3.310.0"
    "@aws-sdk/util-defaults-mode-browser" "3.353.0"
    "@aws-sdk/util-defaults-mode-node" "3.354.0"
    "@aws-sdk/util-endpoints" "3.352.0"
    "@aws-sdk/util-retry" "3.347.0"
    "@aws-sdk/util-user-agent-browser" "3.347.0"
    "@aws-sdk/util-user-agent-node" "3.354.0"
    "@aws-sdk/util-utf8" "3.310.0"
    "@smithy/protocol-http" "^1.0.1"
    "@smithy/types" "^1.0.0"
    tslib "^2.5.0"

"@aws-sdk/client-iam@^3.238.0":
  version "3.354.0"
  resolved "https://registry.yarnpkg.com/@aws-sdk/client-iam/-/client-iam-3.354.0.tgz#8d16220f4ef3a478eda524fcd60206735765fdcf"
  integrity sha512-maoJMtmgQfAJ4W/Bhfba66hvY/qufYgs5XAxWP0cF80cbkyR/ZlTJ642EHTXEpEFUKdcUb/rOchW/LuLBYIp3g==
  dependencies:
    "@aws-crypto/sha256-browser" "3.0.0"
    "@aws-crypto/sha256-js" "3.0.0"
    "@aws-sdk/client-sts" "3.354.0"
    "@aws-sdk/config-resolver" "3.354.0"
    "@aws-sdk/credential-provider-node" "3.354.0"
    "@aws-sdk/fetch-http-handler" "3.353.0"
    "@aws-sdk/hash-node" "3.347.0"
    "@aws-sdk/invalid-dependency" "3.347.0"
    "@aws-sdk/middleware-content-length" "3.347.0"
    "@aws-sdk/middleware-endpoint" "3.347.0"
    "@aws-sdk/middleware-host-header" "3.347.0"
    "@aws-sdk/middleware-logger" "3.347.0"
    "@aws-sdk/middleware-recursion-detection" "3.347.0"
    "@aws-sdk/middleware-retry" "3.354.0"
    "@aws-sdk/middleware-serde" "3.347.0"
    "@aws-sdk/middleware-signing" "3.354.0"
    "@aws-sdk/middleware-stack" "3.347.0"
    "@aws-sdk/middleware-user-agent" "3.352.0"
    "@aws-sdk/node-config-provider" "3.354.0"
    "@aws-sdk/node-http-handler" "3.350.0"
    "@aws-sdk/smithy-client" "3.347.0"
    "@aws-sdk/types" "3.347.0"
    "@aws-sdk/url-parser" "3.347.0"
    "@aws-sdk/util-base64" "3.310.0"
    "@aws-sdk/util-body-length-browser" "3.310.0"
    "@aws-sdk/util-body-length-node" "3.310.0"
    "@aws-sdk/util-defaults-mode-browser" "3.353.0"
    "@aws-sdk/util-defaults-mode-node" "3.354.0"
    "@aws-sdk/util-endpoints" "3.352.0"
    "@aws-sdk/util-retry" "3.347.0"
    "@aws-sdk/util-user-agent-browser" "3.347.0"
    "@aws-sdk/util-user-agent-node" "3.354.0"
    "@aws-sdk/util-utf8" "3.310.0"
    "@aws-sdk/util-waiter" "3.347.0"
    "@smithy/protocol-http" "^1.0.1"
    "@smithy/types" "^1.0.0"
    fast-xml-parser "4.2.4"
    tslib "^2.5.0"

"@aws-sdk/client-sso-oidc@3.354.0":
  version "3.354.0"
  resolved "https://registry.yarnpkg.com/@aws-sdk/client-sso-oidc/-/client-sso-oidc-3.354.0.tgz#2a99ed5579a65c0157d99d9f43236863c450bbee"
  integrity sha512-XZcg4s2zKb4S8ltluiw5yxpm974uZqzo2HTECt1lbzUJgVgLsMAh/nPJ1fLqg4jadT+rf8Lq2FEFqOM/vxWT8A==
  dependencies:
    "@aws-crypto/sha256-browser" "3.0.0"
    "@aws-crypto/sha256-js" "3.0.0"
    "@aws-sdk/config-resolver" "3.354.0"
    "@aws-sdk/fetch-http-handler" "3.353.0"
    "@aws-sdk/hash-node" "3.347.0"
    "@aws-sdk/invalid-dependency" "3.347.0"
    "@aws-sdk/middleware-content-length" "3.347.0"
    "@aws-sdk/middleware-endpoint" "3.347.0"
    "@aws-sdk/middleware-host-header" "3.347.0"
    "@aws-sdk/middleware-logger" "3.347.0"
    "@aws-sdk/middleware-recursion-detection" "3.347.0"
    "@aws-sdk/middleware-retry" "3.354.0"
    "@aws-sdk/middleware-serde" "3.347.0"
    "@aws-sdk/middleware-stack" "3.347.0"
    "@aws-sdk/middleware-user-agent" "3.352.0"
    "@aws-sdk/node-config-provider" "3.354.0"
    "@aws-sdk/node-http-handler" "3.350.0"
    "@aws-sdk/smithy-client" "3.347.0"
    "@aws-sdk/types" "3.347.0"
    "@aws-sdk/url-parser" "3.347.0"
    "@aws-sdk/util-base64" "3.310.0"
    "@aws-sdk/util-body-length-browser" "3.310.0"
    "@aws-sdk/util-body-length-node" "3.310.0"
    "@aws-sdk/util-defaults-mode-browser" "3.353.0"
    "@aws-sdk/util-defaults-mode-node" "3.354.0"
    "@aws-sdk/util-endpoints" "3.352.0"
    "@aws-sdk/util-retry" "3.347.0"
    "@aws-sdk/util-user-agent-browser" "3.347.0"
    "@aws-sdk/util-user-agent-node" "3.354.0"
    "@aws-sdk/util-utf8" "3.310.0"
    "@smithy/protocol-http" "^1.0.1"
    "@smithy/types" "^1.0.0"
    tslib "^2.5.0"

"@aws-sdk/client-sso@3.354.0":
  version "3.354.0"
  resolved "https://registry.yarnpkg.com/@aws-sdk/client-sso/-/client-sso-3.354.0.tgz#60810abfe575ef3f5f4a078e965eb8d3da95ea5f"
  integrity sha512-4jmvjJYDaaPmm1n2TG4LYfTEnHLKcJmImgBqhgzhMgaypb4u/k1iw0INV2r/afYPL/FsrLFwc46RM3HYx3nc4A==
  dependencies:
    "@aws-crypto/sha256-browser" "3.0.0"
    "@aws-crypto/sha256-js" "3.0.0"
    "@aws-sdk/config-resolver" "3.354.0"
    "@aws-sdk/fetch-http-handler" "3.353.0"
    "@aws-sdk/hash-node" "3.347.0"
    "@aws-sdk/invalid-dependency" "3.347.0"
    "@aws-sdk/middleware-content-length" "3.347.0"
    "@aws-sdk/middleware-endpoint" "3.347.0"
    "@aws-sdk/middleware-host-header" "3.347.0"
    "@aws-sdk/middleware-logger" "3.347.0"
    "@aws-sdk/middleware-recursion-detection" "3.347.0"
    "@aws-sdk/middleware-retry" "3.354.0"
    "@aws-sdk/middleware-serde" "3.347.0"
    "@aws-sdk/middleware-stack" "3.347.0"
    "@aws-sdk/middleware-user-agent" "3.352.0"
    "@aws-sdk/node-config-provider" "3.354.0"
    "@aws-sdk/node-http-handler" "3.350.0"
    "@aws-sdk/smithy-client" "3.347.0"
    "@aws-sdk/types" "3.347.0"
    "@aws-sdk/url-parser" "3.347.0"
    "@aws-sdk/util-base64" "3.310.0"
    "@aws-sdk/util-body-length-browser" "3.310.0"
    "@aws-sdk/util-body-length-node" "3.310.0"
    "@aws-sdk/util-defaults-mode-browser" "3.353.0"
    "@aws-sdk/util-defaults-mode-node" "3.354.0"
    "@aws-sdk/util-endpoints" "3.352.0"
    "@aws-sdk/util-retry" "3.347.0"
    "@aws-sdk/util-user-agent-browser" "3.347.0"
    "@aws-sdk/util-user-agent-node" "3.354.0"
    "@aws-sdk/util-utf8" "3.310.0"
    "@smithy/protocol-http" "^1.0.1"
    "@smithy/types" "^1.0.0"
    tslib "^2.5.0"

"@aws-sdk/client-sts@3.354.0":
  version "3.354.0"
  resolved "https://registry.yarnpkg.com/@aws-sdk/client-sts/-/client-sts-3.354.0.tgz#3ff15a95c8361aef485954b23a2051d1c77e0d04"
  integrity sha512-l9Ar/C/3PNlToM1ukHVfBtp4plbRUxLMYY2DOTMI0nb3jzfcvETBcdEGCP51fX4uAfJ2vc4g5qBF/qXKX0LMWA==
  dependencies:
    "@aws-crypto/sha256-browser" "3.0.0"
    "@aws-crypto/sha256-js" "3.0.0"
    "@aws-sdk/config-resolver" "3.354.0"
    "@aws-sdk/credential-provider-node" "3.354.0"
    "@aws-sdk/fetch-http-handler" "3.353.0"
    "@aws-sdk/hash-node" "3.347.0"
    "@aws-sdk/invalid-dependency" "3.347.0"
    "@aws-sdk/middleware-content-length" "3.347.0"
    "@aws-sdk/middleware-endpoint" "3.347.0"
    "@aws-sdk/middleware-host-header" "3.347.0"
    "@aws-sdk/middleware-logger" "3.347.0"
    "@aws-sdk/middleware-recursion-detection" "3.347.0"
    "@aws-sdk/middleware-retry" "3.354.0"
    "@aws-sdk/middleware-sdk-sts" "3.354.0"
    "@aws-sdk/middleware-serde" "3.347.0"
    "@aws-sdk/middleware-signing" "3.354.0"
    "@aws-sdk/middleware-stack" "3.347.0"
    "@aws-sdk/middleware-user-agent" "3.352.0"
    "@aws-sdk/node-config-provider" "3.354.0"
    "@aws-sdk/node-http-handler" "3.350.0"
    "@aws-sdk/smithy-client" "3.347.0"
    "@aws-sdk/types" "3.347.0"
    "@aws-sdk/url-parser" "3.347.0"
    "@aws-sdk/util-base64" "3.310.0"
    "@aws-sdk/util-body-length-browser" "3.310.0"
    "@aws-sdk/util-body-length-node" "3.310.0"
    "@aws-sdk/util-defaults-mode-browser" "3.353.0"
    "@aws-sdk/util-defaults-mode-node" "3.354.0"
    "@aws-sdk/util-endpoints" "3.352.0"
    "@aws-sdk/util-retry" "3.347.0"
    "@aws-sdk/util-user-agent-browser" "3.347.0"
    "@aws-sdk/util-user-agent-node" "3.354.0"
    "@aws-sdk/util-utf8" "3.310.0"
    "@smithy/protocol-http" "^1.0.1"
    "@smithy/types" "^1.0.0"
    fast-xml-parser "4.2.4"
    tslib "^2.5.0"

"@aws-sdk/config-resolver@3.354.0":
  version "3.354.0"
  resolved "https://registry.yarnpkg.com/@aws-sdk/config-resolver/-/config-resolver-3.354.0.tgz#8e8c85f7fc09b6fedfbfefdf41fadcfb9d2e0b07"
  integrity sha512-K4XWie8yJPT8bpYVX54VJMQhiJRTw8PrjEs9QrKqvwoCcZ3G4qEt40tIu33XksuokXxk8rrVH5d7odOPBsAtdg==
  dependencies:
    "@aws-sdk/types" "3.347.0"
    "@aws-sdk/util-config-provider" "3.310.0"
    "@aws-sdk/util-middleware" "3.347.0"
    tslib "^2.5.0"

"@aws-sdk/credential-provider-env@3.353.0":
  version "3.353.0"
  resolved "https://registry.yarnpkg.com/@aws-sdk/credential-provider-env/-/credential-provider-env-3.353.0.tgz#ef8c72978af09f4582cf98325f7f328e8f41574d"
  integrity sha512-Y4VsNS8O1FAD5J7S5itOhnOghQ5LIXlZ44t35nF8cbcF+JPvY3ToKzYpjYN1jM7DXKqU4shtqgYpzSqxlvEgKQ==
  dependencies:
    "@aws-sdk/property-provider" "3.353.0"
    "@aws-sdk/types" "3.347.0"
    tslib "^2.5.0"

"@aws-sdk/credential-provider-imds@3.354.0":
  version "3.354.0"
  resolved "https://registry.yarnpkg.com/@aws-sdk/credential-provider-imds/-/credential-provider-imds-3.354.0.tgz#3b3face6881817deedc3a06892990f90df3d4321"
  integrity sha512-AB+PuDd1jX6qgz+JYvIyOn8Kz9/lQ60KuY1TFb7g3S8zURw+DSeMJNR1jzEsorWICTzhxXmyasHVMa4Eo4Uq+Q==
  dependencies:
    "@aws-sdk/node-config-provider" "3.354.0"
    "@aws-sdk/property-provider" "3.353.0"
    "@aws-sdk/types" "3.347.0"
    "@aws-sdk/url-parser" "3.347.0"
    tslib "^2.5.0"

"@aws-sdk/credential-provider-ini@3.354.0":
  version "3.354.0"
  resolved "https://registry.yarnpkg.com/@aws-sdk/credential-provider-ini/-/credential-provider-ini-3.354.0.tgz#ec0d9df76a4c8bc422013a8ae5d66f38e3a475b1"
  integrity sha512-bn2ifrRsxWpxzwXa25jRdUECQ1dC+NB3YlRYnGdIaIQLF559N2jnfCabYzqyfKI++WU7aQeMofPe2PxVGlbv9Q==
  dependencies:
    "@aws-sdk/credential-provider-env" "3.353.0"
    "@aws-sdk/credential-provider-imds" "3.354.0"
    "@aws-sdk/credential-provider-process" "3.354.0"
    "@aws-sdk/credential-provider-sso" "3.354.0"
    "@aws-sdk/credential-provider-web-identity" "3.354.0"
    "@aws-sdk/property-provider" "3.353.0"
    "@aws-sdk/shared-ini-file-loader" "3.354.0"
    "@aws-sdk/types" "3.347.0"
    tslib "^2.5.0"

"@aws-sdk/credential-provider-node@3.354.0":
  version "3.354.0"
  resolved "https://registry.yarnpkg.com/@aws-sdk/credential-provider-node/-/credential-provider-node-3.354.0.tgz#1ab83974a0522dd784fcb7a4cb5a07b3864cb1fe"
  integrity sha512-ltKiRtHfqDaCcrb44DIoSHQ9MposFl/aDtNdu5OdQv/2Q1r7M/r2fQdq9DHOrxeQQjaUH4C6k6fGTsxALTHyNA==
  dependencies:
    "@aws-sdk/credential-provider-env" "3.353.0"
    "@aws-sdk/credential-provider-imds" "3.354.0"
    "@aws-sdk/credential-provider-ini" "3.354.0"
    "@aws-sdk/credential-provider-process" "3.354.0"
    "@aws-sdk/credential-provider-sso" "3.354.0"
    "@aws-sdk/credential-provider-web-identity" "3.354.0"
    "@aws-sdk/property-provider" "3.353.0"
    "@aws-sdk/shared-ini-file-loader" "3.354.0"
    "@aws-sdk/types" "3.347.0"
    tslib "^2.5.0"

"@aws-sdk/credential-provider-process@3.354.0":
  version "3.354.0"
  resolved "https://registry.yarnpkg.com/@aws-sdk/credential-provider-process/-/credential-provider-process-3.354.0.tgz#674f8eccaeffe17a3fff7d85878569be05ee9d8f"
  integrity sha512-AxpASm+tS8V1PY4PLfG9dtqa96lzBJ3niTQb+RAm4uYCddW7gxNDkGB+jSCzVdUPVa3xA2ITBS/ka3C5yM8YWg==
  dependencies:
    "@aws-sdk/property-provider" "3.353.0"
    "@aws-sdk/shared-ini-file-loader" "3.354.0"
    "@aws-sdk/types" "3.347.0"
    tslib "^2.5.0"

"@aws-sdk/credential-provider-sso@3.354.0":
  version "3.354.0"
  resolved "https://registry.yarnpkg.com/@aws-sdk/credential-provider-sso/-/credential-provider-sso-3.354.0.tgz#bdcf18778415d69ec6cbeaff28ad5a373f8a2e67"
  integrity sha512-ihiaUxh8V/nQgTOgQZxWQcbckXhM+J6Wdc4F0z9soi48iSOqzRpzPw5E14wSZScEZjNY/gKEDz8gCt8WkT/G0w==
  dependencies:
    "@aws-sdk/client-sso" "3.354.0"
    "@aws-sdk/property-provider" "3.353.0"
    "@aws-sdk/shared-ini-file-loader" "3.354.0"
    "@aws-sdk/token-providers" "3.354.0"
    "@aws-sdk/types" "3.347.0"
    tslib "^2.5.0"

"@aws-sdk/credential-provider-web-identity@3.354.0":
  version "3.354.0"
  resolved "https://registry.yarnpkg.com/@aws-sdk/credential-provider-web-identity/-/credential-provider-web-identity-3.354.0.tgz#f7e557cf7f85bc9b41905e6ae9cbf5c0f7c62ba3"
  integrity sha512-scx9mAf4m3Hc3uMX2Vh8GciEcC/5GqeDI8qc0zBj+UF/5c/GtihZA4WoCV3Sg3jMPDUKY81DiFCtcKHhtUqKfg==
  dependencies:
    "@aws-sdk/property-provider" "3.353.0"
    "@aws-sdk/types" "3.347.0"
    tslib "^2.5.0"

"@aws-sdk/eventstream-codec@3.347.0":
  version "3.347.0"
  resolved "https://registry.yarnpkg.com/@aws-sdk/eventstream-codec/-/eventstream-codec-3.347.0.tgz#4ba2c87a2f6e4bb10a833910a4427d16ceec09f0"
  integrity sha512-61q+SyspjsaQ4sdgjizMyRgVph2CiW4aAtfpoH69EJFJfTxTR/OqnZ9Jx/3YiYi0ksrvDenJddYodfWWJqD8/w==
  dependencies:
    "@aws-crypto/crc32" "3.0.0"
    "@aws-sdk/types" "3.347.0"
    "@aws-sdk/util-hex-encoding" "3.310.0"
    tslib "^2.5.0"

"@aws-sdk/fetch-http-handler@3.353.0":
  version "3.353.0"
  resolved "https://registry.yarnpkg.com/@aws-sdk/fetch-http-handler/-/fetch-http-handler-3.353.0.tgz#0fe801aaf0ceeb21e878803b0e397464f1890537"
  integrity sha512-8ic2+4E6jzfDevd++QS1rOR05QFkAhEFbi5Ja3/Zzp7TkWIS8wv5wwMATjNkbbdsXYuB5Lhl/OsjfZmIv5aqRw==
  dependencies:
    "@aws-sdk/protocol-http" "3.347.0"
    "@aws-sdk/querystring-builder" "3.347.0"
    "@aws-sdk/types" "3.347.0"
    "@aws-sdk/util-base64" "3.310.0"
    tslib "^2.5.0"

"@aws-sdk/hash-node@3.347.0":
  version "3.347.0"
  resolved "https://registry.yarnpkg.com/@aws-sdk/hash-node/-/hash-node-3.347.0.tgz#575b31227306c03b491b814178a72b0b79625ed5"
  integrity sha512-96+ml/4EaUaVpzBdOLGOxdoXOjkPgkoJp/0i1fxOJEvl8wdAQSwc3IugVK9wZkCxy2DlENtgOe6DfIOhfffm/g==
  dependencies:
    "@aws-sdk/types" "3.347.0"
    "@aws-sdk/util-buffer-from" "3.310.0"
    "@aws-sdk/util-utf8" "3.310.0"
    tslib "^2.5.0"

"@aws-sdk/invalid-dependency@3.347.0":
  version "3.347.0"
  resolved "https://registry.yarnpkg.com/@aws-sdk/invalid-dependency/-/invalid-dependency-3.347.0.tgz#2e5994cdd51dc3fe0310ce355e1ab115b66b7cb5"
  integrity sha512-8imQcwLwqZ/wTJXZqzXT9pGLIksTRckhGLZaXT60tiBOPKuerTsus2L59UstLs5LP8TKaVZKFFSsjRIn9dQdmQ==
  dependencies:
    "@aws-sdk/types" "3.347.0"
    tslib "^2.5.0"

"@aws-sdk/is-array-buffer@3.310.0":
  version "3.310.0"
  resolved "https://registry.yarnpkg.com/@aws-sdk/is-array-buffer/-/is-array-buffer-3.310.0.tgz#f87a79f1b858c88744f07e8d8d0a791df204017e"
  integrity sha512-urnbcCR+h9NWUnmOtet/s4ghvzsidFmspfhYaHAmSRdy9yDjdjBJMFjjsn85A1ODUktztm+cVncXjQ38WCMjMQ==
  dependencies:
    tslib "^2.5.0"

"@aws-sdk/middleware-content-length@3.347.0":
  version "3.347.0"
  resolved "https://registry.yarnpkg.com/@aws-sdk/middleware-content-length/-/middleware-content-length-3.347.0.tgz#ee6063ebb0215355b7a7dacd0a3bbe2e1a8d108f"
  integrity sha512-i4qtWTDImMaDUtwKQPbaZpXsReiwiBomM1cWymCU4bhz81HL01oIxOxOBuiM+3NlDoCSPr3KI6txZSz/8cqXCQ==
  dependencies:
    "@aws-sdk/protocol-http" "3.347.0"
    "@aws-sdk/types" "3.347.0"
    tslib "^2.5.0"

"@aws-sdk/middleware-endpoint@3.347.0":
  version "3.347.0"
  resolved "https://registry.yarnpkg.com/@aws-sdk/middleware-endpoint/-/middleware-endpoint-3.347.0.tgz#d577265e79cdc0241d863e2582820010ea942736"
  integrity sha512-unF0c6dMaUL1ffU+37Ugty43DgMnzPWXr/Jup/8GbK5fzzWT5NQq6dj9KHPubMbWeEjQbmczvhv25JuJdK8gNQ==
  dependencies:
    "@aws-sdk/middleware-serde" "3.347.0"
    "@aws-sdk/types" "3.347.0"
    "@aws-sdk/url-parser" "3.347.0"
    "@aws-sdk/util-middleware" "3.347.0"
    tslib "^2.5.0"

"@aws-sdk/middleware-host-header@3.347.0":
  version "3.347.0"
  resolved "https://registry.yarnpkg.com/@aws-sdk/middleware-host-header/-/middleware-host-header-3.347.0.tgz#6166c137044672b2229e6ee0ce8a3e59fd8c49c4"
  integrity sha512-kpKmR9OvMlnReqp5sKcJkozbj1wmlblbVSbnQAIkzeQj2xD5dnVR3Nn2ogQKxSmU1Fv7dEroBtrruJ1o3fY38A==
  dependencies:
    "@aws-sdk/protocol-http" "3.347.0"
    "@aws-sdk/types" "3.347.0"
    tslib "^2.5.0"

"@aws-sdk/middleware-logger@3.347.0":
  version "3.347.0"
  resolved "https://registry.yarnpkg.com/@aws-sdk/middleware-logger/-/middleware-logger-3.347.0.tgz#d75a6bbda38c85200219f4ef88e7696d72f94100"
  integrity sha512-NYC+Id5UCkVn+3P1t/YtmHt75uED06vwaKyxDy0UmB2K66PZLVtwWbLpVWrhbroaw1bvUHYcRyQ9NIfnVcXQjA==
  dependencies:
    "@aws-sdk/types" "3.347.0"
    tslib "^2.5.0"

"@aws-sdk/middleware-recursion-detection@3.347.0":
  version "3.347.0"
  resolved "https://registry.yarnpkg.com/@aws-sdk/middleware-recursion-detection/-/middleware-recursion-detection-3.347.0.tgz#00faf00d9346cb88dafdfddfd33e956ba563bf99"
  integrity sha512-qfnSvkFKCAMjMHR31NdsT0gv5Sq/ZHTUD4yQsSLpbVQ6iYAS834lrzXt41iyEHt57Y514uG7F/Xfvude3u4icQ==
  dependencies:
    "@aws-sdk/protocol-http" "3.347.0"
    "@aws-sdk/types" "3.347.0"
    tslib "^2.5.0"

"@aws-sdk/middleware-retry@3.354.0":
  version "3.354.0"
  resolved "https://registry.yarnpkg.com/@aws-sdk/middleware-retry/-/middleware-retry-3.354.0.tgz#7797ef55c94999f6eaa3671e14b53b6a1758acf3"
  integrity sha512-dnG5Nd/mobbhcWCM71DQWI9+f6b6fDSzALXftFIP/8lsXKRcWDSQuYjrnVST2wZzk/QmdF8TnVD0C1xL14K6CQ==
  dependencies:
    "@aws-sdk/protocol-http" "3.347.0"
    "@aws-sdk/service-error-classification" "3.347.0"
    "@aws-sdk/types" "3.347.0"
    "@aws-sdk/util-middleware" "3.347.0"
    "@aws-sdk/util-retry" "3.347.0"
    tslib "^2.5.0"
    uuid "^8.3.2"

"@aws-sdk/middleware-sdk-sts@3.354.0":
  version "3.354.0"
  resolved "https://registry.yarnpkg.com/@aws-sdk/middleware-sdk-sts/-/middleware-sdk-sts-3.354.0.tgz#a438c56127baadb036a89473341fd2c1250363da"
  integrity sha512-L6vyAwYrdcOoB4YgCqNJNr+ZZtLHEF2Ym3CTfmFm2srXHqHuRB+mBu0NLV/grz77znIArK1H1ZL/ZaH2I5hclA==
  dependencies:
    "@aws-sdk/middleware-signing" "3.354.0"
    "@aws-sdk/types" "3.347.0"
    tslib "^2.5.0"

"@aws-sdk/middleware-serde@3.347.0":
  version "3.347.0"
  resolved "https://registry.yarnpkg.com/@aws-sdk/middleware-serde/-/middleware-serde-3.347.0.tgz#f20a63290e16d631a8aa7d9eb331b139bf2531ac"
  integrity sha512-x5Foi7jRbVJXDu9bHfyCbhYDH5pKK+31MmsSJ3k8rY8keXLBxm2XEEg/AIoV9/TUF9EeVvZ7F1/RmMpJnWQsEg==
  dependencies:
    "@aws-sdk/types" "3.347.0"
    tslib "^2.5.0"

"@aws-sdk/middleware-signing@3.354.0":
  version "3.354.0"
  resolved "https://registry.yarnpkg.com/@aws-sdk/middleware-signing/-/middleware-signing-3.354.0.tgz#7249c77694a3b4f04551f150129324b8ba9fbacf"
  integrity sha512-Dd+vIhJL0VqqKWqlTKlKC5jkCaEIk73ZEXNfv44XbsI25a0vXbatHp1M8jB/cgkJC/Mri1TX9dmckP/C0FDEwA==
  dependencies:
    "@aws-sdk/property-provider" "3.353.0"
    "@aws-sdk/protocol-http" "3.347.0"
    "@aws-sdk/signature-v4" "3.354.0"
    "@aws-sdk/types" "3.347.0"
    "@aws-sdk/util-middleware" "3.347.0"
    tslib "^2.5.0"

"@aws-sdk/middleware-stack@3.347.0":
  version "3.347.0"
  resolved "https://registry.yarnpkg.com/@aws-sdk/middleware-stack/-/middleware-stack-3.347.0.tgz#de8f94349273e1b30e19b6e8ace95a7982a24579"
  integrity sha512-Izidg4rqtYMcKuvn2UzgEpPLSmyd8ub9+LQ2oIzG3mpIzCBITq7wp40jN1iNkMg+X6KEnX9vdMJIYZsPYMCYuQ==
  dependencies:
    tslib "^2.5.0"

"@aws-sdk/middleware-user-agent@3.352.0":
  version "3.352.0"
  resolved "https://registry.yarnpkg.com/@aws-sdk/middleware-user-agent/-/middleware-user-agent-3.352.0.tgz#ca32fc2296e9b4565c2878ff44c2756a952f42b4"
  integrity sha512-QGqblMTsVDqeomy22KPm9LUW8PHZXBA2Hjk9Hcw8U1uFS8IKYJrewInG3ae2+9FAcTyug4LFWDf8CRr9YH2B3Q==
  dependencies:
    "@aws-sdk/protocol-http" "3.347.0"
    "@aws-sdk/types" "3.347.0"
    "@aws-sdk/util-endpoints" "3.352.0"
    tslib "^2.5.0"

"@aws-sdk/node-config-provider@3.354.0":
  version "3.354.0"
  resolved "https://registry.yarnpkg.com/@aws-sdk/node-config-provider/-/node-config-provider-3.354.0.tgz#4169d2957315aa23f8b45e4d53eafc97dcb3760c"
  integrity sha512-pF1ZGWWvmwbrloNHYF3EDqCb9hq5wfZwDqAwAPhWkYnUYKkR7E7MZVuTwUDU48io8k6Z5pM52l/54w8e8aedTw==
  dependencies:
    "@aws-sdk/property-provider" "3.353.0"
    "@aws-sdk/shared-ini-file-loader" "3.354.0"
    "@aws-sdk/types" "3.347.0"
    tslib "^2.5.0"

"@aws-sdk/node-http-handler@3.350.0":
  version "3.350.0"
  resolved "https://registry.yarnpkg.com/@aws-sdk/node-http-handler/-/node-http-handler-3.350.0.tgz#c3d3af4e24e7dc823bdb04c73dcae4d12d8a6221"
  integrity sha512-oD96GAlmpzYilCdC8wwyURM5lNfNHZCjm/kxBkQulHKa2kRbIrnD9GfDqdCkWA5cTpjh1NzGLT4D6e6UFDjt9w==
  dependencies:
    "@aws-sdk/abort-controller" "3.347.0"
    "@aws-sdk/protocol-http" "3.347.0"
    "@aws-sdk/querystring-builder" "3.347.0"
    "@aws-sdk/types" "3.347.0"
    tslib "^2.5.0"

"@aws-sdk/property-provider@3.353.0":
  version "3.353.0"
  resolved "https://registry.yarnpkg.com/@aws-sdk/property-provider/-/property-provider-3.353.0.tgz#a877ca6d4a165773609eb776483ffb8606f03b7e"
  integrity sha512-Iu6J59hncaew7eBKroTcLjZ8cgrom0IWyZZ09rsow3rZDHVtw7LQSrUyuqsSbKGY9eRtL7Wa6ZtYHnXFiAE2kg==
  dependencies:
    "@aws-sdk/types" "3.347.0"
    tslib "^2.5.0"

"@aws-sdk/protocol-http@3.347.0":
  version "3.347.0"
  resolved "https://registry.yarnpkg.com/@aws-sdk/protocol-http/-/protocol-http-3.347.0.tgz#9f61f4e0d892dc0a1e02211963827f386bc447b9"
  integrity sha512-2YdBhc02Wvy03YjhGwUxF0UQgrPWEy8Iq75pfS42N+/0B/+eWX1aQgfjFxIpLg7YSjT5eKtYOQGlYd4MFTgj9g==
  dependencies:
    "@aws-sdk/types" "3.347.0"
    tslib "^2.5.0"

"@aws-sdk/querystring-builder@3.347.0":
  version "3.347.0"
  resolved "https://registry.yarnpkg.com/@aws-sdk/querystring-builder/-/querystring-builder-3.347.0.tgz#9a6bb16441f32fa05c25dc7e57d4692858824574"
  integrity sha512-phtKTe6FXoV02MoPkIVV6owXI8Mwr5IBN3bPoxhcPvJG2AjEmnetSIrhb8kwc4oNhlwfZwH6Jo5ARW/VEWbZtg==
  dependencies:
    "@aws-sdk/types" "3.347.0"
    "@aws-sdk/util-uri-escape" "3.310.0"
    tslib "^2.5.0"

"@aws-sdk/querystring-parser@3.347.0":
  version "3.347.0"
  resolved "https://registry.yarnpkg.com/@aws-sdk/querystring-parser/-/querystring-parser-3.347.0.tgz#c85213a835c0f02580e013d168d1ee2f6fee65a1"
  integrity sha512-5VXOhfZz78T2W7SuXf2avfjKglx1VZgZgp9Zfhrt/Rq+MTu2D+PZc5zmJHhYigD7x83jLSLogpuInQpFMA9LgA==
  dependencies:
    "@aws-sdk/types" "3.347.0"
    tslib "^2.5.0"

"@aws-sdk/service-error-classification@3.347.0":
  version "3.347.0"
  resolved "https://registry.yarnpkg.com/@aws-sdk/service-error-classification/-/service-error-classification-3.347.0.tgz#c5a242d953eae0ff0290c776d93b3f5ebd85d2e2"
  integrity sha512-xZ3MqSY81Oy2gh5g0fCtooAbahqh9VhsF8vcKjVX8+XPbGC8y+kej82+MsMg4gYL8gRFB9u4hgYbNgIS6JTAvg==

"@aws-sdk/shared-ini-file-loader@3.354.0":
  version "3.354.0"
  resolved "https://registry.yarnpkg.com/@aws-sdk/shared-ini-file-loader/-/shared-ini-file-loader-3.354.0.tgz#8dc6db99e12dd39abf7a70d31205c1d718e84c7a"
  integrity sha512-UL9loGEsdzpHBu/PtlwUvkl/yRdmWXkySp22jUaeeRtBhiGAnyeYhxJLIt+u+UkX7Mwz+810SaZJqA9ptOXNAg==
  dependencies:
    "@aws-sdk/types" "3.347.0"
    tslib "^2.5.0"

"@aws-sdk/signature-v4@3.354.0":
  version "3.354.0"
  resolved "https://registry.yarnpkg.com/@aws-sdk/signature-v4/-/signature-v4-3.354.0.tgz#7e0dfdea39f2f438eb2f09838c44c97a81d8c580"
  integrity sha512-bDp43P5NkwwznpZqmsr78DuyqNcjtS4mriuajb8XPhFNo8DrMXUrdrKJ+5aNABW7YG8uK8PSKBpq88ado692/w==
  dependencies:
    "@aws-sdk/eventstream-codec" "3.347.0"
    "@aws-sdk/is-array-buffer" "3.310.0"
    "@aws-sdk/types" "3.347.0"
    "@aws-sdk/util-hex-encoding" "3.310.0"
    "@aws-sdk/util-middleware" "3.347.0"
    "@aws-sdk/util-uri-escape" "3.310.0"
    "@aws-sdk/util-utf8" "3.310.0"
    tslib "^2.5.0"

"@aws-sdk/smithy-client@3.347.0":
  version "3.347.0"
  resolved "https://registry.yarnpkg.com/@aws-sdk/smithy-client/-/smithy-client-3.347.0.tgz#ec11b292917f6269eecc124dae723ac6e1203f8f"
  integrity sha512-PaGTDsJLGK0sTjA6YdYQzILRlPRN3uVFyqeBUkfltXssvUzkm8z2t1lz2H4VyJLAhwnG5ZuZTNEV/2mcWrU7JQ==
  dependencies:
    "@aws-sdk/middleware-stack" "3.347.0"
    "@aws-sdk/types" "3.347.0"
    tslib "^2.5.0"

"@aws-sdk/token-providers@3.354.0":
  version "3.354.0"
  resolved "https://registry.yarnpkg.com/@aws-sdk/token-providers/-/token-providers-3.354.0.tgz#4a653781b13cb6729e88be28cdc3e1b81c0bdfcf"
  integrity sha512-KcijiySy0oIyafKQagcwgu0fo35mK+2K8pwxRU1WfXqe80Gn1qGceeWcG4iW+t/rUaxa/LVo857N0LcagxCrZA==
  dependencies:
    "@aws-sdk/client-sso-oidc" "3.354.0"
    "@aws-sdk/property-provider" "3.353.0"
    "@aws-sdk/shared-ini-file-loader" "3.354.0"
    "@aws-sdk/types" "3.347.0"
    tslib "^2.5.0"

"@aws-sdk/types@3.347.0", "@aws-sdk/types@^3.222.0":
  version "3.347.0"
  resolved "https://registry.yarnpkg.com/@aws-sdk/types/-/types-3.347.0.tgz#4affe91de36ef227f6375d64a6efda8d4ececd5d"
  integrity sha512-GkCMy79mdjU9OTIe5KT58fI/6uqdf8UmMdWqVHmFJ+UpEzOci7L/uw4sOXWo7xpPzLs6cJ7s5ouGZW4GRPmHFA==
  dependencies:
    tslib "^2.5.0"

"@aws-sdk/url-parser@3.347.0":
  version "3.347.0"
  resolved "https://registry.yarnpkg.com/@aws-sdk/url-parser/-/url-parser-3.347.0.tgz#b3c31fc9ffb1ac5586ab088f9b109386e6b4c7a8"
  integrity sha512-lhrnVjxdV7hl+yCnJfDZOaVLSqKjxN20MIOiijRiqaWGLGEAiSqBreMhL89X1WKCifxAs4zZf9YB9SbdziRpAA==
  dependencies:
    "@aws-sdk/querystring-parser" "3.347.0"
    "@aws-sdk/types" "3.347.0"
    tslib "^2.5.0"

"@aws-sdk/util-base64@3.310.0":
  version "3.310.0"
  resolved "https://registry.yarnpkg.com/@aws-sdk/util-base64/-/util-base64-3.310.0.tgz#d0fd49aff358c5a6e771d0001c63b1f97acbe34c"
  integrity sha512-v3+HBKQvqgdzcbL+pFswlx5HQsd9L6ZTlyPVL2LS9nNXnCcR3XgGz9jRskikRUuUvUXtkSG1J88GAOnJ/apTPg==
  dependencies:
    "@aws-sdk/util-buffer-from" "3.310.0"
    tslib "^2.5.0"

"@aws-sdk/util-body-length-browser@3.310.0":
  version "3.310.0"
  resolved "https://registry.yarnpkg.com/@aws-sdk/util-body-length-browser/-/util-body-length-browser-3.310.0.tgz#3fca9d2f73c058edf1907e4a1d99a392fdd23eca"
  integrity sha512-sxsC3lPBGfpHtNTUoGXMQXLwjmR0zVpx0rSvzTPAuoVILVsp5AU/w5FphNPxD5OVIjNbZv9KsKTuvNTiZjDp9g==
  dependencies:
    tslib "^2.5.0"

"@aws-sdk/util-body-length-node@3.310.0":
  version "3.310.0"
  resolved "https://registry.yarnpkg.com/@aws-sdk/util-body-length-node/-/util-body-length-node-3.310.0.tgz#4846ae72834ab0636f29f89fc1878520f6543fed"
  integrity sha512-2tqGXdyKhyA6w4zz7UPoS8Ip+7sayOg9BwHNidiGm2ikbDxm1YrCfYXvCBdwaJxa4hJfRVz+aL9e+d3GqPI9pQ==
  dependencies:
    tslib "^2.5.0"

"@aws-sdk/util-buffer-from@3.310.0":
  version "3.310.0"
  resolved "https://registry.yarnpkg.com/@aws-sdk/util-buffer-from/-/util-buffer-from-3.310.0.tgz#7a72cb965984d3c6a7e256ae6cf1621f52e54a57"
  integrity sha512-i6LVeXFtGih5Zs8enLrt+ExXY92QV25jtEnTKHsmlFqFAuL3VBeod6boeMXkN2p9lbSVVQ1sAOOYZOHYbYkntw==
  dependencies:
    "@aws-sdk/is-array-buffer" "3.310.0"
    tslib "^2.5.0"

"@aws-sdk/util-config-provider@3.310.0":
  version "3.310.0"
  resolved "https://registry.yarnpkg.com/@aws-sdk/util-config-provider/-/util-config-provider-3.310.0.tgz#ff21f73d4774cfd7bd16ae56f905828600dda95f"
  integrity sha512-xIBaYo8dwiojCw8vnUcIL4Z5tyfb1v3yjqyJKJWV/dqKUFOOS0U591plmXbM+M/QkXyML3ypon1f8+BoaDExrg==
  dependencies:
    tslib "^2.5.0"

"@aws-sdk/util-defaults-mode-browser@3.353.0":
  version "3.353.0"
  resolved "https://registry.yarnpkg.com/@aws-sdk/util-defaults-mode-browser/-/util-defaults-mode-browser-3.353.0.tgz#b90b8b354bfb582a9cc7b87b67ce1508d57176ea"
  integrity sha512-ushvOQKJIH7S6E//xMDPyf2/Bbu0K2A0GJRB88qQV6VKRBo4PEbeHTb6BbzPhYVX0IbY3uR/X7+Xwk4FeEkMWg==
  dependencies:
    "@aws-sdk/property-provider" "3.353.0"
    "@aws-sdk/types" "3.347.0"
    bowser "^2.11.0"
    tslib "^2.5.0"

"@aws-sdk/util-defaults-mode-node@3.354.0":
  version "3.354.0"
  resolved "https://registry.yarnpkg.com/@aws-sdk/util-defaults-mode-node/-/util-defaults-mode-node-3.354.0.tgz#55949d8ee4403b6c54dc3d7dc732f0eeb081c5cd"
  integrity sha512-CaaRVBdOYX4wZadj+CDUxpO+4RjyYJcSv71A60jV6CZ/ya1+oYfmPbG5QZ4AlV6crdev2B+aUoR2LPIYqn/GnQ==
  dependencies:
    "@aws-sdk/config-resolver" "3.354.0"
    "@aws-sdk/credential-provider-imds" "3.354.0"
    "@aws-sdk/node-config-provider" "3.354.0"
    "@aws-sdk/property-provider" "3.353.0"
    "@aws-sdk/types" "3.347.0"
    tslib "^2.5.0"

"@aws-sdk/util-endpoints@3.352.0":
  version "3.352.0"
  resolved "https://registry.yarnpkg.com/@aws-sdk/util-endpoints/-/util-endpoints-3.352.0.tgz#89c10e00a257f88fb72c4d3b362fbfbeb00513cf"
  integrity sha512-PjWMPdoIUWfBPgAWLyOrWFbdSS/3DJtc0OmFb/JrE8C8rKFYl+VGW5f1p0cVdRWiDR0xCGr0s67p8itAakVqjw==
  dependencies:
    "@aws-sdk/types" "3.347.0"
    tslib "^2.5.0"

"@aws-sdk/util-hex-encoding@3.310.0":
  version "3.310.0"
  resolved "https://registry.yarnpkg.com/@aws-sdk/util-hex-encoding/-/util-hex-encoding-3.310.0.tgz#19294c78986c90ae33f04491487863dc1d33bd87"
  integrity sha512-sVN7mcCCDSJ67pI1ZMtk84SKGqyix6/0A1Ab163YKn+lFBQRMKexleZzpYzNGxYzmQS6VanP/cfU7NiLQOaSfA==
  dependencies:
    tslib "^2.5.0"

"@aws-sdk/util-locate-window@^3.0.0":
  version "3.310.0"
  resolved "https://registry.yarnpkg.com/@aws-sdk/util-locate-window/-/util-locate-window-3.310.0.tgz#b071baf050301adee89051032bd4139bba32cc40"
  integrity sha512-qo2t/vBTnoXpjKxlsC2e1gBrRm80M3bId27r0BRB2VniSSe7bL1mmzM+/HFtujm0iAxtPM+aLEflLJlJeDPg0w==
  dependencies:
    tslib "^2.5.0"

"@aws-sdk/util-middleware@3.347.0":
  version "3.347.0"
  resolved "https://registry.yarnpkg.com/@aws-sdk/util-middleware/-/util-middleware-3.347.0.tgz#464b2e416486776fa39c926e7f04c2a0d822e8b5"
  integrity sha512-8owqUA3ePufeYTUvlzdJ7Z0miLorTwx+rNol5lourGQZ9JXsVMo23+yGA7nOlFuXSGkoKpMOtn6S0BT2bcfeiw==
  dependencies:
    tslib "^2.5.0"

"@aws-sdk/util-retry@3.347.0":
  version "3.347.0"
  resolved "https://registry.yarnpkg.com/@aws-sdk/util-retry/-/util-retry-3.347.0.tgz#9a24ebcd6c34888eee0ffb81c1529ea51a5cdecc"
  integrity sha512-NxnQA0/FHFxriQAeEgBonA43Q9/VPFQa8cfJDuT2A1YZruMasgjcltoZszi1dvoIRWSZsFTW42eY2gdOd0nffQ==
  dependencies:
    "@aws-sdk/service-error-classification" "3.347.0"
    tslib "^2.5.0"

"@aws-sdk/util-uri-escape@3.310.0":
  version "3.310.0"
  resolved "https://registry.yarnpkg.com/@aws-sdk/util-uri-escape/-/util-uri-escape-3.310.0.tgz#9f942f09a715d8278875013a416295746b6085ba"
  integrity sha512-drzt+aB2qo2LgtDoiy/3sVG8w63cgLkqFIa2NFlGpUgHFWTXkqtbgf4L5QdjRGKWhmZsnqkbtL7vkSWEcYDJ4Q==
  dependencies:
    tslib "^2.5.0"

"@aws-sdk/util-user-agent-browser@3.347.0":
  version "3.347.0"
  resolved "https://registry.yarnpkg.com/@aws-sdk/util-user-agent-browser/-/util-user-agent-browser-3.347.0.tgz#90bedd2031561b9d45aef54991eeca49ec8d950b"
  integrity sha512-ydxtsKVtQefgbk1Dku1q7pMkjDYThauG9/8mQkZUAVik55OUZw71Zzr3XO8J8RKvQG8lmhPXuAQ0FKAyycc0RA==
  dependencies:
    "@aws-sdk/types" "3.347.0"
    bowser "^2.11.0"
    tslib "^2.5.0"

"@aws-sdk/util-user-agent-node@3.354.0":
  version "3.354.0"
  resolved "https://registry.yarnpkg.com/@aws-sdk/util-user-agent-node/-/util-user-agent-node-3.354.0.tgz#153d5748d707a42c765c353769e4d41cbf27215d"
  integrity sha512-2xkblZS3PGxxh//0lgCwJw2gvh9ZBcI9H9xv05YP7hcwlz9BmkAlbei2i6Uew6agJMLO4unfgWoBTpzp3WLaKg==
  dependencies:
    "@aws-sdk/node-config-provider" "3.354.0"
    "@aws-sdk/types" "3.347.0"
    tslib "^2.5.0"

"@aws-sdk/util-utf8-browser@^3.0.0":
  version "3.259.0"
  resolved "https://registry.yarnpkg.com/@aws-sdk/util-utf8-browser/-/util-utf8-browser-3.259.0.tgz#3275a6f5eb334f96ca76635b961d3c50259fd9ff"
  integrity sha512-UvFa/vR+e19XookZF8RzFZBrw2EUkQWxiBW0yYQAhvk3C+QVGl0H3ouca8LDBlBfQKXwmW3huo/59H8rwb1wJw==
  dependencies:
    tslib "^2.3.1"

"@aws-sdk/util-utf8@3.310.0":
  version "3.310.0"
  resolved "https://registry.yarnpkg.com/@aws-sdk/util-utf8/-/util-utf8-3.310.0.tgz#4a7b9dcebb88e830d3811aeb21e9a6df4273afb4"
  integrity sha512-DnLfFT8uCO22uOJc0pt0DsSNau1GTisngBCDw8jQuWT5CqogMJu4b/uXmwEqfj8B3GX6Xsz8zOd6JpRlPftQoA==
  dependencies:
    "@aws-sdk/util-buffer-from" "3.310.0"
    tslib "^2.5.0"

"@aws-sdk/util-waiter@3.347.0":
  version "3.347.0"
  resolved "https://registry.yarnpkg.com/@aws-sdk/util-waiter/-/util-waiter-3.347.0.tgz#c1edc4467198ce2dfce1e17e917e1cb7e2e41bbe"
  integrity sha512-3ze/0PkwkzUzLncukx93tZgGL0JX9NaP8DxTi6WzflnL/TEul5Z63PCruRNK0om17iZYAWKrf8q2mFoHYb4grA==
  dependencies:
    "@aws-sdk/abort-controller" "3.347.0"
    "@aws-sdk/types" "3.347.0"
    tslib "^2.5.0"

"@cspotcode/source-map-support@^0.8.0":
  version "0.8.1"
  resolved "https://registry.yarnpkg.com/@cspotcode/source-map-support/-/source-map-support-0.8.1.tgz#00629c35a688e05a88b1cda684fb9d5e73f000a1"
  integrity sha512-IchNf6dN4tHoMFIn/7OE8LWZ19Y6q/67Bmf6vnGREv8RSbBVb9LPJxEcnwrcwX6ixSvaiGoomAUvu4YSxXrVgw==
  dependencies:
    "@jridgewell/trace-mapping" "0.3.9"

"@jridgewell/resolve-uri@^3.0.3":
  version "3.1.1"
  resolved "https://registry.yarnpkg.com/@jridgewell/resolve-uri/-/resolve-uri-3.1.1.tgz#c08679063f279615a3326583ba3a90d1d82cc721"
  integrity sha512-dSYZh7HhCDtCKm4QakX0xFpsRDqjjtZf/kjI/v3T3Nwt5r8/qz/M19F9ySyOqU94SXBmeG9ttTul+YnR4LOxFA==

"@jridgewell/sourcemap-codec@^1.4.10":
  version "1.4.15"
  resolved "https://registry.yarnpkg.com/@jridgewell/sourcemap-codec/-/sourcemap-codec-1.4.15.tgz#d7c6e6755c78567a951e04ab52ef0fd26de59f32"
  integrity sha512-eF2rxCRulEKXHTRiDrDy6erMYWqNw4LPdQ8UQA4huuxaQsVeRPFl2oM8oDGxMFhJUWZf9McpLtJasDDZb/Bpeg==

"@jridgewell/trace-mapping@0.3.9":
  version "0.3.9"
  resolved "https://registry.yarnpkg.com/@jridgewell/trace-mapping/-/trace-mapping-0.3.9.tgz#6534fd5933a53ba7cbf3a17615e273a0d1273ff9"
  integrity sha512-3Belt6tdc8bPgAtbcmdtNJlirVoTmEb5e2gC94PnkwEW9jI6CAHUeoG85tjWP5WquqfavoMtMwiG4P926ZKKuQ==
  dependencies:
    "@jridgewell/resolve-uri" "^3.0.3"
    "@jridgewell/sourcemap-codec" "^1.4.10"

"@smithy/protocol-http@^1.0.1":
  version "1.0.1"
  resolved "https://registry.yarnpkg.com/@smithy/protocol-http/-/protocol-http-1.0.1.tgz#62fd73d73db285fd8e9a2287ed2904ac66e0d43f"
  integrity sha512-9OrEn0WfOVtBNYJUjUAn9AOiJ4lzERCJJ/JeZs8E6yajTGxBaFRxUnNBHiNqoDJVg076hY36UmEnPx7xXrvUSg==
  dependencies:
    "@smithy/types" "^1.0.0"
    tslib "^2.5.0"

"@smithy/types@^1.0.0":
  version "1.0.0"
  resolved "https://registry.yarnpkg.com/@smithy/types/-/types-1.0.0.tgz#87ab6131fe5e19cbd4d383ffb94d2b806d027d38"
  integrity sha512-kc1m5wPBHQCTixwuaOh9vnak/iJm21DrSf9UK6yDE5S3mQQ4u11pqAUiKWnlrZnYkeLfAI9UEHj9OaMT1v5Umg==
  dependencies:
    tslib "^2.5.0"

"@tsconfig/node10@^1.0.7":
  version "1.0.9"
  resolved "https://registry.yarnpkg.com/@tsconfig/node10/-/node10-1.0.9.tgz#df4907fc07a886922637b15e02d4cebc4c0021b2"
  integrity sha512-jNsYVVxU8v5g43Erja32laIDHXeoNvFEpX33OK4d6hljo3jDhCBDhx5dhCCTMWUojscpAagGiRkBKxpdl9fxqA==

"@tsconfig/node12@^1.0.7":
  version "1.0.11"
  resolved "https://registry.yarnpkg.com/@tsconfig/node12/-/node12-1.0.11.tgz#ee3def1f27d9ed66dac6e46a295cffb0152e058d"
  integrity sha512-cqefuRsh12pWyGsIoBKJA9luFu3mRxCA+ORZvA4ktLSzIuCUtWVxGIuXigEwO5/ywWFMZ2QEGKWvkZG1zDMTag==

"@tsconfig/node14@^1.0.0":
  version "1.0.3"
  resolved "https://registry.yarnpkg.com/@tsconfig/node14/-/node14-1.0.3.tgz#e4386316284f00b98435bf40f72f75a09dabf6c1"
  integrity sha512-ysT8mhdixWK6Hw3i1V2AeRqZ5WfXg1G43mqoYlM2nc6388Fq5jcXyr5mRsqViLx/GJYdoL0bfXD8nmF+Zn/Iow==

"@tsconfig/node16@^1.0.2":
  version "1.0.4"
  resolved "https://registry.yarnpkg.com/@tsconfig/node16/-/node16-1.0.4.tgz#0b92dcc0cc1c81f6f306a381f28e31b1a56536e9"
  integrity sha512-vxhUy4J8lyeyinH7Azl1pdd43GJhZH/tP2weN8TntQblOY+A0XbT8DJk1/oCPuOOyg/Ja757rG0CgHcWC8OfMA==

"@types/node@^18.11.17":
  version "18.16.19"
  resolved "https://registry.yarnpkg.com/@types/node/-/node-18.16.19.tgz#cb03fca8910fdeb7595b755126a8a78144714eea"
  integrity sha512-IXl7o+R9iti9eBW4Wg2hx1xQDig183jj7YLn8F7udNceyfkbn1ZxmzZXuak20gR40D7pIkIY1kYGx5VIGbaHKA==

acorn-walk@^8.1.1:
  version "8.2.0"
  resolved "https://registry.yarnpkg.com/acorn-walk/-/acorn-walk-8.2.0.tgz#741210f2e2426454508853a2f44d0ab83b7f69c1"
  integrity sha512-k+iyHEuPgSw6SbuDpGQM+06HQUa04DZ3o+F6CSzXMvvI5KMvnaEqXe+YVe555R9nn6GPt404fos4wcgpw12SDA==

acorn@^8.4.1:
  version "8.9.0"
  resolved "https://registry.yarnpkg.com/acorn/-/acorn-8.9.0.tgz#78a16e3b2bcc198c10822786fa6679e245db5b59"
  integrity sha512-jaVNAFBHNLXspO543WnNNPZFRtavh3skAkITqD0/2aeMkKZTN+254PyhwxFYrk3vQ1xfY+2wbesJMs/JC8/PwQ==

arg@^4.1.0:
  version "4.1.3"
  resolved "https://registry.yarnpkg.com/arg/-/arg-4.1.3.tgz#269fc7ad5b8e42cb63c896d5666017261c144089"
  integrity sha512-58S9QDqG0Xx27YwPSt9fJxivjYl432YCwfDMfZ+71RAqUrZef7LrKQZ3LHLOwCS4FLNBplP533Zx895SeOCHvA==

asynckit@^0.4.0:
  version "0.4.0"
  resolved "https://registry.yarnpkg.com/asynckit/-/asynckit-0.4.0.tgz#c79ed97f7f34cb8f2ba1bc9790bcc366474b4b79"
  integrity sha512-Oei9OH4tRh0YqU3GxhX79dM/mwVgvbZJaSNaRk+bshkj0S5cfHcgYakreBjrHwatXKbz+IoIdYLxrKim2MjW0Q==

axios@^1.2.1:
  version "1.4.0"
  resolved "https://registry.yarnpkg.com/axios/-/axios-1.4.0.tgz#38a7bf1224cd308de271146038b551d725f0be1f"
  integrity sha512-S4XCWMEmzvo64T9GfvQDOXgYRDJ/wsSZc7Jvdgx5u1sd0JwsuPLqb3SYmusag+edF6ziyMensPVqLTSc1PiSEA==
  dependencies:
    follow-redirects "^1.15.0"
    form-data "^4.0.0"
    proxy-from-env "^1.1.0"

bowser@^2.11.0:
  version "2.11.0"
  resolved "https://registry.yarnpkg.com/bowser/-/bowser-2.11.0.tgz#5ca3c35757a7aa5771500c70a73a9f91ef420a8f"
  integrity sha512-AlcaJBi/pqqJBIQ8U9Mcpc9i8Aqxn88Skv5d+xBX006BY5u8N3mGLHa5Lgppa7L/HfwgwLgZ6NYs+Ag6uUmJRA==

combined-stream@^1.0.8:
  version "1.0.8"
  resolved "https://registry.yarnpkg.com/combined-stream/-/combined-stream-1.0.8.tgz#c3d45a8b34fd730631a110a8a2520682b31d5a7f"
  integrity sha512-FQN4MRfuJeHf7cBbBMJFXhKSDq+2kAArBlmRBvcvFE5BB1HZKXtSFASDhdlz9zOYwxh8lDdnvmMOe/+5cdoEdg==
  dependencies:
    delayed-stream "~1.0.0"

create-require@^1.1.0:
  version "1.1.1"
  resolved "https://registry.yarnpkg.com/create-require/-/create-require-1.1.1.tgz#c1d7e8f1e5f6cfc9ff65f9cd352d37348756c333"
  integrity sha512-dcKFX3jn0MpIaXjisoRvexIJVEKzaq7z2rZKxf+MSr9TkdmHmsU4m2lcLojrj/FHl8mk5VxMmYA+ftRkP/3oKQ==

csv-writer@^1.6.0:
  version "1.6.0"
  resolved "https://registry.yarnpkg.com/csv-writer/-/csv-writer-1.6.0.tgz#d0cea44b6b4d7d3baa2ecc6f3f7209233514bcf9"
  integrity sha512-NOx7YDFWEsM/fTRAJjRpPp8t+MKRVvniAg9wQlUKx20MFrPs73WLJhFf5iteqrxNYnsy924K3Iroh3yNHeYd2g==

delayed-stream@~1.0.0:
  version "1.0.0"
  resolved "https://registry.yarnpkg.com/delayed-stream/-/delayed-stream-1.0.0.tgz#df3ae199acadfb7d440aaae0b29e2272b24ec619"
  integrity sha512-ZySD7Nf91aLB0RxL4KGrKHBXl7Eds1DAmEdcoVawXnLD7SDhpNgtuII2aAkg7a7QS41jxPSZ17p4VdGnMHk3MQ==

diff@^4.0.1:
  version "4.0.2"
  resolved "https://registry.yarnpkg.com/diff/-/diff-4.0.2.tgz#60f3aecb89d5fae520c11aa19efc2bb982aade7d"
  integrity sha512-58lmxKSA4BNyLz+HHMUzlOEpg09FV+ev6ZMe3vJihgdxzgcwZ8VoEEPmALCZG9LmqfVoNMMKpttIYTVG6uDY7A==

dotenv@^16.0.3:
  version "16.3.1"
  resolved "https://registry.yarnpkg.com/dotenv/-/dotenv-16.3.1.tgz#369034de7d7e5b120972693352a3bf112172cc3e"
  integrity sha512-IPzF4w4/Rd94bA9imS68tZBaYyBWSCE47V1RGuMrB94iyTOIEwRmVL2x/4An+6mETpLrKJ5hQkB8W4kFAadeIQ==

fast-xml-parser@4.2.4:
  version "4.2.4"
  resolved "https://registry.yarnpkg.com/fast-xml-parser/-/fast-xml-parser-4.2.4.tgz#6e846ede1e56ad9e5ef07d8720809edf0ed07e9b"
  integrity sha512-fbfMDvgBNIdDJLdLOwacjFAPYt67tr31H9ZhWSm45CDAxvd0I6WTlSOUo7K2P/K5sA5JgMKG64PI3DMcaFdWpQ==
  dependencies:
    strnum "^1.0.5"

follow-redirects@^1.15.0:
  version "1.15.2"
  resolved "https://registry.yarnpkg.com/follow-redirects/-/follow-redirects-1.15.2.tgz#b460864144ba63f2681096f274c4e57026da2c13"
  integrity sha512-VQLG33o04KaQ8uYi2tVNbdrWp1QWxNNea+nmIB4EVM28v0hmP17z7aG1+wAkNzVq4KeXTq3221ye5qTJP91JwA==

form-data@^4.0.0:
  version "4.0.0"
  resolved "https://registry.yarnpkg.com/form-data/-/form-data-4.0.0.tgz#93919daeaf361ee529584b9b31664dc12c9fa452"
  integrity sha512-ETEklSGi5t0QMZuiXoA/Q6vcnxcLQP5vdugSpuAyi6SVGi2clPPp+xgEhuMaHC+zGgn31Kd235W35f7Hykkaww==
  dependencies:
    asynckit "^0.4.0"
    combined-stream "^1.0.8"
    mime-types "^2.1.12"

make-error@^1.1.1:
  version "1.3.6"
  resolved "https://registry.yarnpkg.com/make-error/-/make-error-1.3.6.tgz#2eb2e37ea9b67c4891f684a1394799af484cf7a2"
  integrity sha512-s8UhlNe7vPKomQhC1qFelMokr/Sc3AgNbso3n74mVPA5LTZwkB9NlXf4XPamLxJE8h0gh73rM94xvwRT2CVInw==

mime-db@1.52.0:
  version "1.52.0"
  resolved "https://registry.yarnpkg.com/mime-db/-/mime-db-1.52.0.tgz#bbabcdc02859f4987301c856e3387ce5ec43bf70"
  integrity sha512-sPU4uV7dYlvtWJxwwxHD0PuihVNiE7TyAbQ5SWxDCB9mUYvOgroQOwYQQOKPJ8CIbE+1ETVlOoK1UC2nU3gYvg==

mime-types@^2.1.12:
  version "2.1.35"
  resolved "https://registry.yarnpkg.com/mime-types/-/mime-types-2.1.35.tgz#381a871b62a734450660ae3deee44813f70d959a"
  integrity sha512-ZDY+bPm5zTTF+YpCrAU9nK0UgICYPT0QtT1NZWFv4s++TNkcgVaT0g6+4R2uI4MjQjzysHB1zxuWL50hzaeXiw==
  dependencies:
    mime-db "1.52.0"

proxy-from-env@^1.1.0:
  version "1.1.0"
  resolved "https://registry.yarnpkg.com/proxy-from-env/-/proxy-from-env-1.1.0.tgz#e102f16ca355424865755d2c9e8ea4f24d58c3e2"
  integrity sha512-D+zkORCbA9f1tdWRK0RaCR3GPv50cMxcrz4X8k5LTSUD1Dkw47mKJEZQNunItRTkWwgtaUSo1RVFRIG9ZXiFYg==

strnum@^1.0.5:
  version "1.0.5"
  resolved "https://registry.yarnpkg.com/strnum/-/strnum-1.0.5.tgz#5c4e829fe15ad4ff0d20c3db5ac97b73c9b072db"
  integrity sha512-J8bbNyKKXl5qYcR36TIO8W3mVGVHrmmxsd5PAItGkmyzwJvybiw2IVq5nqd0i4LSNSkB/sx9VHllbfFdr9k1JA==

ts-node@^10.9.1:
  version "10.9.1"
  resolved "https://registry.yarnpkg.com/ts-node/-/ts-node-10.9.1.tgz#e73de9102958af9e1f0b168a6ff320e25adcff4b"
  integrity sha512-NtVysVPkxxrwFGUUxGYhfux8k78pQB3JqYBXlLRZgdGUqTO5wU/UyHop5p70iEbGhB7q5KmiZiU0Y3KlJrScEw==
  dependencies:
    "@cspotcode/source-map-support" "^0.8.0"
    "@tsconfig/node10" "^1.0.7"
    "@tsconfig/node12" "^1.0.7"
    "@tsconfig/node14" "^1.0.0"
    "@tsconfig/node16" "^1.0.2"
    acorn "^8.4.1"
    acorn-walk "^8.1.1"
    arg "^4.1.0"
    create-require "^1.1.0"
    diff "^4.0.1"
    make-error "^1.1.1"
    v8-compile-cache-lib "^3.0.1"
    yn "3.1.1"

tslib@^1.11.1:
  version "1.14.1"
  resolved "https://registry.yarnpkg.com/tslib/-/tslib-1.14.1.tgz#cf2d38bdc34a134bcaf1091c41f6619e2f672d00"
  integrity sha512-Xni35NKzjgMrwevysHTCArtLDpPvye8zV/0E4EyYn43P7/7qvQwPh9BGkHewbMulVntbigmcT7rdX3BNo9wRJg==

tslib@^2.3.1, tslib@^2.5.0:
  version "2.5.3"
  resolved "https://registry.yarnpkg.com/tslib/-/tslib-2.5.3.tgz#24944ba2d990940e6e982c4bea147aba80209913"
  integrity sha512-mSxlJJwl3BMEQCUNnxXBU9jP4JBktcEGhURcPR6VQVlnP0FdDEsIaz0C35dXNGLyRfrATNofF0F5p2KPxQgB+w==

typescript@^4.9.4:
  version "4.9.5"
  resolved "https://registry.yarnpkg.com/typescript/-/typescript-4.9.5.tgz#095979f9bcc0d09da324d58d03ce8f8374cbe65a"
  integrity sha512-1FXk9E2Hm+QzZQ7z+McJiHL4NW1F2EzMu9Nq9i3zAaGqibafqYwCVU6WyWAuyQRRzOlxou8xZSyXLEN8oKj24g==

uuid@^8.3.2:
  version "8.3.2"
  resolved "https://registry.yarnpkg.com/uuid/-/uuid-8.3.2.tgz#80d5b5ced271bb9af6c445f21a1a04c606cefbe2"
  integrity sha512-+NYs2QeMWy+GWFOEm9xnn6HCDp0l7QBD7ml8zLUmJ+93Q5NF0NocErnwkTkXVFNiX3/fpC6afS8Dhb/gz7R7eg==

v8-compile-cache-lib@^3.0.1:
  version "3.0.1"
  resolved "https://registry.yarnpkg.com/v8-compile-cache-lib/-/v8-compile-cache-lib-3.0.1.tgz#6336e8d71965cb3d35a1bbb7868445a7c05264bf"
  integrity sha512-wa7YjyUGfNZngI/vtK0UHAN+lgDCxBPCylVXGp0zu59Fz5aiGtNXaq3DhIov063MorB+VfufLh3JlF2KdTK3xg==

yn@3.1.1:
  version "3.1.1"
  resolved "https://registry.yarnpkg.com/yn/-/yn-3.1.1.tgz#1e87401a09d767c1d5eab26a6e4c185182d2eb50"
  integrity sha512-Ux4ygGWsu2c7isFWe8Yu1YluJmqVhxqK2cLXNQA5AcC3QfbGNpM7fu0Y8b/z16pXLnFxZYvWhd3fhBY9DLmC6Q==
