# THIS IS AN AUTOGENERATED FILE. DO NOT EDIT THIS FILE DIRECTLY.
# yarn lockfile v1


"@aws-crypto/ie11-detection@^3.0.0":
  version "3.0.0"
  resolved "https://registry.yarnpkg.com/@aws-crypto/ie11-detection/-/ie11-detection-3.0.0.tgz#640ae66b4ec3395cee6a8e94ebcd9f80c24cd688"
  integrity sha512-341lBBkiY1DfDNKai/wXM3aujNBkXR7tq1URPQDL9wi3AUbI80NR74uF1TXHMm7po1AcnFk8iu2S2IeU/+/A+Q==
  dependencies:
    tslib "^1.11.1"

"@aws-crypto/sha256-browser@3.0.0":
  version "3.0.0"
  resolved "https://registry.yarnpkg.com/@aws-crypto/sha256-browser/-/sha256-browser-3.0.0.tgz#05f160138ab893f1c6ba5be57cfd108f05827766"
  integrity sha512-8VLmW2B+gjFbU5uMeqtQM6Nj0/F1bro80xQXCW6CQBWgosFWXTx77aeOF5CAIAmbOK64SdMBJdNr6J41yP5mvQ==
  dependencies:
    "@aws-crypto/ie11-detection" "^3.0.0"
    "@aws-crypto/sha256-js" "^3.0.0"
    "@aws-crypto/supports-web-crypto" "^3.0.0"
    "@aws-crypto/util" "^3.0.0"
    "@aws-sdk/types" "^3.222.0"
    "@aws-sdk/util-locate-window" "^3.0.0"
    "@aws-sdk/util-utf8-browser" "^3.0.0"
    tslib "^1.11.1"

"@aws-crypto/sha256-js@3.0.0", "@aws-crypto/sha256-js@^3.0.0":
  version "3.0.0"
  resolved "https://registry.yarnpkg.com/@aws-crypto/sha256-js/-/sha256-js-3.0.0.tgz#f06b84d550d25521e60d2a0e2a90139341e007c2"
  integrity sha512-PnNN7os0+yd1XvXAy23CFOmTbMaDxgxXtTKHybrJ39Y8kGzBATgBFibWJKH6BhytLI/Zyszs87xCOBNyBig6vQ==
  dependencies:
    "@aws-crypto/util" "^3.0.0"
    "@aws-sdk/types" "^3.222.0"
    tslib "^1.11.1"

"@aws-crypto/supports-web-crypto@^3.0.0":
  version "3.0.0"
  resolved "https://registry.yarnpkg.com/@aws-crypto/supports-web-crypto/-/supports-web-crypto-3.0.0.tgz#5d1bf825afa8072af2717c3e455f35cda0103ec2"
  integrity sha512-06hBdMwUAb2WFTuGG73LSC0wfPu93xWwo5vL2et9eymgmu3Id5vFAHBbajVWiGhPO37qcsdCap/FqXvJGJWPIg==
  dependencies:
    tslib "^1.11.1"

"@aws-crypto/util@^3.0.0":
  version "3.0.0"
  resolved "https://registry.yarnpkg.com/@aws-crypto/util/-/util-3.0.0.tgz#1c7ca90c29293f0883468ad48117937f0fe5bfb0"
  integrity sha512-2OJlpeJpCR48CC8r+uKVChzs9Iungj9wkZrl8Z041DWEWvyIHILYKCPNzJghKsivj+S3mLo6BVc7mBNzdxA46w==
  dependencies:
    "@aws-sdk/types" "^3.222.0"
    "@aws-sdk/util-utf8-browser" "^3.0.0"
    tslib "^1.11.1"

"@aws-sdk/abort-controller@3.329.0":
  version "3.329.0"
  resolved "https://registry.yarnpkg.com/@aws-sdk/abort-controller/-/abort-controller-3.329.0.tgz#f311f79cad1040b84b853c5e9386ea2e069e571a"
  integrity sha512-hzrjPNQcJoSPe0oS20V5i98oiEZSM3mKNiR6P3xHTHTPI/F23lyjGZ+/CSkCmJbSWfGZ5sHZZcU6AWuS7xBdTw==
  dependencies:
    "@aws-sdk/types" "3.329.0"
    tslib "^2.5.0"

"@aws-sdk/client-cognito-identity-provider@^3.234.0":
  version "3.335.0"
  resolved "https://registry.yarnpkg.com/@aws-sdk/client-cognito-identity-provider/-/client-cognito-identity-provider-3.335.0.tgz#4a19579b4d19bc31bf454906137ce200651c49f0"
  integrity sha512-V6Inxlj+nPgqglzv3+XN4wyhseN7XgJF1+r4NisLtfN+l4V2x314udb9he+GiV8JTJ/yKUWIwvNbk9OICBI9oA==
  dependencies:
    "@aws-crypto/sha256-browser" "3.0.0"
    "@aws-crypto/sha256-js" "3.0.0"
    "@aws-sdk/client-sts" "3.335.0"
    "@aws-sdk/config-resolver" "3.329.0"
    "@aws-sdk/credential-provider-node" "3.335.0"
    "@aws-sdk/fetch-http-handler" "3.329.0"
    "@aws-sdk/hash-node" "3.329.0"
    "@aws-sdk/invalid-dependency" "3.329.0"
    "@aws-sdk/middleware-content-length" "3.329.0"
    "@aws-sdk/middleware-endpoint" "3.329.0"
    "@aws-sdk/middleware-host-header" "3.329.0"
    "@aws-sdk/middleware-logger" "3.329.0"
    "@aws-sdk/middleware-recursion-detection" "3.329.0"
    "@aws-sdk/middleware-retry" "3.329.0"
    "@aws-sdk/middleware-serde" "3.329.0"
    "@aws-sdk/middleware-signing" "3.329.0"
    "@aws-sdk/middleware-stack" "3.329.0"
    "@aws-sdk/middleware-user-agent" "3.332.0"
    "@aws-sdk/node-config-provider" "3.329.0"
    "@aws-sdk/node-http-handler" "3.329.0"
    "@aws-sdk/smithy-client" "3.329.0"
    "@aws-sdk/types" "3.329.0"
    "@aws-sdk/url-parser" "3.329.0"
    "@aws-sdk/util-base64" "3.310.0"
    "@aws-sdk/util-body-length-browser" "3.310.0"
    "@aws-sdk/util-body-length-node" "3.310.0"
    "@aws-sdk/util-defaults-mode-browser" "3.329.0"
    "@aws-sdk/util-defaults-mode-node" "3.329.0"
    "@aws-sdk/util-endpoints" "3.332.0"
    "@aws-sdk/util-retry" "3.329.0"
    "@aws-sdk/util-user-agent-browser" "3.329.0"
    "@aws-sdk/util-user-agent-node" "3.329.0"
    "@aws-sdk/util-utf8" "3.310.0"
    "@smithy/protocol-http" "^1.0.1"
    "@smithy/types" "^1.0.0"
    tslib "^2.5.0"

"@aws-sdk/client-iam@^3.238.0":
  version "3.335.0"
  resolved "https://registry.yarnpkg.com/@aws-sdk/client-iam/-/client-iam-3.335.0.tgz#cdc36e441901d3213457b54682eb4f67de9f4df3"
  integrity sha512-FFGuFBY26iztPAwadQSl39C+b8h170JFH+3LtTxMDiBpQAuD+NaJ5dO6cOQqtTnp4drCqcRz+G0nDau9Ax/kkA==
  dependencies:
    "@aws-crypto/sha256-browser" "3.0.0"
    "@aws-crypto/sha256-js" "3.0.0"
    "@aws-sdk/client-sts" "3.335.0"
    "@aws-sdk/config-resolver" "3.329.0"
    "@aws-sdk/credential-provider-node" "3.335.0"
    "@aws-sdk/fetch-http-handler" "3.329.0"
    "@aws-sdk/hash-node" "3.329.0"
    "@aws-sdk/invalid-dependency" "3.329.0"
    "@aws-sdk/middleware-content-length" "3.329.0"
    "@aws-sdk/middleware-endpoint" "3.329.0"
    "@aws-sdk/middleware-host-header" "3.329.0"
    "@aws-sdk/middleware-logger" "3.329.0"
    "@aws-sdk/middleware-recursion-detection" "3.329.0"
    "@aws-sdk/middleware-retry" "3.329.0"
    "@aws-sdk/middleware-serde" "3.329.0"
    "@aws-sdk/middleware-signing" "3.329.0"
    "@aws-sdk/middleware-stack" "3.329.0"
    "@aws-sdk/middleware-user-agent" "3.332.0"
    "@aws-sdk/node-config-provider" "3.329.0"
    "@aws-sdk/node-http-handler" "3.329.0"
    "@aws-sdk/smithy-client" "3.329.0"
    "@aws-sdk/types" "3.329.0"
    "@aws-sdk/url-parser" "3.329.0"
    "@aws-sdk/util-base64" "3.310.0"
    "@aws-sdk/util-body-length-browser" "3.310.0"
    "@aws-sdk/util-body-length-node" "3.310.0"
    "@aws-sdk/util-defaults-mode-browser" "3.329.0"
    "@aws-sdk/util-defaults-mode-node" "3.329.0"
    "@aws-sdk/util-endpoints" "3.332.0"
    "@aws-sdk/util-retry" "3.329.0"
    "@aws-sdk/util-user-agent-browser" "3.329.0"
    "@aws-sdk/util-user-agent-node" "3.329.0"
    "@aws-sdk/util-utf8" "3.310.0"
    "@aws-sdk/util-waiter" "3.329.0"
    "@smithy/protocol-http" "^1.0.1"
    "@smithy/types" "^1.0.0"
    fast-xml-parser "4.1.2"
    tslib "^2.5.0"

"@aws-sdk/client-sso-oidc@3.335.0":
  version "3.335.0"
  resolved "https://registry.yarnpkg.com/@aws-sdk/client-sso-oidc/-/client-sso-oidc-3.335.0.tgz#280e1755ea0a996764daab599d3a4d5f4d1a2c55"
  integrity sha512-szaMq6tDznGy4EuidxPqhZKqEnfGJfoPWUpoFlhXsgZXinZY/vJlJ4G5l6nikhnS3omq3C3WPGJXMKF1ejVXKg==
  dependencies:
    "@aws-crypto/sha256-browser" "3.0.0"
    "@aws-crypto/sha256-js" "3.0.0"
    "@aws-sdk/config-resolver" "3.329.0"
    "@aws-sdk/fetch-http-handler" "3.329.0"
    "@aws-sdk/hash-node" "3.329.0"
    "@aws-sdk/invalid-dependency" "3.329.0"
    "@aws-sdk/middleware-content-length" "3.329.0"
    "@aws-sdk/middleware-endpoint" "3.329.0"
    "@aws-sdk/middleware-host-header" "3.329.0"
    "@aws-sdk/middleware-logger" "3.329.0"
    "@aws-sdk/middleware-recursion-detection" "3.329.0"
    "@aws-sdk/middleware-retry" "3.329.0"
    "@aws-sdk/middleware-serde" "3.329.0"
    "@aws-sdk/middleware-stack" "3.329.0"
    "@aws-sdk/middleware-user-agent" "3.332.0"
    "@aws-sdk/node-config-provider" "3.329.0"
    "@aws-sdk/node-http-handler" "3.329.0"
    "@aws-sdk/smithy-client" "3.329.0"
    "@aws-sdk/types" "3.329.0"
    "@aws-sdk/url-parser" "3.329.0"
    "@aws-sdk/util-base64" "3.310.0"
    "@aws-sdk/util-body-length-browser" "3.310.0"
    "@aws-sdk/util-body-length-node" "3.310.0"
    "@aws-sdk/util-defaults-mode-browser" "3.329.0"
    "@aws-sdk/util-defaults-mode-node" "3.329.0"
    "@aws-sdk/util-endpoints" "3.332.0"
    "@aws-sdk/util-retry" "3.329.0"
    "@aws-sdk/util-user-agent-browser" "3.329.0"
    "@aws-sdk/util-user-agent-node" "3.329.0"
    "@aws-sdk/util-utf8" "3.310.0"
    "@smithy/protocol-http" "^1.0.1"
    "@smithy/types" "^1.0.0"
    tslib "^2.5.0"

"@aws-sdk/client-sso@3.335.0":
  version "3.335.0"
  resolved "https://registry.yarnpkg.com/@aws-sdk/client-sso/-/client-sso-3.335.0.tgz#14b335885ad7946c74153b81f8bbc7fa4d7f1621"
  integrity sha512-tMvOq366QeMzcrRTDhMwuCFirntANX25qi4U32NDl//ny/7V6+7WK8Hf8lRAHvWnY9eT4RdNklXESo2yxlPyUg==
  dependencies:
    "@aws-crypto/sha256-browser" "3.0.0"
    "@aws-crypto/sha256-js" "3.0.0"
    "@aws-sdk/config-resolver" "3.329.0"
    "@aws-sdk/fetch-http-handler" "3.329.0"
    "@aws-sdk/hash-node" "3.329.0"
    "@aws-sdk/invalid-dependency" "3.329.0"
    "@aws-sdk/middleware-content-length" "3.329.0"
    "@aws-sdk/middleware-endpoint" "3.329.0"
    "@aws-sdk/middleware-host-header" "3.329.0"
    "@aws-sdk/middleware-logger" "3.329.0"
    "@aws-sdk/middleware-recursion-detection" "3.329.0"
    "@aws-sdk/middleware-retry" "3.329.0"
    "@aws-sdk/middleware-serde" "3.329.0"
    "@aws-sdk/middleware-stack" "3.329.0"
    "@aws-sdk/middleware-user-agent" "3.332.0"
    "@aws-sdk/node-config-provider" "3.329.0"
    "@aws-sdk/node-http-handler" "3.329.0"
    "@aws-sdk/smithy-client" "3.329.0"
    "@aws-sdk/types" "3.329.0"
    "@aws-sdk/url-parser" "3.329.0"
    "@aws-sdk/util-base64" "3.310.0"
    "@aws-sdk/util-body-length-browser" "3.310.0"
    "@aws-sdk/util-body-length-node" "3.310.0"
    "@aws-sdk/util-defaults-mode-browser" "3.329.0"
    "@aws-sdk/util-defaults-mode-node" "3.329.0"
    "@aws-sdk/util-endpoints" "3.332.0"
    "@aws-sdk/util-retry" "3.329.0"
    "@aws-sdk/util-user-agent-browser" "3.329.0"
    "@aws-sdk/util-user-agent-node" "3.329.0"
    "@aws-sdk/util-utf8" "3.310.0"
    "@smithy/protocol-http" "^1.0.1"
    "@smithy/types" "^1.0.0"
    tslib "^2.5.0"

"@aws-sdk/client-sts@3.335.0":
  version "3.335.0"
  resolved "https://registry.yarnpkg.com/@aws-sdk/client-sts/-/client-sts-3.335.0.tgz#54f1fb5f1d3c2e86933cb61577e1228dc8689744"
  integrity sha512-W+LW1b/3auvGg3EmFeJiraMyH/nxX7qIEBEPPWlJKphGSJAt0l08o8glL2O8s+o2oYWCB2DmgdWyOt1D6YRldQ==
  dependencies:
    "@aws-crypto/sha256-browser" "3.0.0"
    "@aws-crypto/sha256-js" "3.0.0"
    "@aws-sdk/config-resolver" "3.329.0"
    "@aws-sdk/credential-provider-node" "3.335.0"
    "@aws-sdk/fetch-http-handler" "3.329.0"
    "@aws-sdk/hash-node" "3.329.0"
    "@aws-sdk/invalid-dependency" "3.329.0"
    "@aws-sdk/middleware-content-length" "3.329.0"
    "@aws-sdk/middleware-endpoint" "3.329.0"
    "@aws-sdk/middleware-host-header" "3.329.0"
    "@aws-sdk/middleware-logger" "3.329.0"
    "@aws-sdk/middleware-recursion-detection" "3.329.0"
    "@aws-sdk/middleware-retry" "3.329.0"
    "@aws-sdk/middleware-sdk-sts" "3.329.0"
    "@aws-sdk/middleware-serde" "3.329.0"
    "@aws-sdk/middleware-signing" "3.329.0"
    "@aws-sdk/middleware-stack" "3.329.0"
    "@aws-sdk/middleware-user-agent" "3.332.0"
    "@aws-sdk/node-config-provider" "3.329.0"
    "@aws-sdk/node-http-handler" "3.329.0"
    "@aws-sdk/smithy-client" "3.329.0"
    "@aws-sdk/types" "3.329.0"
    "@aws-sdk/url-parser" "3.329.0"
    "@aws-sdk/util-base64" "3.310.0"
    "@aws-sdk/util-body-length-browser" "3.310.0"
    "@aws-sdk/util-body-length-node" "3.310.0"
    "@aws-sdk/util-defaults-mode-browser" "3.329.0"
    "@aws-sdk/util-defaults-mode-node" "3.329.0"
    "@aws-sdk/util-endpoints" "3.332.0"
    "@aws-sdk/util-retry" "3.329.0"
    "@aws-sdk/util-user-agent-browser" "3.329.0"
    "@aws-sdk/util-user-agent-node" "3.329.0"
    "@aws-sdk/util-utf8" "3.310.0"
    "@smithy/protocol-http" "^1.0.1"
    "@smithy/types" "^1.0.0"
    fast-xml-parser "4.1.2"
    tslib "^2.5.0"

"@aws-sdk/config-resolver@3.329.0":
  version "3.329.0"
  resolved "https://registry.yarnpkg.com/@aws-sdk/config-resolver/-/config-resolver-3.329.0.tgz#f4283c9c8e61752cecad8cfaebb4db52ac1bbf60"
  integrity sha512-Oj6eiT3q+Jn685yvUrfRi8PhB3fb81hasJqdrsEivA8IP8qAgnVUTJzXsh8O2UX8UM2MF6A1gTgToSgneJuw2Q==
  dependencies:
    "@aws-sdk/types" "3.329.0"
    "@aws-sdk/util-config-provider" "3.310.0"
    "@aws-sdk/util-middleware" "3.329.0"
    tslib "^2.5.0"

"@aws-sdk/credential-provider-env@3.329.0":
  version "3.329.0"
  resolved "https://registry.yarnpkg.com/@aws-sdk/credential-provider-env/-/credential-provider-env-3.329.0.tgz#54bb313de01324e302b5927733083a4c93ed9962"
  integrity sha512-B4orC9hMt9hG82vAR0TAnQqjk6cFDbO2S14RdzUj2n2NPlGWW4Blkv3NTo86K0lq011VRhtqaLcuTwn5EJD5Sg==
  dependencies:
    "@aws-sdk/property-provider" "3.329.0"
    "@aws-sdk/types" "3.329.0"
    tslib "^2.5.0"

"@aws-sdk/credential-provider-imds@3.329.0":
  version "3.329.0"
  resolved "https://registry.yarnpkg.com/@aws-sdk/credential-provider-imds/-/credential-provider-imds-3.329.0.tgz#566b21c37f5e89730ef3b4229f0824b4c455f669"
  integrity sha512-ggPlnd7QROPTid0CwT01TYYGvstRRTpzTGsQ/B31wkh30IrRXE81W3S4xrOYuqQD3u0RnflSxnvhs+EayJEYjg==
  dependencies:
    "@aws-sdk/node-config-provider" "3.329.0"
    "@aws-sdk/property-provider" "3.329.0"
    "@aws-sdk/types" "3.329.0"
    "@aws-sdk/url-parser" "3.329.0"
    tslib "^2.5.0"

"@aws-sdk/credential-provider-ini@3.335.0":
  version "3.335.0"
  resolved "https://registry.yarnpkg.com/@aws-sdk/credential-provider-ini/-/credential-provider-ini-3.335.0.tgz#141bbf3a60861cf43f70d34968288d8360171bf3"
  integrity sha512-3AsKlpAnddLYGEZkfT8ZsAB+1WySSzbLA2eoJTW80nKWVUnvYV6gq/sNXEY43i7T2rOXmblJHbTuMAWA1ruMFg==
  dependencies:
    "@aws-sdk/credential-provider-env" "3.329.0"
    "@aws-sdk/credential-provider-imds" "3.329.0"
    "@aws-sdk/credential-provider-process" "3.329.0"
    "@aws-sdk/credential-provider-sso" "3.335.0"
    "@aws-sdk/credential-provider-web-identity" "3.329.0"
    "@aws-sdk/property-provider" "3.329.0"
    "@aws-sdk/shared-ini-file-loader" "3.329.0"
    "@aws-sdk/types" "3.329.0"
    tslib "^2.5.0"

"@aws-sdk/credential-provider-node@3.335.0":
  version "3.335.0"
  resolved "https://registry.yarnpkg.com/@aws-sdk/credential-provider-node/-/credential-provider-node-3.335.0.tgz#e1da63ddecd1f9b90b0cac1f3884d189de29a673"
  integrity sha512-aIelF8GBTbXuVntpeEdnbcajYtkO01OfSmXb08JxvtQ0tPCWY6SbLpNHUAIfBW1OVkm5E7SX+Hc1tawxq9IKAA==
  dependencies:
    "@aws-sdk/credential-provider-env" "3.329.0"
    "@aws-sdk/credential-provider-imds" "3.329.0"
    "@aws-sdk/credential-provider-ini" "3.335.0"
    "@aws-sdk/credential-provider-process" "3.329.0"
    "@aws-sdk/credential-provider-sso" "3.335.0"
    "@aws-sdk/credential-provider-web-identity" "3.329.0"
    "@aws-sdk/property-provider" "3.329.0"
    "@aws-sdk/shared-ini-file-loader" "3.329.0"
    "@aws-sdk/types" "3.329.0"
    tslib "^2.5.0"

"@aws-sdk/credential-provider-process@3.329.0":
  version "3.329.0"
  resolved "https://registry.yarnpkg.com/@aws-sdk/credential-provider-process/-/credential-provider-process-3.329.0.tgz#5c07b2f4c67cb97190c69d4af5890c9db3f8a31d"
  integrity sha512-5oO220qoFc2pMdZDQa6XN/mVhp669I3+LqMbbscGtX/UgLJPSOb7YzPld9Wjv12L5rf+sD3G1PF3LZXO0vKLFA==
  dependencies:
    "@aws-sdk/property-provider" "3.329.0"
    "@aws-sdk/shared-ini-file-loader" "3.329.0"
    "@aws-sdk/types" "3.329.0"
    tslib "^2.5.0"

"@aws-sdk/credential-provider-sso@3.335.0":
  version "3.335.0"
  resolved "https://registry.yarnpkg.com/@aws-sdk/credential-provider-sso/-/credential-provider-sso-3.335.0.tgz#37e7abe1864d3b83f5286fc8ca991de42f8c91e7"
  integrity sha512-omEF3m9Vy18QfuGuGx/48MaiKDOdvMZKZI9FKyQxFIwfqRyhmF2jzQ7070FD/E9YakscOZ0hSeYEPJ7nkJa8ww==
  dependencies:
    "@aws-sdk/client-sso" "3.335.0"
    "@aws-sdk/property-provider" "3.329.0"
    "@aws-sdk/shared-ini-file-loader" "3.329.0"
    "@aws-sdk/token-providers" "3.335.0"
    "@aws-sdk/types" "3.329.0"
    tslib "^2.5.0"

"@aws-sdk/credential-provider-web-identity@3.329.0":
  version "3.329.0"
  resolved "https://registry.yarnpkg.com/@aws-sdk/credential-provider-web-identity/-/credential-provider-web-identity-3.329.0.tgz#5610293c03bc4c323dfcae522c545c20e2d8dd86"
  integrity sha512-lcEibZD7AlutCacpQ6DyNUqElZJDq+ylaIo5a8MH9jGh7Pg2WpDg0Sy+B6FbGCkVn4eIjdHxeX54JM245nhESg==
  dependencies:
    "@aws-sdk/property-provider" "3.329.0"
    "@aws-sdk/types" "3.329.0"
    tslib "^2.5.0"

"@aws-sdk/fetch-http-handler@3.329.0":
  version "3.329.0"
  resolved "https://registry.yarnpkg.com/@aws-sdk/fetch-http-handler/-/fetch-http-handler-3.329.0.tgz#5aee0c9a32ad8ff4fa96c6869bba68c345818532"
  integrity sha512-9jfIeJhYCcTX4ScXOueRTB3S/tVce0bRsKxKDP0PnTxnGYOwKXoM9lAPmiYItzYmQ/+QzjTI8xfkA9Usz2SK/Q==
  dependencies:
    "@aws-sdk/protocol-http" "3.329.0"
    "@aws-sdk/querystring-builder" "3.329.0"
    "@aws-sdk/types" "3.329.0"
    "@aws-sdk/util-base64" "3.310.0"
    tslib "^2.5.0"

"@aws-sdk/hash-node@3.329.0":
  version "3.329.0"
  resolved "https://registry.yarnpkg.com/@aws-sdk/hash-node/-/hash-node-3.329.0.tgz#91ef8b1b55e1a438c367f63747673bf146a00499"
  integrity sha512-6RmnWXNWpi7yAs0oRDQlkMn2wfXOStr/8kTCgiAiqrk1KopGSBkC2veKiKRSfv02FTd1yV/ISqYNIRqW1VLyxg==
  dependencies:
    "@aws-sdk/types" "3.329.0"
    "@aws-sdk/util-buffer-from" "3.310.0"
    "@aws-sdk/util-utf8" "3.310.0"
    tslib "^2.5.0"

"@aws-sdk/invalid-dependency@3.329.0":
  version "3.329.0"
  resolved "https://registry.yarnpkg.com/@aws-sdk/invalid-dependency/-/invalid-dependency-3.329.0.tgz#83dc33de710f80eba5e084a82aab656c1d240352"
  integrity sha512-UXynGusDxN/HxLma5ByJ7u+XnuMd47NbHOjJgYsaAjb1CVZT7hEPXOB+mcZ+Ku7To5SCOKu2QbRn7m4bGespBg==
  dependencies:
    "@aws-sdk/types" "3.329.0"
    tslib "^2.5.0"

"@aws-sdk/is-array-buffer@3.310.0":
  version "3.310.0"
  resolved "https://registry.yarnpkg.com/@aws-sdk/is-array-buffer/-/is-array-buffer-3.310.0.tgz#f87a79f1b858c88744f07e8d8d0a791df204017e"
  integrity sha512-urnbcCR+h9NWUnmOtet/s4ghvzsidFmspfhYaHAmSRdy9yDjdjBJMFjjsn85A1ODUktztm+cVncXjQ38WCMjMQ==
  dependencies:
    tslib "^2.5.0"

"@aws-sdk/middleware-content-length@3.329.0":
  version "3.329.0"
  resolved "https://registry.yarnpkg.com/@aws-sdk/middleware-content-length/-/middleware-content-length-3.329.0.tgz#cadd0c3ba7fe3d0b21812523bb7d7f7526c9c700"
  integrity sha512-7kCd+CvY/4KbyXB0uyL7jCwPjMi2yERMALFdEH9dsUciwmxIQT6eSc4aF6wImC4UrbafaqmXvvHErABKMVBTKA==
  dependencies:
    "@aws-sdk/protocol-http" "3.329.0"
    "@aws-sdk/types" "3.329.0"
    tslib "^2.5.0"

"@aws-sdk/middleware-endpoint@3.329.0":
  version "3.329.0"
  resolved "https://registry.yarnpkg.com/@aws-sdk/middleware-endpoint/-/middleware-endpoint-3.329.0.tgz#50c5f71afa3b6d3062d3b542279009454898314e"
  integrity sha512-hdJRoNdCM0BT4W+rrtee+kfFRgGPGXQDgtbIQlf/FuuuYz2sdef7/SYWr0mxuncnVBW5WkYSPP8h6q07whSKbg==
  dependencies:
    "@aws-sdk/middleware-serde" "3.329.0"
    "@aws-sdk/types" "3.329.0"
    "@aws-sdk/url-parser" "3.329.0"
    "@aws-sdk/util-middleware" "3.329.0"
    tslib "^2.5.0"

"@aws-sdk/middleware-host-header@3.329.0":
  version "3.329.0"
  resolved "https://registry.yarnpkg.com/@aws-sdk/middleware-host-header/-/middleware-host-header-3.329.0.tgz#22b1a6d91f3f281ef802f21f2ab0b426526d6066"
  integrity sha512-JrHeUdTIpTCfXDo9JpbAbZTS1x4mt63CCytJRq0mpWp+FlP9hjckBcNxWdR/wSKEzP9pDRnTri638BOwWH7O8w==
  dependencies:
    "@aws-sdk/protocol-http" "3.329.0"
    "@aws-sdk/types" "3.329.0"
    tslib "^2.5.0"

"@aws-sdk/middleware-logger@3.329.0":
  version "3.329.0"
  resolved "https://registry.yarnpkg.com/@aws-sdk/middleware-logger/-/middleware-logger-3.329.0.tgz#fa8adc07928da24e713e384d4a32c8d0e36f96ee"
  integrity sha512-lKeeTXsYC1NiwmxrXsZepcwNXPoQxTNNbeD1qaCELPGK2cJlrGoeAP2YRWzpwO2kNZWrDLaGAPT/EUEhqw+d1w==
  dependencies:
    "@aws-sdk/types" "3.329.0"
    tslib "^2.5.0"

"@aws-sdk/middleware-recursion-detection@3.329.0":
  version "3.329.0"
  resolved "https://registry.yarnpkg.com/@aws-sdk/middleware-recursion-detection/-/middleware-recursion-detection-3.329.0.tgz#afa676f26f9a050cd3d57a2efa2b0247a6e1d614"
  integrity sha512-0/TYOJwrj1Z8s+Y7thibD23hggBq/K/01NwPk32CwWG/G+1vWozs5DefknEl++w0vuV+39pkY4KHI8m/+wOCpg==
  dependencies:
    "@aws-sdk/protocol-http" "3.329.0"
    "@aws-sdk/types" "3.329.0"
    tslib "^2.5.0"

"@aws-sdk/middleware-retry@3.329.0":
  version "3.329.0"
  resolved "https://registry.yarnpkg.com/@aws-sdk/middleware-retry/-/middleware-retry-3.329.0.tgz#326fb0b7442d665689d311fba43eb49a510d2939"
  integrity sha512-cB3D7GlhHUcHGOlygOYxD9cPhwsTYEAMcohK38An8+RHNp6VQEWezzLFCmHVKUSeCQ+wkjZfPA40jOG0rbjSgQ==
  dependencies:
    "@aws-sdk/protocol-http" "3.329.0"
    "@aws-sdk/service-error-classification" "3.329.0"
    "@aws-sdk/types" "3.329.0"
    "@aws-sdk/util-middleware" "3.329.0"
    "@aws-sdk/util-retry" "3.329.0"
    tslib "^2.5.0"
    uuid "^8.3.2"

"@aws-sdk/middleware-sdk-sts@3.329.0":
  version "3.329.0"
  resolved "https://registry.yarnpkg.com/@aws-sdk/middleware-sdk-sts/-/middleware-sdk-sts-3.329.0.tgz#50056cca7688e708e3db6bd66203878bc373ff7d"
  integrity sha512-bqtZuhkH8pANb2Gb4FEM1p27o+BoDBmVhEWm8sWH+APsyOor3jc6eUG2GxkfoO6D5tGNIuyCC/GuvW9XDIe4Kg==
  dependencies:
    "@aws-sdk/middleware-signing" "3.329.0"
    "@aws-sdk/types" "3.329.0"
    tslib "^2.5.0"

"@aws-sdk/middleware-serde@3.329.0":
  version "3.329.0"
  resolved "https://registry.yarnpkg.com/@aws-sdk/middleware-serde/-/middleware-serde-3.329.0.tgz#f822d7419953ba5d31104262724034340908dd28"
  integrity sha512-tvM9NdPuRPCozPjTGNOeYZeLlyx3BcEyajrkRorCRf1YzG/mXdB6I1stote7i4q1doFtYTz0sYL8bqW3LUPn9A==
  dependencies:
    "@aws-sdk/types" "3.329.0"
    tslib "^2.5.0"

"@aws-sdk/middleware-signing@3.329.0":
  version "3.329.0"
  resolved "https://registry.yarnpkg.com/@aws-sdk/middleware-signing/-/middleware-signing-3.329.0.tgz#25011abb0911c1a23840d8d228676758f5b55926"
  integrity sha512-bL1nI+EUcF5B1ipwDXxiKL+Uw02Mbt/TNX54PbzunBGZIyO6DZG/H+M3U296bYbvPlwlZhp26O830g6K7VEWsA==
  dependencies:
    "@aws-sdk/property-provider" "3.329.0"
    "@aws-sdk/protocol-http" "3.329.0"
    "@aws-sdk/signature-v4" "3.329.0"
    "@aws-sdk/types" "3.329.0"
    "@aws-sdk/util-middleware" "3.329.0"
    tslib "^2.5.0"

"@aws-sdk/middleware-stack@3.329.0":
  version "3.329.0"
  resolved "https://registry.yarnpkg.com/@aws-sdk/middleware-stack/-/middleware-stack-3.329.0.tgz#745150a190cc025d0bd7a52c0db5580c05dbbb54"
  integrity sha512-2huFLhJ45td2nuiIOjpc9JKJbFNn5CYmw9U8YDITTcydpteRN62CzCpeqroDvF89VOLWxh0ZFtuLCGUr7liSWQ==
  dependencies:
    tslib "^2.5.0"

"@aws-sdk/middleware-user-agent@3.332.0":
  version "3.332.0"
  resolved "https://registry.yarnpkg.com/@aws-sdk/middleware-user-agent/-/middleware-user-agent-3.332.0.tgz#6f2de9579b09dd7feeab27ef8a18c236694ad903"
  integrity sha512-rSL1xP4QmcMOsunN1p5ZDR9GT3vvoSCnYa4iPvMSjP8Jx7l4ff/aVctwfZkMs/up12+68Jqwj4TvtaCvCFXdUA==
  dependencies:
    "@aws-sdk/protocol-http" "3.329.0"
    "@aws-sdk/types" "3.329.0"
    "@aws-sdk/util-endpoints" "3.332.0"
    tslib "^2.5.0"

"@aws-sdk/node-config-provider@3.329.0":
  version "3.329.0"
  resolved "https://registry.yarnpkg.com/@aws-sdk/node-config-provider/-/node-config-provider-3.329.0.tgz#32666077565924354a2216a5343ee768d3107eea"
  integrity sha512-hg9rGNlkzh8aeR/sQbijrkFx2BIO53j4Z6qDxPNWwSGpl05jri1VHxHx2HZMwgbY6Zy/DSguETN/BL8vdFqyLg==
  dependencies:
    "@aws-sdk/property-provider" "3.329.0"
    "@aws-sdk/shared-ini-file-loader" "3.329.0"
    "@aws-sdk/types" "3.329.0"
    tslib "^2.5.0"

"@aws-sdk/node-http-handler@3.329.0":
  version "3.329.0"
  resolved "https://registry.yarnpkg.com/@aws-sdk/node-http-handler/-/node-http-handler-3.329.0.tgz#6dc721e6a9df7baebefd145295ef1a8bf1000a51"
  integrity sha512-OrjaHjU2ZTPfoHa5DruRvTIbeHH/cc0wvh4ml+FwDpWaPaBpOhLiluhZ3anqX1l5QjrXNiQnL8FxSM5OV/zVCA==
  dependencies:
    "@aws-sdk/abort-controller" "3.329.0"
    "@aws-sdk/protocol-http" "3.329.0"
    "@aws-sdk/querystring-builder" "3.329.0"
    "@aws-sdk/types" "3.329.0"
    tslib "^2.5.0"

"@aws-sdk/property-provider@3.329.0":
  version "3.329.0"
  resolved "https://registry.yarnpkg.com/@aws-sdk/property-provider/-/property-provider-3.329.0.tgz#069dda84e132c9d4eca1a4ae37c62f7a650a0046"
  integrity sha512-1cHLTV6yyMGaMSWWDW/p4vTkJ1cc5BOEO+A0eHuAcoSOk+LDe9IKhUG3/ZOvvYKQYcqIj5jjGSni/noXNCl/qw==
  dependencies:
    "@aws-sdk/types" "3.329.0"
    tslib "^2.5.0"

"@aws-sdk/protocol-http@3.329.0":
  version "3.329.0"
  resolved "https://registry.yarnpkg.com/@aws-sdk/protocol-http/-/protocol-http-3.329.0.tgz#a8a7e01477831961f5f040fe607c3552f9ccb013"
  integrity sha512-0rLEHY6QTHTUUcVxzGbPUSmCKlXWplxT/fcYRh0bcc5MBK4naKfcQft1O6Ajp8uqs/9YPZ7XCVCn90pDeJfeaw==
  dependencies:
    "@aws-sdk/types" "3.329.0"
    tslib "^2.5.0"

"@aws-sdk/querystring-builder@3.329.0":
  version "3.329.0"
  resolved "https://registry.yarnpkg.com/@aws-sdk/querystring-builder/-/querystring-builder-3.329.0.tgz#c6e6dd03dcd4378d1fbee576ce2a81dd94ac46a6"
  integrity sha512-UWgMKkS5trliaDJG4nPv3onu8Y0aBuwRo7RdIgggguOiU8pU6pq1I113nH2FBNWy+Me1bwf+bcviJh0pCo6bEg==
  dependencies:
    "@aws-sdk/types" "3.329.0"
    "@aws-sdk/util-uri-escape" "3.310.0"
    tslib "^2.5.0"

"@aws-sdk/querystring-parser@3.329.0":
  version "3.329.0"
  resolved "https://registry.yarnpkg.com/@aws-sdk/querystring-parser/-/querystring-parser-3.329.0.tgz#dbbf2fd23ff0dfa2e4663fa414de1d5e60814896"
  integrity sha512-9mkK+FB7snJ2G7H3CqtprDwYIRhzm6jEezffCwUWrC+lbqHBbErbhE9IeU/MKxILmf0RbC2riXEY1MHGspjRrQ==
  dependencies:
    "@aws-sdk/types" "3.329.0"
    tslib "^2.5.0"

"@aws-sdk/service-error-classification@3.329.0":
  version "3.329.0"
  resolved "https://registry.yarnpkg.com/@aws-sdk/service-error-classification/-/service-error-classification-3.329.0.tgz#32db59091ff28f14e526cee738bc14e32a6850f6"
  integrity sha512-TSNr0flOcCLe71aPp7MjblKNGsmxpTU4xR5772MDX9Cz9GUTNZCPFtvrcqd+wzEPP/AC7XwNXe8KjoXooZImUQ==

"@aws-sdk/shared-ini-file-loader@3.329.0":
  version "3.329.0"
  resolved "https://registry.yarnpkg.com/@aws-sdk/shared-ini-file-loader/-/shared-ini-file-loader-3.329.0.tgz#190eb922860d49b4259b20ca6df4d20769544802"
  integrity sha512-e0hyd75fbjMd4aCoRwpP2/HR+0oScwogErVArIkq3F42c/hyNCQP3sph4JImuXIjuo6HNnpKpf20CEPPhNna8A==
  dependencies:
    "@aws-sdk/types" "3.329.0"
    tslib "^2.5.0"

"@aws-sdk/signature-v4@3.329.0":
  version "3.329.0"
  resolved "https://registry.yarnpkg.com/@aws-sdk/signature-v4/-/signature-v4-3.329.0.tgz#8d40683189678f49504169c923e8342247b1da70"
  integrity sha512-9EnLoyOD5nFtCRAp+QRllDgQASCfY7jLHVhwht7jzwE80wE65Z9Ym5Z/mwTd4IyTz/xXfCvcE2VwClsBt0Ybdw==
  dependencies:
    "@aws-sdk/is-array-buffer" "3.310.0"
    "@aws-sdk/types" "3.329.0"
    "@aws-sdk/util-hex-encoding" "3.310.0"
    "@aws-sdk/util-middleware" "3.329.0"
    "@aws-sdk/util-uri-escape" "3.310.0"
    "@aws-sdk/util-utf8" "3.310.0"
    tslib "^2.5.0"

"@aws-sdk/smithy-client@3.329.0":
  version "3.329.0"
  resolved "https://registry.yarnpkg.com/@aws-sdk/smithy-client/-/smithy-client-3.329.0.tgz#54705963939855c87ae6e6c88196d23e819d728e"
  integrity sha512-7E0fGpBKxwFqHHAOqNbgNsHSEmCZLuvmU9yvG9DXKVzrS4P48O/PfOro123WpcFZs3STyOVgH8wjUPftHAVKmg==
  dependencies:
    "@aws-sdk/middleware-stack" "3.329.0"
    "@aws-sdk/types" "3.329.0"
    tslib "^2.5.0"

"@aws-sdk/token-providers@3.335.0":
  version "3.335.0"
  resolved "https://registry.yarnpkg.com/@aws-sdk/token-providers/-/token-providers-3.335.0.tgz#fcd7bdf62a17343c3bd6f57f58511e6eda7b81f9"
  integrity sha512-2Hu62xH4/6V+N5JWsPuvxCCmaf/QUnxtz48ClpxzBKM/whrTTkLku8W2fh2MmnzGzAHtT+N97jkIsy2B+onqIg==
  dependencies:
    "@aws-sdk/client-sso-oidc" "3.335.0"
    "@aws-sdk/property-provider" "3.329.0"
    "@aws-sdk/shared-ini-file-loader" "3.329.0"
    "@aws-sdk/types" "3.329.0"
    tslib "^2.5.0"

"@aws-sdk/types@3.329.0", "@aws-sdk/types@^3.222.0":
  version "3.329.0"
  resolved "https://registry.yarnpkg.com/@aws-sdk/types/-/types-3.329.0.tgz#bc20659abfcd666954196c3a24ad47785db80dd3"
  integrity sha512-wFBW4yciDfzQBSFmWNaEvHShnSGLMxSu9Lls6EUf6xDMavxSB36bsrVRX6CyAo/W0NeIIyEOW1LclGPgJV1okg==
  dependencies:
    tslib "^2.5.0"

"@aws-sdk/url-parser@3.329.0":
  version "3.329.0"
  resolved "https://registry.yarnpkg.com/@aws-sdk/url-parser/-/url-parser-3.329.0.tgz#a2862834a832ec1d379791f5233e378b75fc63ad"
  integrity sha512-/VcfL7vNJKJGSjYYHVQF3bYCDFs4fSzB7j5qeVDwRdWr870gE7O1Dar+sLWBRKFF3AX+4VzplqzUfpu9t44JVA==
  dependencies:
    "@aws-sdk/querystring-parser" "3.329.0"
    "@aws-sdk/types" "3.329.0"
    tslib "^2.5.0"

"@aws-sdk/util-base64@3.310.0":
  version "3.310.0"
  resolved "https://registry.yarnpkg.com/@aws-sdk/util-base64/-/util-base64-3.310.0.tgz#d0fd49aff358c5a6e771d0001c63b1f97acbe34c"
  integrity sha512-v3+HBKQvqgdzcbL+pFswlx5HQsd9L6ZTlyPVL2LS9nNXnCcR3XgGz9jRskikRUuUvUXtkSG1J88GAOnJ/apTPg==
  dependencies:
    "@aws-sdk/util-buffer-from" "3.310.0"
    tslib "^2.5.0"

"@aws-sdk/util-body-length-browser@3.310.0":
  version "3.310.0"
  resolved "https://registry.yarnpkg.com/@aws-sdk/util-body-length-browser/-/util-body-length-browser-3.310.0.tgz#3fca9d2f73c058edf1907e4a1d99a392fdd23eca"
  integrity sha512-sxsC3lPBGfpHtNTUoGXMQXLwjmR0zVpx0rSvzTPAuoVILVsp5AU/w5FphNPxD5OVIjNbZv9KsKTuvNTiZjDp9g==
  dependencies:
    tslib "^2.5.0"

"@aws-sdk/util-body-length-node@3.310.0":
  version "3.310.0"
  resolved "https://registry.yarnpkg.com/@aws-sdk/util-body-length-node/-/util-body-length-node-3.310.0.tgz#4846ae72834ab0636f29f89fc1878520f6543fed"
  integrity sha512-2tqGXdyKhyA6w4zz7UPoS8Ip+7sayOg9BwHNidiGm2ikbDxm1YrCfYXvCBdwaJxa4hJfRVz+aL9e+d3GqPI9pQ==
  dependencies:
    tslib "^2.5.0"

"@aws-sdk/util-buffer-from@3.310.0":
  version "3.310.0"
  resolved "https://registry.yarnpkg.com/@aws-sdk/util-buffer-from/-/util-buffer-from-3.310.0.tgz#7a72cb965984d3c6a7e256ae6cf1621f52e54a57"
  integrity sha512-i6LVeXFtGih5Zs8enLrt+ExXY92QV25jtEnTKHsmlFqFAuL3VBeod6boeMXkN2p9lbSVVQ1sAOOYZOHYbYkntw==
  dependencies:
    "@aws-sdk/is-array-buffer" "3.310.0"
    tslib "^2.5.0"

"@aws-sdk/util-config-provider@3.310.0":
  version "3.310.0"
  resolved "https://registry.yarnpkg.com/@aws-sdk/util-config-provider/-/util-config-provider-3.310.0.tgz#ff21f73d4774cfd7bd16ae56f905828600dda95f"
  integrity sha512-xIBaYo8dwiojCw8vnUcIL4Z5tyfb1v3yjqyJKJWV/dqKUFOOS0U591plmXbM+M/QkXyML3ypon1f8+BoaDExrg==
  dependencies:
    tslib "^2.5.0"

"@aws-sdk/util-defaults-mode-browser@3.329.0":
  version "3.329.0"
  resolved "https://registry.yarnpkg.com/@aws-sdk/util-defaults-mode-browser/-/util-defaults-mode-browser-3.329.0.tgz#49fc6836e85968ff86917c56c82fc9ef595c0565"
  integrity sha512-2iSiy/pzX3OXMhtSxtAzOiEFr3viQEFnYOTeZuiheuyS+cea2L79F6SlZ1110b/nOIU/UOrxxtz83HVad8YFMQ==
  dependencies:
    "@aws-sdk/property-provider" "3.329.0"
    "@aws-sdk/types" "3.329.0"
    bowser "^2.11.0"
    tslib "^2.5.0"

"@aws-sdk/util-defaults-mode-node@3.329.0":
  version "3.329.0"
  resolved "https://registry.yarnpkg.com/@aws-sdk/util-defaults-mode-node/-/util-defaults-mode-node-3.329.0.tgz#2296652bcacd56c6abe159194aae283738a796b2"
  integrity sha512-7A6C7YKjkZtmKtH29isYEtOCbhd7IcXPP8lftN8WAWlLOiZE4gV7PHveagUj7QserJzgRKGwwTQbBj53n18HYg==
  dependencies:
    "@aws-sdk/config-resolver" "3.329.0"
    "@aws-sdk/credential-provider-imds" "3.329.0"
    "@aws-sdk/node-config-provider" "3.329.0"
    "@aws-sdk/property-provider" "3.329.0"
    "@aws-sdk/types" "3.329.0"
    tslib "^2.5.0"

"@aws-sdk/util-endpoints@3.332.0":
  version "3.332.0"
  resolved "https://registry.yarnpkg.com/@aws-sdk/util-endpoints/-/util-endpoints-3.332.0.tgz#e360f65d240c97661988e20f15bb5bca160f773a"
  integrity sha512-nQx7AiOroMU2hj6h+umWOSZ+WECwxupaxFUK/PPKGW6NY/VdQE6LluYnXOtF5awlr8w1nPksT0Lq05PZutMDLA==
  dependencies:
    "@aws-sdk/types" "3.329.0"
    tslib "^2.5.0"

"@aws-sdk/util-hex-encoding@3.310.0":
  version "3.310.0"
  resolved "https://registry.yarnpkg.com/@aws-sdk/util-hex-encoding/-/util-hex-encoding-3.310.0.tgz#19294c78986c90ae33f04491487863dc1d33bd87"
  integrity sha512-sVN7mcCCDSJ67pI1ZMtk84SKGqyix6/0A1Ab163YKn+lFBQRMKexleZzpYzNGxYzmQS6VanP/cfU7NiLQOaSfA==
  dependencies:
    tslib "^2.5.0"

"@aws-sdk/util-locate-window@^3.0.0":
  version "3.310.0"
  resolved "https://registry.yarnpkg.com/@aws-sdk/util-locate-window/-/util-locate-window-3.310.0.tgz#b071baf050301adee89051032bd4139bba32cc40"
  integrity sha512-qo2t/vBTnoXpjKxlsC2e1gBrRm80M3bId27r0BRB2VniSSe7bL1mmzM+/HFtujm0iAxtPM+aLEflLJlJeDPg0w==
  dependencies:
    tslib "^2.5.0"

"@aws-sdk/util-middleware@3.329.0":
  version "3.329.0"
  resolved "https://registry.yarnpkg.com/@aws-sdk/util-middleware/-/util-middleware-3.329.0.tgz#0d4056c8479d80760778928e807ff74c57fcead3"
  integrity sha512-RhBOBaxzkTUghi4MSqr8S5qeeBCjgJ0XPJ6jIYkVkj1saCmqkuZCgl3zFaYdyhdxxPV6nflkFer+1HUoqT+Fqw==
  dependencies:
    tslib "^2.5.0"

"@aws-sdk/util-retry@3.329.0":
  version "3.329.0"
  resolved "https://registry.yarnpkg.com/@aws-sdk/util-retry/-/util-retry-3.329.0.tgz#20b71504dd907e70a457cd56dcd131d08d6de39c"
  integrity sha512-+3VQ9HZLinysnmryUs9Xjt1YVh4TYYHLt30ilu4iUnIHFQoamdzIbRCWseSVFPCxGroen9M9qmAleAsytHEKuA==
  dependencies:
    "@aws-sdk/service-error-classification" "3.329.0"
    tslib "^2.5.0"

"@aws-sdk/util-uri-escape@3.310.0":
  version "3.310.0"
  resolved "https://registry.yarnpkg.com/@aws-sdk/util-uri-escape/-/util-uri-escape-3.310.0.tgz#9f942f09a715d8278875013a416295746b6085ba"
  integrity sha512-drzt+aB2qo2LgtDoiy/3sVG8w63cgLkqFIa2NFlGpUgHFWTXkqtbgf4L5QdjRGKWhmZsnqkbtL7vkSWEcYDJ4Q==
  dependencies:
    tslib "^2.5.0"

"@aws-sdk/util-user-agent-browser@3.329.0":
  version "3.329.0"
  resolved "https://registry.yarnpkg.com/@aws-sdk/util-user-agent-browser/-/util-user-agent-browser-3.329.0.tgz#6c3353a68f5d3d420156fabdcfab3bf4160f383b"
  integrity sha512-8hLSmMCl8aw2++0Zuba8ELq8FkK6/VNyx470St201IpMn2GMbQMDl/rLolRKiTgji6wc+T3pOTidkJkz8/cIXA==
  dependencies:
    "@aws-sdk/types" "3.329.0"
    bowser "^2.11.0"
    tslib "^2.5.0"

"@aws-sdk/util-user-agent-node@3.329.0":
  version "3.329.0"
  resolved "https://registry.yarnpkg.com/@aws-sdk/util-user-agent-node/-/util-user-agent-node-3.329.0.tgz#eb0930a1f3315fa6ea6f72e4007bbfce1202a3e5"
  integrity sha512-C50Zaeodc0+psEP+L4WpElrH8epuLWJPVN4hDOTORcM0cSoU2o025Ost9mbcU7UdoHNxF9vitLnzORGN9SHolg==
  dependencies:
    "@aws-sdk/node-config-provider" "3.329.0"
    "@aws-sdk/types" "3.329.0"
    tslib "^2.5.0"

"@aws-sdk/util-utf8-browser@^3.0.0":
  version "3.259.0"
  resolved "https://registry.yarnpkg.com/@aws-sdk/util-utf8-browser/-/util-utf8-browser-3.259.0.tgz#3275a6f5eb334f96ca76635b961d3c50259fd9ff"
  integrity sha512-UvFa/vR+e19XookZF8RzFZBrw2EUkQWxiBW0yYQAhvk3C+QVGl0H3ouca8LDBlBfQKXwmW3huo/59H8rwb1wJw==
  dependencies:
    tslib "^2.3.1"

"@aws-sdk/util-utf8@3.310.0":
  version "3.310.0"
  resolved "https://registry.yarnpkg.com/@aws-sdk/util-utf8/-/util-utf8-3.310.0.tgz#4a7b9dcebb88e830d3811aeb21e9a6df4273afb4"
  integrity sha512-DnLfFT8uCO22uOJc0pt0DsSNau1GTisngBCDw8jQuWT5CqogMJu4b/uXmwEqfj8B3GX6Xsz8zOd6JpRlPftQoA==
  dependencies:
    "@aws-sdk/util-buffer-from" "3.310.0"
    tslib "^2.5.0"

"@aws-sdk/util-waiter@3.329.0":
  version "3.329.0"
  resolved "https://registry.yarnpkg.com/@aws-sdk/util-waiter/-/util-waiter-3.329.0.tgz#4e0d457548661e210cf716f8b18ff16a4dbd17c7"
  integrity sha512-MIGs7snNL0ZV55zo1BDVPlrmbinUGV3260hp6HrW4zUbpYVoeIOGeewtrwAsF6FJ+vpZCxljPBB0X2jYR7Q7ZQ==
  dependencies:
    "@aws-sdk/abort-controller" "3.329.0"
    "@aws-sdk/types" "3.329.0"
    tslib "^2.5.0"

"@cspotcode/source-map-support@^0.8.0":
  version "0.8.1"
  resolved "https://registry.yarnpkg.com/@cspotcode/source-map-support/-/source-map-support-0.8.1.tgz#00629c35a688e05a88b1cda684fb9d5e73f000a1"
  integrity sha512-IchNf6dN4tHoMFIn/7OE8LWZ19Y6q/67Bmf6vnGREv8RSbBVb9LPJxEcnwrcwX6ixSvaiGoomAUvu4YSxXrVgw==
  dependencies:
    "@jridgewell/trace-mapping" "0.3.9"

"@jridgewell/resolve-uri@^3.0.3":
  version "3.1.1"
  resolved "https://registry.yarnpkg.com/@jridgewell/resolve-uri/-/resolve-uri-3.1.1.tgz#c08679063f279615a3326583ba3a90d1d82cc721"
  integrity sha512-dSYZh7HhCDtCKm4QakX0xFpsRDqjjtZf/kjI/v3T3Nwt5r8/qz/M19F9ySyOqU94SXBmeG9ttTul+YnR4LOxFA==

"@jridgewell/sourcemap-codec@^1.4.10":
  version "1.4.15"
  resolved "https://registry.yarnpkg.com/@jridgewell/sourcemap-codec/-/sourcemap-codec-1.4.15.tgz#d7c6e6755c78567a951e04ab52ef0fd26de59f32"
  integrity sha512-eF2rxCRulEKXHTRiDrDy6erMYWqNw4LPdQ8UQA4huuxaQsVeRPFl2oM8oDGxMFhJUWZf9McpLtJasDDZb/Bpeg==

"@jridgewell/trace-mapping@0.3.9":
  version "0.3.9"
  resolved "https://registry.yarnpkg.com/@jridgewell/trace-mapping/-/trace-mapping-0.3.9.tgz#6534fd5933a53ba7cbf3a17615e273a0d1273ff9"
  integrity sha512-3Belt6tdc8bPgAtbcmdtNJlirVoTmEb5e2gC94PnkwEW9jI6CAHUeoG85tjWP5WquqfavoMtMwiG4P926ZKKuQ==
  dependencies:
    "@jridgewell/resolve-uri" "^3.0.3"
    "@jridgewell/sourcemap-codec" "^1.4.10"

"@smithy/protocol-http@^1.0.1":
  version "1.0.1"
  resolved "https://registry.yarnpkg.com/@smithy/protocol-http/-/protocol-http-1.0.1.tgz#62fd73d73db285fd8e9a2287ed2904ac66e0d43f"
  integrity sha512-9OrEn0WfOVtBNYJUjUAn9AOiJ4lzERCJJ/JeZs8E6yajTGxBaFRxUnNBHiNqoDJVg076hY36UmEnPx7xXrvUSg==
  dependencies:
    "@smithy/types" "^1.0.0"
    tslib "^2.5.0"

"@smithy/types@^1.0.0":
  version "1.0.0"
  resolved "https://registry.yarnpkg.com/@smithy/types/-/types-1.0.0.tgz#87ab6131fe5e19cbd4d383ffb94d2b806d027d38"
  integrity sha512-kc1m5wPBHQCTixwuaOh9vnak/iJm21DrSf9UK6yDE5S3mQQ4u11pqAUiKWnlrZnYkeLfAI9UEHj9OaMT1v5Umg==
  dependencies:
    tslib "^2.5.0"

"@tsconfig/node10@^1.0.7":
  version "1.0.9"
  resolved "https://registry.yarnpkg.com/@tsconfig/node10/-/node10-1.0.9.tgz#df4907fc07a886922637b15e02d4cebc4c0021b2"
  integrity sha512-jNsYVVxU8v5g43Erja32laIDHXeoNvFEpX33OK4d6hljo3jDhCBDhx5dhCCTMWUojscpAagGiRkBKxpdl9fxqA==

"@tsconfig/node12@^1.0.7":
  version "1.0.11"
  resolved "https://registry.yarnpkg.com/@tsconfig/node12/-/node12-1.0.11.tgz#ee3def1f27d9ed66dac6e46a295cffb0152e058d"
  integrity sha512-cqefuRsh12pWyGsIoBKJA9luFu3mRxCA+ORZvA4ktLSzIuCUtWVxGIuXigEwO5/ywWFMZ2QEGKWvkZG1zDMTag==

"@tsconfig/node14@^1.0.0":
  version "1.0.3"
  resolved "https://registry.yarnpkg.com/@tsconfig/node14/-/node14-1.0.3.tgz#e4386316284f00b98435bf40f72f75a09dabf6c1"
  integrity sha512-ysT8mhdixWK6Hw3i1V2AeRqZ5WfXg1G43mqoYlM2nc6388Fq5jcXyr5mRsqViLx/GJYdoL0bfXD8nmF+Zn/Iow==

"@tsconfig/node16@^1.0.2":
  version "1.0.4"
  resolved "https://registry.yarnpkg.com/@tsconfig/node16/-/node16-1.0.4.tgz#0b92dcc0cc1c81f6f306a381f28e31b1a56536e9"
  integrity sha512-vxhUy4J8lyeyinH7Azl1pdd43GJhZH/tP2weN8TntQblOY+A0XbT8DJk1/oCPuOOyg/Ja757rG0CgHcWC8OfMA==

"@types/node@^18.11.17":
  version "18.16.14"
  resolved "https://registry.yarnpkg.com/@types/node/-/node-18.16.14.tgz#ab67bb907f1146afc6fedb9ce60ae8a99c989631"
  integrity sha512-+ImzUB3mw2c5ISJUq0punjDilUQ5GnUim0ZRvchHIWJmOC0G+p0kzhXBqj6cDjK0QdPFwzrHWgrJp3RPvCG5qg==

acorn-walk@^8.1.1:
  version "8.2.0"
  resolved "https://registry.yarnpkg.com/acorn-walk/-/acorn-walk-8.2.0.tgz#741210f2e2426454508853a2f44d0ab83b7f69c1"
  integrity sha512-k+iyHEuPgSw6SbuDpGQM+06HQUa04DZ3o+F6CSzXMvvI5KMvnaEqXe+YVe555R9nn6GPt404fos4wcgpw12SDA==

acorn@^8.4.1:
  version "8.8.2"
  resolved "https://registry.yarnpkg.com/acorn/-/acorn-8.8.2.tgz#1b2f25db02af965399b9776b0c2c391276d37c4a"
  integrity sha512-xjIYgE8HBrkpd/sJqOGNspf8uHG+NOHGOw6a/Urj8taM2EXfdNAH2oFcPeIFfsv3+kz/mJrS5VuMqbNLjCa2vw==

arg@^4.1.0:
  version "4.1.3"
  resolved "https://registry.yarnpkg.com/arg/-/arg-4.1.3.tgz#269fc7ad5b8e42cb63c896d5666017261c144089"
  integrity sha512-58S9QDqG0Xx27YwPSt9fJxivjYl432YCwfDMfZ+71RAqUrZef7LrKQZ3LHLOwCS4FLNBplP533Zx895SeOCHvA==

asynckit@^0.4.0:
  version "0.4.0"
  resolved "https://registry.yarnpkg.com/asynckit/-/asynckit-0.4.0.tgz#c79ed97f7f34cb8f2ba1bc9790bcc366474b4b79"
  integrity sha512-Oei9OH4tRh0YqU3GxhX79dM/mwVgvbZJaSNaRk+bshkj0S5cfHcgYakreBjrHwatXKbz+IoIdYLxrKim2MjW0Q==

axios@^1.2.1:
  version "1.4.0"
  resolved "https://registry.yarnpkg.com/axios/-/axios-1.4.0.tgz#38a7bf1224cd308de271146038b551d725f0be1f"
  integrity sha512-S4XCWMEmzvo64T9GfvQDOXgYRDJ/wsSZc7Jvdgx5u1sd0JwsuPLqb3SYmusag+edF6ziyMensPVqLTSc1PiSEA==
  dependencies:
    follow-redirects "^1.15.0"
    form-data "^4.0.0"
    proxy-from-env "^1.1.0"

bowser@^2.11.0:
  version "2.11.0"
  resolved "https://registry.yarnpkg.com/bowser/-/bowser-2.11.0.tgz#5ca3c35757a7aa5771500c70a73a9f91ef420a8f"
  integrity sha512-AlcaJBi/pqqJBIQ8U9Mcpc9i8Aqxn88Skv5d+xBX006BY5u8N3mGLHa5Lgppa7L/HfwgwLgZ6NYs+Ag6uUmJRA==

combined-stream@^1.0.8:
  version "1.0.8"
  resolved "https://registry.yarnpkg.com/combined-stream/-/combined-stream-1.0.8.tgz#c3d45a8b34fd730631a110a8a2520682b31d5a7f"
  integrity sha512-FQN4MRfuJeHf7cBbBMJFXhKSDq+2kAArBlmRBvcvFE5BB1HZKXtSFASDhdlz9zOYwxh8lDdnvmMOe/+5cdoEdg==
  dependencies:
    delayed-stream "~1.0.0"

create-require@^1.1.0:
  version "1.1.1"
  resolved "https://registry.yarnpkg.com/create-require/-/create-require-1.1.1.tgz#c1d7e8f1e5f6cfc9ff65f9cd352d37348756c333"
  integrity sha512-dcKFX3jn0MpIaXjisoRvexIJVEKzaq7z2rZKxf+MSr9TkdmHmsU4m2lcLojrj/FHl8mk5VxMmYA+ftRkP/3oKQ==

csv-writer@^1.6.0:
  version "1.6.0"
  resolved "https://registry.yarnpkg.com/csv-writer/-/csv-writer-1.6.0.tgz#d0cea44b6b4d7d3baa2ecc6f3f7209233514bcf9"
  integrity sha512-NOx7YDFWEsM/fTRAJjRpPp8t+MKRVvniAg9wQlUKx20MFrPs73WLJhFf5iteqrxNYnsy924K3Iroh3yNHeYd2g==

delayed-stream@~1.0.0:
  version "1.0.0"
  resolved "https://registry.yarnpkg.com/delayed-stream/-/delayed-stream-1.0.0.tgz#df3ae199acadfb7d440aaae0b29e2272b24ec619"
  integrity sha512-ZySD7Nf91aLB0RxL4KGrKHBXl7Eds1DAmEdcoVawXnLD7SDhpNgtuII2aAkg7a7QS41jxPSZ17p4VdGnMHk3MQ==

diff@^4.0.1:
  version "4.0.2"
  resolved "https://registry.yarnpkg.com/diff/-/diff-4.0.2.tgz#60f3aecb89d5fae520c11aa19efc2bb982aade7d"
  integrity sha512-58lmxKSA4BNyLz+HHMUzlOEpg09FV+ev6ZMe3vJihgdxzgcwZ8VoEEPmALCZG9LmqfVoNMMKpttIYTVG6uDY7A==

dotenv@^16.0.3:
  version "16.0.3"
  resolved "https://registry.yarnpkg.com/dotenv/-/dotenv-16.0.3.tgz#115aec42bac5053db3c456db30cc243a5a836a07"
  integrity sha512-7GO6HghkA5fYG9TYnNxi14/7K9f5occMlp3zXAuSxn7CKCxt9xbNWG7yF8hTCSUchlfWSe3uLmlPfigevRItzQ==

fast-xml-parser@4.1.2:
  version "4.1.2"
  resolved "https://registry.yarnpkg.com/fast-xml-parser/-/fast-xml-parser-4.1.2.tgz#5a98c18238d28a57bbdfa9fe4cda01211fff8f4a"
  integrity sha512-CDYeykkle1LiA/uqQyNwYpFbyF6Axec6YapmpUP+/RHWIoR1zKjocdvNaTsxCxZzQ6v9MLXaSYm9Qq0thv0DHg==
  dependencies:
    strnum "^1.0.5"

follow-redirects@^1.15.0:
  version "1.15.2"
  resolved "https://registry.yarnpkg.com/follow-redirects/-/follow-redirects-1.15.2.tgz#b460864144ba63f2681096f274c4e57026da2c13"
  integrity sha512-VQLG33o04KaQ8uYi2tVNbdrWp1QWxNNea+nmIB4EVM28v0hmP17z7aG1+wAkNzVq4KeXTq3221ye5qTJP91JwA==

form-data@^4.0.0:
  version "4.0.0"
  resolved "https://registry.yarnpkg.com/form-data/-/form-data-4.0.0.tgz#93919daeaf361ee529584b9b31664dc12c9fa452"
  integrity sha512-ETEklSGi5t0QMZuiXoA/Q6vcnxcLQP5vdugSpuAyi6SVGi2clPPp+xgEhuMaHC+zGgn31Kd235W35f7Hykkaww==
  dependencies:
    asynckit "^0.4.0"
    combined-stream "^1.0.8"
    mime-types "^2.1.12"

make-error@^1.1.1:
  version "1.3.6"
  resolved "https://registry.yarnpkg.com/make-error/-/make-error-1.3.6.tgz#2eb2e37ea9b67c4891f684a1394799af484cf7a2"
  integrity sha512-s8UhlNe7vPKomQhC1qFelMokr/Sc3AgNbso3n74mVPA5LTZwkB9NlXf4XPamLxJE8h0gh73rM94xvwRT2CVInw==

mime-db@1.52.0:
  version "1.52.0"
  resolved "https://registry.yarnpkg.com/mime-db/-/mime-db-1.52.0.tgz#bbabcdc02859f4987301c856e3387ce5ec43bf70"
  integrity sha512-sPU4uV7dYlvtWJxwwxHD0PuihVNiE7TyAbQ5SWxDCB9mUYvOgroQOwYQQOKPJ8CIbE+1ETVlOoK1UC2nU3gYvg==

mime-types@^2.1.12:
  version "2.1.35"
  resolved "https://registry.yarnpkg.com/mime-types/-/mime-types-2.1.35.tgz#381a871b62a734450660ae3deee44813f70d959a"
  integrity sha512-ZDY+bPm5zTTF+YpCrAU9nK0UgICYPT0QtT1NZWFv4s++TNkcgVaT0g6+4R2uI4MjQjzysHB1zxuWL50hzaeXiw==
  dependencies:
    mime-db "1.52.0"

proxy-from-env@^1.1.0:
  version "1.1.0"
  resolved "https://registry.yarnpkg.com/proxy-from-env/-/proxy-from-env-1.1.0.tgz#e102f16ca355424865755d2c9e8ea4f24d58c3e2"
  integrity sha512-D+zkORCbA9f1tdWRK0RaCR3GPv50cMxcrz4X8k5LTSUD1Dkw47mKJEZQNunItRTkWwgtaUSo1RVFRIG9ZXiFYg==

strnum@^1.0.5:
  version "1.0.5"
  resolved "https://registry.yarnpkg.com/strnum/-/strnum-1.0.5.tgz#5c4e829fe15ad4ff0d20c3db5ac97b73c9b072db"
  integrity sha512-J8bbNyKKXl5qYcR36TIO8W3mVGVHrmmxsd5PAItGkmyzwJvybiw2IVq5nqd0i4LSNSkB/sx9VHllbfFdr9k1JA==

ts-node@^10.9.1:
  version "10.9.1"
  resolved "https://registry.yarnpkg.com/ts-node/-/ts-node-10.9.1.tgz#e73de9102958af9e1f0b168a6ff320e25adcff4b"
  integrity sha512-NtVysVPkxxrwFGUUxGYhfux8k78pQB3JqYBXlLRZgdGUqTO5wU/UyHop5p70iEbGhB7q5KmiZiU0Y3KlJrScEw==
  dependencies:
    "@cspotcode/source-map-support" "^0.8.0"
    "@tsconfig/node10" "^1.0.7"
    "@tsconfig/node12" "^1.0.7"
    "@tsconfig/node14" "^1.0.0"
    "@tsconfig/node16" "^1.0.2"
    acorn "^8.4.1"
    acorn-walk "^8.1.1"
    arg "^4.1.0"
    create-require "^1.1.0"
    diff "^4.0.1"
    make-error "^1.1.1"
    v8-compile-cache-lib "^3.0.1"
    yn "3.1.1"

tslib@^1.11.1:
  version "1.14.1"
  resolved "https://registry.yarnpkg.com/tslib/-/tslib-1.14.1.tgz#cf2d38bdc34a134bcaf1091c41f6619e2f672d00"
  integrity sha512-Xni35NKzjgMrwevysHTCArtLDpPvye8zV/0E4EyYn43P7/7qvQwPh9BGkHewbMulVntbigmcT7rdX3BNo9wRJg==

tslib@^2.3.1, tslib@^2.5.0:
  version "2.5.2"
  resolved "https://registry.yarnpkg.com/tslib/-/tslib-2.5.2.tgz#1b6f07185c881557b0ffa84b111a0106989e8338"
  integrity sha512-5svOrSA2w3iGFDs1HibEVBGbDrAY82bFQ3HZ3ixB+88nsbsWQoKqDRb5UBYAUPEzbBn6dAp5gRNXglySbx1MlA==

typescript@^4.9.4:
  version "4.9.5"
  resolved "https://registry.yarnpkg.com/typescript/-/typescript-4.9.5.tgz#095979f9bcc0d09da324d58d03ce8f8374cbe65a"
  integrity sha512-1FXk9E2Hm+QzZQ7z+McJiHL4NW1F2EzMu9Nq9i3zAaGqibafqYwCVU6WyWAuyQRRzOlxou8xZSyXLEN8oKj24g==

uuid@^8.3.2:
  version "8.3.2"
  resolved "https://registry.yarnpkg.com/uuid/-/uuid-8.3.2.tgz#80d5b5ced271bb9af6c445f21a1a04c606cefbe2"
  integrity sha512-+NYs2QeMWy+GWFOEm9xnn6HCDp0l7QBD7ml8zLUmJ+93Q5NF0NocErnwkTkXVFNiX3/fpC6afS8Dhb/gz7R7eg==

v8-compile-cache-lib@^3.0.1:
  version "3.0.1"
  resolved "https://registry.yarnpkg.com/v8-compile-cache-lib/-/v8-compile-cache-lib-3.0.1.tgz#6336e8d71965cb3d35a1bbb7868445a7c05264bf"
  integrity sha512-wa7YjyUGfNZngI/vtK0UHAN+lgDCxBPCylVXGp0zu59Fz5aiGtNXaq3DhIov063MorB+VfufLh3JlF2KdTK3xg==

yn@3.1.1:
  version "3.1.1"
  resolved "https://registry.yarnpkg.com/yn/-/yn-3.1.1.tgz#1e87401a09d767c1d5eab26a6e4c185182d2eb50"
  integrity sha512-Ux4ygGWsu2c7isFWe8Yu1YluJmqVhxqK2cLXNQA5AcC3QfbGNpM7fu0Y8b/z16pXLnFxZYvWhd3fhBY9DLmC6Q==
